
Microsoft Visual Studio Solution File, Format Version 12.00
Project("{2150E333-8FDC-42A3-9474-1A3956D46DE8}") = "Day_1", "Day_1", "{E1FA61D7-EC8B-45F0-88DA-9F10D6AB3E9F}"
EndProject
Project("{2150E333-8FDC-42A3-9474-1A3956D46DE8}") = "Day_2", "Day_2", "{28F46772-82F1-4920-A13C-6319E7A1C672}"
EndProject
Project("{2150E333-8FDC-42A3-9474-1A3956D46DE8}") = "Day_3", "Day_3", "{EC5CC017-E548-4EC2-823F-6A4D73CC7217}"
EndProject
Project("{2150E333-8FDC-42A3-9474-1A3956D46DE8}") = "Day_4", "Day_4", "{E79BCBFF-D118-4C12-A245-B29AD037C974}"
EndProject
Project("{2150E333-8FDC-42A3-9474-1A3956D46DE8}") = "Day_5", "Day_5", "{543B73A4-AD18-423A-961E-A790E2064FEA}"
EndProject
Project("{2150E333-8FDC-42A3-9474-1A3956D46DE8}") = "Day_6", "Day_6", "{FC92EA21-29E8-4DD1-92F2-F4DE05D3D64D}"
EndProject
Project("{2150E333-8FDC-42A3-9474-1A3956D46DE8}") = "Day_7", "Day_7", "{1E2D9E2A-025D-4302-9F78-F83A4E425AD3}"
EndProject
Project("{2150E333-8FDC-42A3-9474-1A3956D46DE8}") = "Day_8", "Day_8", "{0E1FA505-31B0-400B-93CB-A1C7E235D059}"
EndProject
Project("{2150E333-8FDC-42A3-9474-1A3956D46DE8}") = "Day_9", "Day_9", "{0260DEB5-D86C-4669-A288-B34476A2B75C}"
EndProject
Project("{2150E333-8FDC-42A3-9474-1A3956D46DE8}") = "Day_10", "Day_10", "{A594F13C-303B-425C-B25F-28B3B1112943}"
EndProject
Project("{FAE04EC0-301F-11D3-BF4B-00C04F79EFBC}") = "HelloCat", "Day_1\HelloCat\HelloCat.csproj", "{DC6C10D7-11E5-46B7-A208-4CA7C1AEC40D}"
EndProject
Project("{FAE04EC0-301F-11D3-BF4B-00C04F79EFBC}") = "Calculator", "Day_2\Calculator\Calculator.csproj", "{97DE6569-4263-4F35-AEC9-865567179E25}"
EndProject
Project("{FAE04EC0-301F-11D3-BF4B-00C04F79EFBC}") = "CarProject", "Day_2\CarProject\CarProject.csproj", "{4CE58B7C-B139-4A8B-A8F8-D1467598B205}"
EndProject
Project("{FAE04EC0-301F-11D3-BF4B-00C04F79EFBC}") = "CatProgram", "Day_2\CatProgram\CatProgram.csproj", "{153F9517-902A-473D-96D1-33846CBF759F}"
EndProject
Project("{FAE04EC0-301F-11D3-BF4B-00C04F79EFBC}") = "CatProgramParameter", "Day_2\CatProgramParameter\CatProgramParameter.csproj", "{5315A5DF-5B5F-4B6F-82C4-41C0DB2523B1}"
EndProject
Project("{FAE04EC0-301F-11D3-BF4B-00C04F79EFBC}") = "ComparissonString", "Day_10\ComparissonString\ComparissonString.csproj", "{FA8E75E2-603E-447B-9D32-A2B9B91B9BDA}"
EndProject
Project("{FAE04EC0-301F-11D3-BF4B-00C04F79EFBC}") = "ComparissonStringBuilder", "Day_10\ComparissonStringBuilder\ComparissonStringBuilder.csproj", "{A07CD332-9570-4831-ABAF-BA940C7FC71C}"
EndProject
Project("{FAE04EC0-301F-11D3-BF4B-00C04F79EFBC}") = "Encapsulation", "Day_3\Encapsulation\Encapsulation.csproj", "{DA2E0F81-887C-49C7-96EB-2AC382157CA4}"
EndProject
Project("{FAE04EC0-301F-11D3-BF4B-00C04F79EFBC}") = "Inheritance", "Day_3\Inheritance\Inheritance.csproj", "{0A355D44-55B2-40EA-8C4F-568ACB33CA8D}"
EndProject
Project("{FAE04EC0-301F-11D3-BF4B-00C04F79EFBC}") = "Inheritance_B", "Day_3\Inheritance_B\Inheritance_B.csproj", "{02366471-EA4E-4A84-8E48-48E1935B5A5F}"
EndProject
Project("{FAE04EC0-301F-11D3-BF4B-00C04F79EFBC}") = "Inheritance_C", "Day_3\Inheritance_C\Inheritance_C.csproj", "{33233CA6-73C2-497E-8C67-F544F10D8583}"
EndProject
Project("{FAE04EC0-301F-11D3-BF4B-00C04F79EFBC}") = "Polymorphism_Final", "Day_3\Polymorphism_Final\Polymorphism_Final.csproj", "{A3453F60-00F6-417C-B310-5FDA491CC414}"
EndProject
Project("{FAE04EC0-301F-11D3-BF4B-00C04F79EFBC}") = "Inheritance_D", "Day_3\Inheritance_D\Inheritance_D.csproj", "{D19F6564-9C6C-4262-A773-F1ECD37CC96F}"
EndProject
Project("{FAE04EC0-301F-11D3-BF4B-00C04F79EFBC}") = "Polymorphism_MethodHiding", "Day_3\Polymorphism_MethodHiding\Polymorphism_MethodHiding.csproj", "{D1003198-9213-42A6-8D44-9226740CA8FC}"
EndProject
Project("{FAE04EC0-301F-11D3-BF4B-00C04F79EFBC}") = "Polymorphism_Overloading", "Day_3\Polymorphism_Overloading\Polymorphism_Overloading.csproj", "{C4BFC70E-1BEB-47CC-A9CC-FE8BB67CC592}"
EndProject
Project("{FAE04EC0-301F-11D3-BF4B-00C04F79EFBC}") = "Polymorphism_Overriding", "Day_3\Polymorphism_Overriding\Polymorphism_Overriding.csproj", "{B283FDD9-A145-4630-9FF0-901A51134F9A}"
EndProject
Project("{FAE04EC0-301F-11D3-BF4B-00C04F79EFBC}") = "Abstraction", "Day_4\Abstraction\Abstraction.csproj", "{48688561-266F-43D7-B842-1EC542558E73}"
EndProject
Project("{FAE04EC0-301F-11D3-BF4B-00C04F79EFBC}") = "Abstraction_Multi_Level_Inheritance", "Day_4\Abstraction_Multi_Level_Inheritance\Abstraction_Multi_Level_Inheritance.csproj", "{BD2116D0-3704-4896-9E55-A1494991AD9C}"
EndProject
Project("{FAE04EC0-301F-11D3-BF4B-00C04F79EFBC}") = "Class_Base_This", "Day_4\Class_Base_This\Class_Base_This.csproj", "{FFFF247B-617A-4AF0-BAE9-6B4EEC320ACC}"
EndProject
Project("{FAE04EC0-301F-11D3-BF4B-00C04F79EFBC}") = "Interface", "Day_4\Interface\Interface.csproj", "{95FC5F27-885E-42E3-8052-399A4D8B2B57}"
EndProject
Project("{FAE04EC0-301F-11D3-BF4B-00C04F79EFBC}") = "Interface_Seggregation", "Day_4\Interface_Seggregation\Interface_Seggregation.csproj", "{06085C4C-9AFE-4B5C-AA38-2130BC033113}"
EndProject
Project("{FAE04EC0-301F-11D3-BF4B-00C04F79EFBC}") = "Interface_Seggregation_Implementation", "Day_4\Interface_Seggregation_Implementation\Interface_Seggregation_Implementation.csproj", "{65B1D55E-6143-4BF1-A520-BDAA44D53FF9}"
EndProject
Project("{FAE04EC0-301F-11D3-BF4B-00C04F79EFBC}") = "Tugas_1", "Day_4\Tugas_1\Tugas_1.csproj", "{ED6891DD-4031-41E6-AA33-0FB73D2BB1C6}"
EndProject
Project("{FAE04EC0-301F-11D3-BF4B-00C04F79EFBC}") = "ChildParent", "Day_5\ChildParent\ChildParent.csproj", "{F301EA3D-DD7E-495C-9890-9A5FC12BE45E}"
EndProject
Project("{FAE04EC0-301F-11D3-BF4B-00C04F79EFBC}") = "ClassCastingImplementation", "Day_5\ClassCastingImplementation\ClassCastingImplementation.csproj", "{975CE7A4-3B54-493B-95FF-AD1621F6F4B3}"
EndProject
Project("{FAE04EC0-301F-11D3-BF4B-00C04F79EFBC}") = "Enum", "Day_5\Enum\Enum.csproj", "{6C196D1D-3D2F-43B2-88A6-DC06C2E1D2A2}"
EndProject
Project("{FAE04EC0-301F-11D3-BF4B-00C04F79EFBC}") = "GameControllerImplementation", "Day_5\GameControllerImplementation\GameControllerImplementation.csproj", "{84F2EC25-3B47-4EDB-B1EC-19D636426A80}"
EndProject
Project("{FAE04EC0-301F-11D3-BF4B-00C04F79EFBC}") = "MutableImutable", "Day_5\MutableImutable\MutableImutable.csproj", "{F7365483-0FDA-40AA-91A5-2265085BF2E5}"
EndProject
Project("{FAE04EC0-301F-11D3-BF4B-00C04F79EFBC}") = "Reference", "Day_5\Reference\Reference.csproj", "{23C7F7B3-2CE9-47BD-9290-D836D174CAC8}"
EndProject
Project("{FAE04EC0-301F-11D3-BF4B-00C04F79EFBC}") = "Value", "Day_5\Value\Value.csproj", "{78F9494E-0D68-4E13-8C38-7F09819962A1}"
EndProject
Project("{FAE04EC0-301F-11D3-BF4B-00C04F79EFBC}") = "ArrayObjectParams", "Day_6\ArrayObjectParams\ArrayObjectParams.csproj", "{3A69310C-401A-41B0-B988-AD50DF430BAD}"
EndProject
Project("{FAE04EC0-301F-11D3-BF4B-00C04F79EFBC}") = "Const", "Day_6\Const\Const.csproj", "{5252F896-0947-40F6-9D6E-0E514013E336}"
EndProject
Project("{FAE04EC0-301F-11D3-BF4B-00C04F79EFBC}") = "Dynamic", "Day_6\Dynamic\Dynamic.csproj", "{FF437AFA-B10D-428D-9C0D-164043CD87AA}"
EndProject
Project("{FAE04EC0-301F-11D3-BF4B-00C04F79EFBC}") = "ExtensionMethod", "Day_6\ExtensionMethod\ExtensionMethod.csproj", "{91CD9382-5ACE-437A-980C-2DECC2B67B8C}"
EndProject
Project("{FAE04EC0-301F-11D3-BF4B-00C04F79EFBC}") = "ExtensionMethod2", "Day_6\ExtensionMethod2\ExtensionMethod2.csproj", "{5282658C-9ABE-4A48-95B4-58A01FD9D771}"
EndProject
Project("{FAE04EC0-301F-11D3-BF4B-00C04F79EFBC}") = "In", "Day_6\In\In.csproj", "{7E690741-80C4-4025-9A8F-8FF0984ADA63}"
EndProject
Project("{FAE04EC0-301F-11D3-BF4B-00C04F79EFBC}") = "InReference", "Day_6\InReference\InReference.csproj", "{EC863BCA-E026-49E8-AFFC-F4A090F117E3}"
EndProject
Project("{FAE04EC0-301F-11D3-BF4B-00C04F79EFBC}") = "IsAs", "Day_6\IsAs\IsAs.csproj", "{9D905324-934F-411B-BB75-62AB94A84E01}"
EndProject
Project("{FAE04EC0-301F-11D3-BF4B-00C04F79EFBC}") = "LocalVariable", "Day_6\LocalVariable\LocalVariable.csproj", "{544C2182-E0D5-49A9-AB3A-6D7FF956E12D}"
EndProject
Project("{FAE04EC0-301F-11D3-BF4B-00C04F79EFBC}") = "Object", "Day_6\Object\Object.csproj", "{229AC8F9-C1FD-4267-911D-52486CE36B25}"
EndProject
Project("{FAE04EC0-301F-11D3-BF4B-00C04F79EFBC}") = "ObjectWeakness", "Day_6\ObjectWeakness\ObjectWeakness.csproj", "{AD7422AA-D933-4527-B710-808EAFBA81E0}"
EndProject
Project("{FAE04EC0-301F-11D3-BF4B-00C04F79EFBC}") = "Out", "Day_6\Out\Out.csproj", "{76981E09-A73D-4496-BF54-F14D3D326861}"
EndProject
Project("{FAE04EC0-301F-11D3-BF4B-00C04F79EFBC}") = "OverrideToString", "Day_6\OverrideToString\OverrideToString.csproj", "{F48937CE-F45C-45AE-B6E4-5F31642FF072}"
EndProject
Project("{FAE04EC0-301F-11D3-BF4B-00C04F79EFBC}") = "Property", "Day_6\Property\Property.csproj", "{55790AD1-759F-47F0-B47C-37C9820E1CCE}"
EndProject
Project("{FAE04EC0-301F-11D3-BF4B-00C04F79EFBC}") = "PropertyAndInterface", "Day_6\PropertyAndInterface\PropertyAndInterface.csproj", "{A2E1C166-5B61-4BD4-ABF2-E35C6FF0FB61}"
EndProject
Project("{FAE04EC0-301F-11D3-BF4B-00C04F79EFBC}") = "Ref", "Day_6\Ref\Ref.csproj", "{2A6ABC05-5FD6-4C15-A3E7-4F447275CBE3}"
EndProject
Project("{FAE04EC0-301F-11D3-BF4B-00C04F79EFBC}") = "Static", "Day_6\Static\Static.csproj", "{99FDB52B-DEE5-440A-8878-2AA15AD6F562}"
EndProject
Project("{FAE04EC0-301F-11D3-BF4B-00C04F79EFBC}") = "StaticNonStatic", "Day_6\StaticNonStatic\StaticNonStatic.csproj", "{559EE451-0D42-4777-9B92-09F817E99920}"
EndProject
Project("{FAE04EC0-301F-11D3-BF4B-00C04F79EFBC}") = "StaticTrackCreate", "Day_6\StaticTrackCreate\StaticTrackCreate.csproj", "{8D92376E-7FD9-416A-AC46-4730ABB7A41E}"
EndProject
Project("{FAE04EC0-301F-11D3-BF4B-00C04F79EFBC}") = "CatchDelegateWithReturnValue", "Day_7\CatchDelegateWithReturnValue\CatchDelegateWithReturnValue.csproj", "{FA417A3B-21F2-4558-8420-65D52F6F2ED6}"
EndProject
Project("{FAE04EC0-301F-11D3-BF4B-00C04F79EFBC}") = "Collection", "Day_7\Collection\Collection.csproj", "{6AE2DE12-CCCB-4AFC-AA4D-FACFD9BF7803}"
EndProject
Project("{FAE04EC0-301F-11D3-BF4B-00C04F79EFBC}") = "DelegateWithReturnValue", "Day_7\DelegateWithReturnValue\DelegateWithReturnValue.csproj", "{F06D3A1C-614D-41A5-8003-840AF9FAE5BB}"
EndProject
Project("{FAE04EC0-301F-11D3-BF4B-00C04F79EFBC}") = "Dumper", "Day_7\Dumper\Dumper.csproj", "{BDEE8A0E-7747-4F04-85F7-AE7EF6078962}"
EndProject
Project("{FAE04EC0-301F-11D3-BF4B-00C04F79EFBC}") = "Generic", "Day_7\Generic\Generic.csproj", "{F617B937-956F-4D35-A18C-E4638F82F9C2}"
EndProject
Project("{FAE04EC0-301F-11D3-BF4B-00C04F79EFBC}") = "GenericBasic", "Day_7\GenericBasic\GenericBasic.csproj", "{688494AC-C59C-4052-8C6B-392B0790A479}"
EndProject
Project("{FAE04EC0-301F-11D3-BF4B-00C04F79EFBC}") = "GenericConstraint", "Day_7\GenericConstraint\GenericConstraint.csproj", "{80FEF8CE-C481-4088-8978-84BB75D41348}"
EndProject
Project("{FAE04EC0-301F-11D3-BF4B-00C04F79EFBC}") = "MulticastDelegate", "Day_7\MulticastDelegate\MulticastDelegate.csproj", "{59F72572-C82B-48FF-8C84-24BA1C5C7902}"
EndProject
Project("{FAE04EC0-301F-11D3-BF4B-00C04F79EFBC}") = "MulticastDelegate2", "Day_7\MulticastDelegate2\MulticastDelegate2.csproj", "{87A7E91A-DD33-4D1D-83C8-A4EC43A5F52E}"
EndProject
Project("{FAE04EC0-301F-11D3-BF4B-00C04F79EFBC}") = "MulticastDelegate3", "Day_7\MulticastDelegate3\MulticastDelegate3.csproj", "{86388EB5-A64D-4204-8A36-1FB24D688688}"
EndProject
Project("{FAE04EC0-301F-11D3-BF4B-00C04F79EFBC}") = "OperatorOverloading", "Day_7\OperatorOverloading\OperatorOverloading.csproj", "{5D87CE99-41BD-41C8-B11B-E5356AE50E41}"
EndProject
Project("{FAE04EC0-301F-11D3-BF4B-00C04F79EFBC}") = "SimplePubSub", "Day_7\SimplePubSub\SimplePubSub.csproj", "{8C195B55-9D52-4B6F-AE7E-99A750574654}"
EndProject
Project("{FAE04EC0-301F-11D3-BF4B-00C04F79EFBC}") = "SingleDelegate", "Day_7\SingleDelegate\SingleDelegate.csproj", "{26C0E46C-5540-4A2F-BCDC-E6A4AFEEDB97}"
EndProject
Project("{FAE04EC0-301F-11D3-BF4B-00C04F79EFBC}") = "EventHandlerGenericT", "Day_8\EventHandlerGenericT\EventHandlerGenericT.csproj", "{BDD95C19-754F-4CB1-90DF-5A45E87FF0F8}"
EndProject
Project("{FAE04EC0-301F-11D3-BF4B-00C04F79EFBC}") = "EventTutorial", "Day_8\EventTutorial\EventTutorial.csproj", "{77EA7856-D046-4343-A048-97FB09EAC71D}"
EndProject
Project("{FAE04EC0-301F-11D3-BF4B-00C04F79EFBC}") = "Func", "Day_8\Func\Func.csproj", "{9BBC0CEB-E6C1-40DB-95D7-B6C003D9E336}"
EndProject
Project("{FAE04EC0-301F-11D3-BF4B-00C04F79EFBC}") = "GameController", "Day_8\GameController\GameController.csproj", "{4D690C03-47B2-490C-8931-DFBF90C504E3}"
EndProject
Project("{FAE04EC0-301F-11D3-BF4B-00C04F79EFBC}") = "ThrowException", "Day_8\ThrowException\ThrowException.csproj", "{A4BCEDB6-04C8-422E-AE52-5496B8F5B8CA}"
EndProject
Project("{FAE04EC0-301F-11D3-BF4B-00C04F79EFBC}") = "TryCatch", "Day_8\TryCatch\TryCatch.csproj", "{AC556E3D-2AA6-4A27-88CB-FB2EB6A79700}"
EndProject
Project("{FAE04EC0-301F-11D3-BF4B-00C04F79EFBC}") = "Tuple", "Day_8\Tuple\Tuple.csproj", "{05CF47C0-95EC-46F5-B83C-9978E222CEE3}"
EndProject
Project("{FAE04EC0-301F-11D3-BF4B-00C04F79EFBC}") = "Youtuber", "Day_8\Youtuber\Youtuber.csproj", "{01E2BC00-E0C6-41F1-8AE4-74D73950CE66}"
EndProject
Project("{FAE04EC0-301F-11D3-BF4B-00C04F79EFBC}") = "Action", "Day_9\Action\Action.csproj", "{7F0BD52F-B292-4CFF-9D4E-5BF52DB0C12E}"
EndProject
Project("{FAE04EC0-301F-11D3-BF4B-00C04F79EFBC}") = "Array", "Day_9\Array\Array.csproj", "{9F90EEDA-221F-40FB-A1A1-736A08100DDC}"
EndProject
Project("{FAE04EC0-301F-11D3-BF4B-00C04F79EFBC}") = "ArrayInt", "Day_9\ArrayInt\ArrayInt.csproj", "{CC908126-6B15-4B07-A8FD-CCD929B1F496}"
EndProject
Project("{FAE04EC0-301F-11D3-BF4B-00C04F79EFBC}") = "ArrayList", "Day_9\ArrayList\ArrayList.csproj", "{3CB257C4-9E8E-4411-939D-28595B4E699C}"
EndProject
Project("{FAE04EC0-301F-11D3-BF4B-00C04F79EFBC}") = "HashSet", "Day_9\HashSet\HashSet.csproj", "{7BEB3236-D4BB-45C5-9148-04BC5F4B6993}"
EndProject
Project("{FAE04EC0-301F-11D3-BF4B-00C04F79EFBC}") = "List", "Day_9\List\List.csproj", "{8FA8302C-1015-434F-9DAA-C3D016D3C798}"
EndProject
Project("{FAE04EC0-301F-11D3-BF4B-00C04F79EFBC}") = "TryCatchFinally", "Day_9\TryCatchFinally\TryCatchFinally.csproj", "{BC28C5F3-B6BE-437E-980E-C6DE20DBACAA}"
EndProject
Project("{2150E333-8FDC-42A3-9474-1A3956D46DE8}") = "Day_11", "Day_11", "{7821F790-F396-4C82-B30C-8D4AED12F0F3}"
EndProject
Project("{2150E333-8FDC-42A3-9474-1A3956D46DE8}") = "Day_12", "Day_12", "{0B348D68-567D-4FA7-92B8-4BFC390FBB6F}"
EndProject
Project("{2150E333-8FDC-42A3-9474-1A3956D46DE8}") = "Day_13", "Day_13", "{04C96FB5-E0C4-4341-8F7B-05F98B48545C}"
EndProject
Project("{2150E333-8FDC-42A3-9474-1A3956D46DE8}") = "Day_14", "Day_14", "{53978DE8-25C2-4AC2-9249-74BDBBA90E1D}"
EndProject
Project("{2150E333-8FDC-42A3-9474-1A3956D46DE8}") = "Day_15", "Day_15", "{376134B7-B8A1-4D63-98FB-5780EB7FB9A5}"
EndProject
Project("{2150E333-8FDC-42A3-9474-1A3956D46DE8}") = "Day_16", "Day_16", "{97D3E50C-6FE0-4E19-81D3-B3A550D0E2CE}"
EndProject
Project("{FAE04EC0-301F-11D3-BF4B-00C04F79EFBC}") = "C_FinalizersInheritance", "Day_11\C_FinalizersInheritance\C_FinalizersInheritance.csproj", "{50A84C2B-5226-40E1-ACE5-4DE970C56868}"
EndProject
Project("{FAE04EC0-301F-11D3-BF4B-00C04F79EFBC}") = "D_LOH", "Day_11\D_LOH\D_LOH.csproj", "{0B61A073-5B10-4370-9655-FF786F1EE2E0}"
EndProject
Project("{FAE04EC0-301F-11D3-BF4B-00C04F79EFBC}") = "Deconstructor", "Day_11\Deconstructor\Deconstructor.csproj", "{5B9CAAF6-DA84-4DA7-B475-744284E2A8CD}"
EndProject
Project("{FAE04EC0-301F-11D3-BF4B-00C04F79EFBC}") = "E_GenCheckWithoutFinalizers", "Day_11\E_GenCheckWithoutFinalizers\E_GenCheckWithoutFinalizers.csproj", "{5DD2A013-9800-46F5-8519-FA02050A15B4}"
EndProject
Project("{FAE04EC0-301F-11D3-BF4B-00C04F79EFBC}") = "Eb_GenCheckFinalizers", "Day_11\Eb_GenCheckFinalizers\Eb_GenCheckFinalizers.csproj", "{01BD04FA-9E27-4375-8E7F-049431458104}"
EndProject
Project("{FAE04EC0-301F-11D3-BF4B-00C04F79EFBC}") = "Ec_GenCheckDispose", "Day_11\Ec_GenCheckDispose\Ec_GenCheckDispose.csproj", "{9C16D698-85DA-4FD0-8795-9B695DB7D11F}"
EndProject
Project("{FAE04EC0-301F-11D3-BF4B-00C04F79EFBC}") = "F_DisposePattern", "Day_11\F_DisposePattern\F_DisposePattern.csproj", "{6845B67B-9094-4605-AAE3-1908D47039AB}"
EndProject
Project("{FAE04EC0-301F-11D3-BF4B-00C04F79EFBC}") = "FinalizerQueue", "Day_11\FinalizerQueue\FinalizerQueue.csproj", "{09627021-DB49-404E-AEE4-811FEE66C39F}"
EndProject
Project("{FAE04EC0-301F-11D3-BF4B-00C04F79EFBC}") = "A_Finalizers", "Day_11\Finalizers\A_Finalizers.csproj", "{D8BE8101-F5D4-416C-ADC3-0E79883BE558}"
EndProject
Project("{FAE04EC0-301F-11D3-BF4B-00C04F79EFBC}") = "B_FinalizersQueue", "Day_11\FinalizersQueue\B_FinalizersQueue.csproj", "{013AA52A-CDC4-4089-AA20-CE3D1E533789}"
EndProject
Project("{FAE04EC0-301F-11D3-BF4B-00C04F79EFBC}") = "G_IDisposeExample", "Day_11\G_IDisposeExample\G_IDisposeExample.csproj", "{A169CC54-3C72-4D98-82FC-247318D09B37}"
EndProject
Project("{FAE04EC0-301F-11D3-BF4B-00C04F79EFBC}") = "H_ComparisonString", "Day_11\H_ComparisonString\H_ComparisonString.csproj", "{0569FF80-1503-4721-859F-8D89BBCA26B9}"
EndProject
Project("{FAE04EC0-301F-11D3-BF4B-00C04F79EFBC}") = "Hb_ComparisonStringBuilder", "Day_11\Hb_ComparisonStringBuilder\Hb_ComparisonStringBuilder.csproj", "{022C04B7-9AD8-4A6E-8325-33F20D04C09D}"
EndProject
Project("{FAE04EC0-301F-11D3-BF4B-00C04F79EFBC}") = "I_SimpleDispose", "Day_11\I_SimpleDispose\I_SimpleDispose.csproj", "{9CEF58AC-4FCB-4CAF-94FA-A464AA50F96C}"
EndProject
Project("{FAE04EC0-301F-11D3-BF4B-00C04F79EFBC}") = "IDisposeExample", "Day_11\IDisposeExample\IDisposeExample.csproj", "{2D17BF2E-E748-4A5B-AD8C-E01BACEDC747}"
EndProject
Project("{FAE04EC0-301F-11D3-BF4B-00C04F79EFBC}") = "ReadTextFile", "Day_11\ReadTextFile\ReadTextFile.csproj", "{08424F9C-576F-4418-A9D7-D6DE993E1F8A}"
EndProject
Project("{FAE04EC0-301F-11D3-BF4B-00C04F79EFBC}") = "SimpleDispose", "Day_11\SimpleDispose\SimpleDispose.csproj", "{65126AD3-CCF2-4B4F-A057-9A4E588CF31B}"
EndProject
Project("{FAE04EC0-301F-11D3-BF4B-00C04F79EFBC}") = "String", "Day_11\String\String.csproj", "{CB68054A-8F05-46F7-A7AB-29E7BE06206D}"
EndProject
Project("{FAE04EC0-301F-11D3-BF4B-00C04F79EFBC}") = "ConditionalCompilation", "Day_12\ConditionalCompilation\ConditionalCompilation.csproj", "{24852CD0-3069-40C9-9DBF-3CA389A38F0E}"
EndProject
Project("{FAE04EC0-301F-11D3-BF4B-00C04F79EFBC}") = "ConditionalCompilation2", "Day_12\ConditionalCompilation2\ConditionalCompilation2.csproj", "{A902C949-4E1D-4B8E-8D1E-6314C8F0CCBD}"
EndProject
Project("{FAE04EC0-301F-11D3-BF4B-00C04F79EFBC}") = "ConditionalCompilation3", "Day_12\ConditionalCompilation3\ConditionalCompilation3.csproj", "{F7B384AF-2CB6-4661-8494-5E2E82124CAF}"
EndProject
Project("{FAE04EC0-301F-11D3-BF4B-00C04F79EFBC}") = "ConsoleTrace", "Day_12\ConsoleTrace\ConsoleTrace.csproj", "{0B79B3A8-E50D-42DD-B950-90FDA71ED4FA}"
EndProject
Project("{FAE04EC0-301F-11D3-BF4B-00C04F79EFBC}") = "DebugAndTrace", "Day_12\DebugAndTrace\DebugAndTrace.csproj", "{B35AF901-9290-4A6C-BEFD-3E4E8D6D5C6F}"
EndProject
Project("{FAE04EC0-301F-11D3-BF4B-00C04F79EFBC}") = "DebugAndTrace2", "Day_12\DebugAndTrace2\DebugAndTrace2.csproj", "{4A4C28A0-3D82-4105-8764-186BD4BEB41F}"
EndProject
Project("{FAE04EC0-301F-11D3-BF4B-00C04F79EFBC}") = "Debugger", "Day_12\Debugger\Debugger.csproj", "{4DF53FE3-04CD-49CB-BA22-E9260508CB58}"
EndProject
Project("{FAE04EC0-301F-11D3-BF4B-00C04F79EFBC}") = "HotReload", "Day_12\HotReload\HotReload.csproj", "{DCDCD5B2-BEA0-46F2-9E42-C0D696E38827}"
EndProject
Project("{FAE04EC0-301F-11D3-BF4B-00C04F79EFBC}") = "Concurrency", "Day_13\Concurrency\Concurrency.csproj", "{C9BBBBB3-CFC6-4483-BF07-2F6507B53587}"
EndProject
Project("{FAE04EC0-301F-11D3-BF4B-00C04F79EFBC}") = "MultiThreading", "Day_13\MultiThreading\MultiThreading.csproj", "{E87FA100-92D6-4AA8-96CA-5C9FF49269F4}"
EndProject
Project("{FAE04EC0-301F-11D3-BF4B-00C04F79EFBC}") = "MultiThreading2", "Day_13\MultiThreading2\MultiThreading2.csproj", "{54613F40-0CA7-40B8-8037-4CF1FA800864}"
EndProject
Project("{FAE04EC0-301F-11D3-BF4B-00C04F79EFBC}") = "Synchronous", "Day_13\Synchronous\Synchronous.csproj", "{9705C277-D27F-42C2-8EA9-2C7C226A81C4}"
EndProject
Project("{FAE04EC0-301F-11D3-BF4B-00C04F79EFBC}") = "ThreadClassConstructor", "Day_13\ThreadClassConstructor\ThreadClassConstructor.csproj", "{C01DAA27-F519-420E-8D36-FE29B0901A0C}"
EndProject
Project("{FAE04EC0-301F-11D3-BF4B-00C04F79EFBC}") = "ThreadException", "Day_13\ThreadException\ThreadException.csproj", "{AB03DC5B-B327-47F9-AE06-B03D63297F5F}"
EndProject
Project("{FAE04EC0-301F-11D3-BF4B-00C04F79EFBC}") = "ThreadJoin", "Day_13\ThreadJoin\ThreadJoin.csproj", "{00F12AB3-7187-4D1C-B0DD-F0FC81CFE3EE}"
EndProject
Project("{FAE04EC0-301F-11D3-BF4B-00C04F79EFBC}") = "ThreadName", "Day_13\ThreadName\ThreadName.csproj", "{A93E6048-ED4C-4E6B-99F1-150D9836A878}"
EndProject
Project("{FAE04EC0-301F-11D3-BF4B-00C04F79EFBC}") = "ThreadPriority", "Day_13\ThreadPriority\ThreadPriority.csproj", "{D2D7A874-EC27-4795-8528-E47966DFA3D7}"
EndProject
Project("{FAE04EC0-301F-11D3-BF4B-00C04F79EFBC}") = "ThreadWithReturnValue", "Day_13\ThreadWithReturnValue\ThreadWithReturnValue.csproj", "{6465189F-69E7-4018-87EB-2BDAD06A84A3}"
EndProject
Project("{FAE04EC0-301F-11D3-BF4B-00C04F79EFBC}") = "ThreadWrapException", "Day_13\ThreadWrapException\ThreadWrapException.csproj", "{EFA407A6-8417-42AD-BAEA-6C91CB29C010}"
EndProject
Project("{FAE04EC0-301F-11D3-BF4B-00C04F79EFBC}") = "AsyncAwait1", "Day_14\AsyncAwait1\AsyncAwait1.csproj", "{3A71B555-CF53-4FB4-92AF-F267E881BC74}"
EndProject
Project("{FAE04EC0-301F-11D3-BF4B-00C04F79EFBC}") = "CancellationToken", "Day_14\CancellationToken\CancellationToken.csproj", "{EC53B1F1-1728-4F63-96EE-E05F4362F40E}"
EndProject
Project("{FAE04EC0-301F-11D3-BF4B-00C04F79EFBC}") = "TaskRun", "Day_14\TaskRun\TaskRun.csproj", "{BD3789C6-9291-4ABD-A5D3-7FDBFAED74BA}"
EndProject
Project("{FAE04EC0-301F-11D3-BF4B-00C04F79EFBC}") = "TaskThreadAsyncAwait", "Day_14\TaskThreadAsyncAwait\TaskThreadAsyncAwait.csproj", "{4AEC8406-B506-4FFF-B45A-84C4E6A40871}"
EndProject
Project("{FAE04EC0-301F-11D3-BF4B-00C04F79EFBC}") = "Yield", "Day_14\Yield\Yield.csproj", "{50383FA5-22F4-4479-A2AA-D008BFA37B4F}"
EndProject
Project("{FAE04EC0-301F-11D3-BF4B-00C04F79EFBC}") = "Comparisson", "Day_15\Comparisson\Comparisson.csproj", "{5B9291EE-66CF-474F-B824-DEEC0319C218}"
EndProject
Project("{FAE04EC0-301F-11D3-BF4B-00C04F79EFBC}") = "FileHandiling1", "Day_15\FileHandiling1\FileHandiling1.csproj", "{12EE72FF-DA75-4A1A-A563-F8DD3D147656}"
EndProject
Project("{FAE04EC0-301F-11D3-BF4B-00C04F79EFBC}") = "FileInfo", "Day_15\FileInfo\FileInfo.csproj", "{232A1736-FF70-4F6E-B595-26DCCF25163A}"
EndProject
Project("{FAE04EC0-301F-11D3-BF4B-00C04F79EFBC}") = "FileStream1", "Day_15\FileStream1\FileStream1.csproj", "{176A0E58-A25D-408D-9012-52815032811A}"
EndProject
Project("{FAE04EC0-301F-11D3-BF4B-00C04F79EFBC}") = "FileInformation", "Day_15\FileInformation\FileInformation.csproj", "{3D909C41-F820-4633-A8C5-F95EE8190966}"
EndProject
Project("{FAE04EC0-301F-11D3-BF4B-00C04F79EFBC}") = "FileStreamOpen", "Day_15\FileStreamOpen\FileStreamOpen.csproj", "{8AEF1AE2-E3DD-490F-BDAE-D157952ECAB9}"
EndProject
Project("{FAE04EC0-301F-11D3-BF4B-00C04F79EFBC}") = "FileStreamReader", "Day_15\FileStreamReader\FileStreamReader.csproj", "{E67EFCBC-863F-4800-8724-E518799F63CB}"
EndProject
Project("{FAE04EC0-301F-11D3-BF4B-00C04F79EFBC}") = "StreamReader", "Day_15\StreamReader\StreamReader.csproj", "{65D6799E-392B-4D2A-B5F4-5070F6D77787}"
EndProject
Project("{FAE04EC0-301F-11D3-BF4B-00C04F79EFBC}") = "StreamReaderAndStreamWriter", "Day_15\StreamReaderAndStreamWriter\StreamReaderAndStreamWriter.csproj", "{1CF5406C-5D27-4A22-95E3-08BE7A6EDFA7}"
EndProject
Project("{FAE04EC0-301F-11D3-BF4B-00C04F79EFBC}") = "StreamReaderReadToEnd", "Day_15\StreamReaderReadToEnd\StreamReaderReadToEnd.csproj", "{A7893025-3BFD-4BDA-A266-3C2CD7E9309D}"
EndProject
Project("{FAE04EC0-301F-11D3-BF4B-00C04F79EFBC}") = "DataContract", "Day_16\DataContract\DataContract.csproj", "{C5285F65-B2CE-4793-B0EC-583D62D8741F}"
EndProject
Project("{FAE04EC0-301F-11D3-BF4B-00C04F79EFBC}") = "JSON_Serialization", "Day_16\JSON_Serialization\JSON_Serialization.csproj", "{081EF1CE-78D6-40ED-B982-381E2B85C2B2}"
EndProject
Project("{FAE04EC0-301F-11D3-BF4B-00C04F79EFBC}") = "XML_Serialization", "Day_16\XML_Serialization\XML_Serialization.csproj", "{9373B7BB-4445-4DAA-A3CE-94556526908B}"
EndProject
Project("{FAE04EC0-301F-11D3-BF4B-00C04F79EFBC}") = "XML_Serialization2", "Day_16\XML_Serialization2\XML_Serialization2.csproj", "{832AB866-7A8C-4F9F-9D76-DC4ED3B7FE3A}"
EndProject
Global
	GlobalSection(SolutionConfigurationPlatforms) = preSolution
		Debug|Any CPU = Debug|Any CPU
		Release|Any CPU = Release|Any CPU
	EndGlobalSection
	GlobalSection(NestedProjects) = preSolution
		{DC6C10D7-11E5-46B7-A208-4CA7C1AEC40D} = {E1FA61D7-EC8B-45F0-88DA-9F10D6AB3E9F}
		{97DE6569-4263-4F35-AEC9-865567179E25} = {28F46772-82F1-4920-A13C-6319E7A1C672}
		{4CE58B7C-B139-4A8B-A8F8-D1467598B205} = {28F46772-82F1-4920-A13C-6319E7A1C672}
		{153F9517-902A-473D-96D1-33846CBF759F} = {28F46772-82F1-4920-A13C-6319E7A1C672}
		{5315A5DF-5B5F-4B6F-82C4-41C0DB2523B1} = {28F46772-82F1-4920-A13C-6319E7A1C672}
		{FA8E75E2-603E-447B-9D32-A2B9B91B9BDA} = {A594F13C-303B-425C-B25F-28B3B1112943}
		{A07CD332-9570-4831-ABAF-BA940C7FC71C} = {A594F13C-303B-425C-B25F-28B3B1112943}
		{DA2E0F81-887C-49C7-96EB-2AC382157CA4} = {EC5CC017-E548-4EC2-823F-6A4D73CC7217}
		{0A355D44-55B2-40EA-8C4F-568ACB33CA8D} = {EC5CC017-E548-4EC2-823F-6A4D73CC7217}
		{02366471-EA4E-4A84-8E48-48E1935B5A5F} = {EC5CC017-E548-4EC2-823F-6A4D73CC7217}
		{33233CA6-73C2-497E-8C67-F544F10D8583} = {EC5CC017-E548-4EC2-823F-6A4D73CC7217}
		{A3453F60-00F6-417C-B310-5FDA491CC414} = {EC5CC017-E548-4EC2-823F-6A4D73CC7217}
		{D19F6564-9C6C-4262-A773-F1ECD37CC96F} = {EC5CC017-E548-4EC2-823F-6A4D73CC7217}
		{D1003198-9213-42A6-8D44-9226740CA8FC} = {EC5CC017-E548-4EC2-823F-6A4D73CC7217}
		{C4BFC70E-1BEB-47CC-A9CC-FE8BB67CC592} = {EC5CC017-E548-4EC2-823F-6A4D73CC7217}
		{B283FDD9-A145-4630-9FF0-901A51134F9A} = {EC5CC017-E548-4EC2-823F-6A4D73CC7217}
		{48688561-266F-43D7-B842-1EC542558E73} = {E79BCBFF-D118-4C12-A245-B29AD037C974}
		{BD2116D0-3704-4896-9E55-A1494991AD9C} = {E79BCBFF-D118-4C12-A245-B29AD037C974}
		{FFFF247B-617A-4AF0-BAE9-6B4EEC320ACC} = {E79BCBFF-D118-4C12-A245-B29AD037C974}
		{95FC5F27-885E-42E3-8052-399A4D8B2B57} = {E79BCBFF-D118-4C12-A245-B29AD037C974}
		{06085C4C-9AFE-4B5C-AA38-2130BC033113} = {E79BCBFF-D118-4C12-A245-B29AD037C974}
		{65B1D55E-6143-4BF1-A520-BDAA44D53FF9} = {E79BCBFF-D118-4C12-A245-B29AD037C974}
		{ED6891DD-4031-41E6-AA33-0FB73D2BB1C6} = {E79BCBFF-D118-4C12-A245-B29AD037C974}
		{F301EA3D-DD7E-495C-9890-9A5FC12BE45E} = {543B73A4-AD18-423A-961E-A790E2064FEA}
		{975CE7A4-3B54-493B-95FF-AD1621F6F4B3} = {543B73A4-AD18-423A-961E-A790E2064FEA}
		{6C196D1D-3D2F-43B2-88A6-DC06C2E1D2A2} = {543B73A4-AD18-423A-961E-A790E2064FEA}
		{84F2EC25-3B47-4EDB-B1EC-19D636426A80} = {543B73A4-AD18-423A-961E-A790E2064FEA}
		{F7365483-0FDA-40AA-91A5-2265085BF2E5} = {543B73A4-AD18-423A-961E-A790E2064FEA}
		{23C7F7B3-2CE9-47BD-9290-D836D174CAC8} = {543B73A4-AD18-423A-961E-A790E2064FEA}
		{78F9494E-0D68-4E13-8C38-7F09819962A1} = {543B73A4-AD18-423A-961E-A790E2064FEA}
		{3A69310C-401A-41B0-B988-AD50DF430BAD} = {FC92EA21-29E8-4DD1-92F2-F4DE05D3D64D}
		{5252F896-0947-40F6-9D6E-0E514013E336} = {FC92EA21-29E8-4DD1-92F2-F4DE05D3D64D}
		{FF437AFA-B10D-428D-9C0D-164043CD87AA} = {FC92EA21-29E8-4DD1-92F2-F4DE05D3D64D}
		{91CD9382-5ACE-437A-980C-2DECC2B67B8C} = {FC92EA21-29E8-4DD1-92F2-F4DE05D3D64D}
		{5282658C-9ABE-4A48-95B4-58A01FD9D771} = {FC92EA21-29E8-4DD1-92F2-F4DE05D3D64D}
		{7E690741-80C4-4025-9A8F-8FF0984ADA63} = {FC92EA21-29E8-4DD1-92F2-F4DE05D3D64D}
		{EC863BCA-E026-49E8-AFFC-F4A090F117E3} = {FC92EA21-29E8-4DD1-92F2-F4DE05D3D64D}
		{9D905324-934F-411B-BB75-62AB94A84E01} = {FC92EA21-29E8-4DD1-92F2-F4DE05D3D64D}
		{544C2182-E0D5-49A9-AB3A-6D7FF956E12D} = {FC92EA21-29E8-4DD1-92F2-F4DE05D3D64D}
		{229AC8F9-C1FD-4267-911D-52486CE36B25} = {FC92EA21-29E8-4DD1-92F2-F4DE05D3D64D}
		{AD7422AA-D933-4527-B710-808EAFBA81E0} = {FC92EA21-29E8-4DD1-92F2-F4DE05D3D64D}
		{76981E09-A73D-4496-BF54-F14D3D326861} = {FC92EA21-29E8-4DD1-92F2-F4DE05D3D64D}
		{F48937CE-F45C-45AE-B6E4-5F31642FF072} = {FC92EA21-29E8-4DD1-92F2-F4DE05D3D64D}
		{55790AD1-759F-47F0-B47C-37C9820E1CCE} = {FC92EA21-29E8-4DD1-92F2-F4DE05D3D64D}
		{A2E1C166-5B61-4BD4-ABF2-E35C6FF0FB61} = {FC92EA21-29E8-4DD1-92F2-F4DE05D3D64D}
		{2A6ABC05-5FD6-4C15-A3E7-4F447275CBE3} = {FC92EA21-29E8-4DD1-92F2-F4DE05D3D64D}
		{99FDB52B-DEE5-440A-8878-2AA15AD6F562} = {FC92EA21-29E8-4DD1-92F2-F4DE05D3D64D}
		{559EE451-0D42-4777-9B92-09F817E99920} = {FC92EA21-29E8-4DD1-92F2-F4DE05D3D64D}
		{8D92376E-7FD9-416A-AC46-4730ABB7A41E} = {FC92EA21-29E8-4DD1-92F2-F4DE05D3D64D}
		{FA417A3B-21F2-4558-8420-65D52F6F2ED6} = {1E2D9E2A-025D-4302-9F78-F83A4E425AD3}
		{6AE2DE12-CCCB-4AFC-AA4D-FACFD9BF7803} = {1E2D9E2A-025D-4302-9F78-F83A4E425AD3}
		{F06D3A1C-614D-41A5-8003-840AF9FAE5BB} = {1E2D9E2A-025D-4302-9F78-F83A4E425AD3}
		{BDEE8A0E-7747-4F04-85F7-AE7EF6078962} = {1E2D9E2A-025D-4302-9F78-F83A4E425AD3}
		{F617B937-956F-4D35-A18C-E4638F82F9C2} = {1E2D9E2A-025D-4302-9F78-F83A4E425AD3}
		{688494AC-C59C-4052-8C6B-392B0790A479} = {1E2D9E2A-025D-4302-9F78-F83A4E425AD3}
		{80FEF8CE-C481-4088-8978-84BB75D41348} = {1E2D9E2A-025D-4302-9F78-F83A4E425AD3}
		{59F72572-C82B-48FF-8C84-24BA1C5C7902} = {1E2D9E2A-025D-4302-9F78-F83A4E425AD3}
		{87A7E91A-DD33-4D1D-83C8-A4EC43A5F52E} = {1E2D9E2A-025D-4302-9F78-F83A4E425AD3}
		{86388EB5-A64D-4204-8A36-1FB24D688688} = {1E2D9E2A-025D-4302-9F78-F83A4E425AD3}
		{5D87CE99-41BD-41C8-B11B-E5356AE50E41} = {1E2D9E2A-025D-4302-9F78-F83A4E425AD3}
		{8C195B55-9D52-4B6F-AE7E-99A750574654} = {1E2D9E2A-025D-4302-9F78-F83A4E425AD3}
		{26C0E46C-5540-4A2F-BCDC-E6A4AFEEDB97} = {1E2D9E2A-025D-4302-9F78-F83A4E425AD3}
		{BDD95C19-754F-4CB1-90DF-5A45E87FF0F8} = {0E1FA505-31B0-400B-93CB-A1C7E235D059}
		{77EA7856-D046-4343-A048-97FB09EAC71D} = {0E1FA505-31B0-400B-93CB-A1C7E235D059}
		{9BBC0CEB-E6C1-40DB-95D7-B6C003D9E336} = {0E1FA505-31B0-400B-93CB-A1C7E235D059}
		{4D690C03-47B2-490C-8931-DFBF90C504E3} = {0E1FA505-31B0-400B-93CB-A1C7E235D059}
		{A4BCEDB6-04C8-422E-AE52-5496B8F5B8CA} = {0E1FA505-31B0-400B-93CB-A1C7E235D059}
		{AC556E3D-2AA6-4A27-88CB-FB2EB6A79700} = {0E1FA505-31B0-400B-93CB-A1C7E235D059}
		{05CF47C0-95EC-46F5-B83C-9978E222CEE3} = {0E1FA505-31B0-400B-93CB-A1C7E235D059}
		{01E2BC00-E0C6-41F1-8AE4-74D73950CE66} = {0E1FA505-31B0-400B-93CB-A1C7E235D059}
		{7F0BD52F-B292-4CFF-9D4E-5BF52DB0C12E} = {0260DEB5-D86C-4669-A288-B34476A2B75C}
		{9F90EEDA-221F-40FB-A1A1-736A08100DDC} = {0260DEB5-D86C-4669-A288-B34476A2B75C}
		{CC908126-6B15-4B07-A8FD-CCD929B1F496} = {0260DEB5-D86C-4669-A288-B34476A2B75C}
		{3CB257C4-9E8E-4411-939D-28595B4E699C} = {0260DEB5-D86C-4669-A288-B34476A2B75C}
		{7BEB3236-D4BB-45C5-9148-04BC5F4B6993} = {0260DEB5-D86C-4669-A288-B34476A2B75C}
		{8FA8302C-1015-434F-9DAA-C3D016D3C798} = {0260DEB5-D86C-4669-A288-B34476A2B75C}
		{BC28C5F3-B6BE-437E-980E-C6DE20DBACAA} = {0260DEB5-D86C-4669-A288-B34476A2B75C}
		{50A84C2B-5226-40E1-ACE5-4DE970C56868} = {7821F790-F396-4C82-B30C-8D4AED12F0F3}
		{0B61A073-5B10-4370-9655-FF786F1EE2E0} = {7821F790-F396-4C82-B30C-8D4AED12F0F3}
		{5B9CAAF6-DA84-4DA7-B475-744284E2A8CD} = {7821F790-F396-4C82-B30C-8D4AED12F0F3}
		{5DD2A013-9800-46F5-8519-FA02050A15B4} = {7821F790-F396-4C82-B30C-8D4AED12F0F3}
		{01BD04FA-9E27-4375-8E7F-049431458104} = {7821F790-F396-4C82-B30C-8D4AED12F0F3}
		{9C16D698-85DA-4FD0-8795-9B695DB7D11F} = {7821F790-F396-4C82-B30C-8D4AED12F0F3}
		{6845B67B-9094-4605-AAE3-1908D47039AB} = {7821F790-F396-4C82-B30C-8D4AED12F0F3}
		{09627021-DB49-404E-AEE4-811FEE66C39F} = {7821F790-F396-4C82-B30C-8D4AED12F0F3}
		{D8BE8101-F5D4-416C-ADC3-0E79883BE558} = {7821F790-F396-4C82-B30C-8D4AED12F0F3}
		{013AA52A-CDC4-4089-AA20-CE3D1E533789} = {7821F790-F396-4C82-B30C-8D4AED12F0F3}
		{A169CC54-3C72-4D98-82FC-247318D09B37} = {7821F790-F396-4C82-B30C-8D4AED12F0F3}
		{0569FF80-1503-4721-859F-8D89BBCA26B9} = {7821F790-F396-4C82-B30C-8D4AED12F0F3}
		{022C04B7-9AD8-4A6E-8325-33F20D04C09D} = {7821F790-F396-4C82-B30C-8D4AED12F0F3}
		{9CEF58AC-4FCB-4CAF-94FA-A464AA50F96C} = {7821F790-F396-4C82-B30C-8D4AED12F0F3}
		{2D17BF2E-E748-4A5B-AD8C-E01BACEDC747} = {7821F790-F396-4C82-B30C-8D4AED12F0F3}
		{08424F9C-576F-4418-A9D7-D6DE993E1F8A} = {7821F790-F396-4C82-B30C-8D4AED12F0F3}
		{65126AD3-CCF2-4B4F-A057-9A4E588CF31B} = {7821F790-F396-4C82-B30C-8D4AED12F0F3}
		{CB68054A-8F05-46F7-A7AB-29E7BE06206D} = {7821F790-F396-4C82-B30C-8D4AED12F0F3}
		{24852CD0-3069-40C9-9DBF-3CA389A38F0E} = {0B348D68-567D-4FA7-92B8-4BFC390FBB6F}
		{A902C949-4E1D-4B8E-8D1E-6314C8F0CCBD} = {0B348D68-567D-4FA7-92B8-4BFC390FBB6F}
		{F7B384AF-2CB6-4661-8494-5E2E82124CAF} = {0B348D68-567D-4FA7-92B8-4BFC390FBB6F}
		{0B79B3A8-E50D-42DD-B950-90FDA71ED4FA} = {0B348D68-567D-4FA7-92B8-4BFC390FBB6F}
		{B35AF901-9290-4A6C-BEFD-3E4E8D6D5C6F} = {0B348D68-567D-4FA7-92B8-4BFC390FBB6F}
		{4A4C28A0-3D82-4105-8764-186BD4BEB41F} = {0B348D68-567D-4FA7-92B8-4BFC390FBB6F}
		{4DF53FE3-04CD-49CB-BA22-E9260508CB58} = {0B348D68-567D-4FA7-92B8-4BFC390FBB6F}
		{DCDCD5B2-BEA0-46F2-9E42-C0D696E38827} = {0B348D68-567D-4FA7-92B8-4BFC390FBB6F}
		{C9BBBBB3-CFC6-4483-BF07-2F6507B53587} = {04C96FB5-E0C4-4341-8F7B-05F98B48545C}
		{E87FA100-92D6-4AA8-96CA-5C9FF49269F4} = {04C96FB5-E0C4-4341-8F7B-05F98B48545C}
		{54613F40-0CA7-40B8-8037-4CF1FA800864} = {04C96FB5-E0C4-4341-8F7B-05F98B48545C}
		{9705C277-D27F-42C2-8EA9-2C7C226A81C4} = {04C96FB5-E0C4-4341-8F7B-05F98B48545C}
		{C01DAA27-F519-420E-8D36-FE29B0901A0C} = {04C96FB5-E0C4-4341-8F7B-05F98B48545C}
		{AB03DC5B-B327-47F9-AE06-B03D63297F5F} = {04C96FB5-E0C4-4341-8F7B-05F98B48545C}
		{00F12AB3-7187-4D1C-B0DD-F0FC81CFE3EE} = {04C96FB5-E0C4-4341-8F7B-05F98B48545C}
		{A93E6048-ED4C-4E6B-99F1-150D9836A878} = {04C96FB5-E0C4-4341-8F7B-05F98B48545C}
		{D2D7A874-EC27-4795-8528-E47966DFA3D7} = {04C96FB5-E0C4-4341-8F7B-05F98B48545C}
		{6465189F-69E7-4018-87EB-2BDAD06A84A3} = {04C96FB5-E0C4-4341-8F7B-05F98B48545C}
		{EFA407A6-8417-42AD-BAEA-6C91CB29C010} = {04C96FB5-E0C4-4341-8F7B-05F98B48545C}
		{3A71B555-CF53-4FB4-92AF-F267E881BC74} = {53978DE8-25C2-4AC2-9249-74BDBBA90E1D}
		{EC53B1F1-1728-4F63-96EE-E05F4362F40E} = {53978DE8-25C2-4AC2-9249-74BDBBA90E1D}
		{BD3789C6-9291-4ABD-A5D3-7FDBFAED74BA} = {53978DE8-25C2-4AC2-9249-74BDBBA90E1D}
		{4AEC8406-B506-4FFF-B45A-84C4E6A40871} = {53978DE8-25C2-4AC2-9249-74BDBBA90E1D}
		{50383FA5-22F4-4479-A2AA-D008BFA37B4F} = {53978DE8-25C2-4AC2-9249-74BDBBA90E1D}
		{5B9291EE-66CF-474F-B824-DEEC0319C218} = {376134B7-B8A1-4D63-98FB-5780EB7FB9A5}
		{12EE72FF-DA75-4A1A-A563-F8DD3D147656} = {376134B7-B8A1-4D63-98FB-5780EB7FB9A5}
		{232A1736-FF70-4F6E-B595-26DCCF25163A} = {376134B7-B8A1-4D63-98FB-5780EB7FB9A5}
		{176A0E58-A25D-408D-9012-52815032811A} = {376134B7-B8A1-4D63-98FB-5780EB7FB9A5}
		{3D909C41-F820-4633-A8C5-F95EE8190966} = {376134B7-B8A1-4D63-98FB-5780EB7FB9A5}
		{8AEF1AE2-E3DD-490F-BDAE-D157952ECAB9} = {376134B7-B8A1-4D63-98FB-5780EB7FB9A5}
		{E67EFCBC-863F-4800-8724-E518799F63CB} = {376134B7-B8A1-4D63-98FB-5780EB7FB9A5}
		{65D6799E-392B-4D2A-B5F4-5070F6D77787} = {376134B7-B8A1-4D63-98FB-5780EB7FB9A5}
		{1CF5406C-5D27-4A22-95E3-08BE7A6EDFA7} = {376134B7-B8A1-4D63-98FB-5780EB7FB9A5}
		{A7893025-3BFD-4BDA-A266-3C2CD7E9309D} = {376134B7-B8A1-4D63-98FB-5780EB7FB9A5}
		{C5285F65-B2CE-4793-B0EC-583D62D8741F} = {97D3E50C-6FE0-4E19-81D3-B3A550D0E2CE}
		{081EF1CE-78D6-40ED-B982-381E2B85C2B2} = {97D3E50C-6FE0-4E19-81D3-B3A550D0E2CE}
		{9373B7BB-4445-4DAA-A3CE-94556526908B} = {97D3E50C-6FE0-4E19-81D3-B3A550D0E2CE}
		{832AB866-7A8C-4F9F-9D76-DC4ED3B7FE3A} = {97D3E50C-6FE0-4E19-81D3-B3A550D0E2CE}
	EndGlobalSection
	GlobalSection(ProjectConfigurationPlatforms) = postSolution
		{DC6C10D7-11E5-46B7-A208-4CA7C1AEC40D}.Debug|Any CPU.ActiveCfg = Debug|Any CPU
		{DC6C10D7-11E5-46B7-A208-4CA7C1AEC40D}.Debug|Any CPU.Build.0 = Debug|Any CPU
		{DC6C10D7-11E5-46B7-A208-4CA7C1AEC40D}.Release|Any CPU.ActiveCfg = Release|Any CPU
		{DC6C10D7-11E5-46B7-A208-4CA7C1AEC40D}.Release|Any CPU.Build.0 = Release|Any CPU
		{97DE6569-4263-4F35-AEC9-865567179E25}.Debug|Any CPU.ActiveCfg = Debug|Any CPU
		{97DE6569-4263-4F35-AEC9-865567179E25}.Debug|Any CPU.Build.0 = Debug|Any CPU
		{97DE6569-4263-4F35-AEC9-865567179E25}.Release|Any CPU.ActiveCfg = Release|Any CPU
		{97DE6569-4263-4F35-AEC9-865567179E25}.Release|Any CPU.Build.0 = Release|Any CPU
		{4CE58B7C-B139-4A8B-A8F8-D1467598B205}.Debug|Any CPU.ActiveCfg = Debug|Any CPU
		{4CE58B7C-B139-4A8B-A8F8-D1467598B205}.Debug|Any CPU.Build.0 = Debug|Any CPU
		{4CE58B7C-B139-4A8B-A8F8-D1467598B205}.Release|Any CPU.ActiveCfg = Release|Any CPU
		{4CE58B7C-B139-4A8B-A8F8-D1467598B205}.Release|Any CPU.Build.0 = Release|Any CPU
		{153F9517-902A-473D-96D1-33846CBF759F}.Debug|Any CPU.ActiveCfg = Debug|Any CPU
		{153F9517-902A-473D-96D1-33846CBF759F}.Debug|Any CPU.Build.0 = Debug|Any CPU
		{153F9517-902A-473D-96D1-33846CBF759F}.Release|Any CPU.ActiveCfg = Release|Any CPU
		{153F9517-902A-473D-96D1-33846CBF759F}.Release|Any CPU.Build.0 = Release|Any CPU
		{5315A5DF-5B5F-4B6F-82C4-41C0DB2523B1}.Debug|Any CPU.ActiveCfg = Debug|Any CPU
		{5315A5DF-5B5F-4B6F-82C4-41C0DB2523B1}.Debug|Any CPU.Build.0 = Debug|Any CPU
		{5315A5DF-5B5F-4B6F-82C4-41C0DB2523B1}.Release|Any CPU.ActiveCfg = Release|Any CPU
		{5315A5DF-5B5F-4B6F-82C4-41C0DB2523B1}.Release|Any CPU.Build.0 = Release|Any CPU
		{FA8E75E2-603E-447B-9D32-A2B9B91B9BDA}.Debug|Any CPU.ActiveCfg = Debug|Any CPU
		{FA8E75E2-603E-447B-9D32-A2B9B91B9BDA}.Debug|Any CPU.Build.0 = Debug|Any CPU
		{FA8E75E2-603E-447B-9D32-A2B9B91B9BDA}.Release|Any CPU.ActiveCfg = Release|Any CPU
		{FA8E75E2-603E-447B-9D32-A2B9B91B9BDA}.Release|Any CPU.Build.0 = Release|Any CPU
		{A07CD332-9570-4831-ABAF-BA940C7FC71C}.Debug|Any CPU.ActiveCfg = Debug|Any CPU
		{A07CD332-9570-4831-ABAF-BA940C7FC71C}.Debug|Any CPU.Build.0 = Debug|Any CPU
		{A07CD332-9570-4831-ABAF-BA940C7FC71C}.Release|Any CPU.ActiveCfg = Release|Any CPU
		{A07CD332-9570-4831-ABAF-BA940C7FC71C}.Release|Any CPU.Build.0 = Release|Any CPU
		{DA2E0F81-887C-49C7-96EB-2AC382157CA4}.Debug|Any CPU.ActiveCfg = Debug|Any CPU
		{DA2E0F81-887C-49C7-96EB-2AC382157CA4}.Debug|Any CPU.Build.0 = Debug|Any CPU
		{DA2E0F81-887C-49C7-96EB-2AC382157CA4}.Release|Any CPU.ActiveCfg = Release|Any CPU
		{DA2E0F81-887C-49C7-96EB-2AC382157CA4}.Release|Any CPU.Build.0 = Release|Any CPU
		{0A355D44-55B2-40EA-8C4F-568ACB33CA8D}.Debug|Any CPU.ActiveCfg = Debug|Any CPU
		{0A355D44-55B2-40EA-8C4F-568ACB33CA8D}.Debug|Any CPU.Build.0 = Debug|Any CPU
		{0A355D44-55B2-40EA-8C4F-568ACB33CA8D}.Release|Any CPU.ActiveCfg = Release|Any CPU
		{0A355D44-55B2-40EA-8C4F-568ACB33CA8D}.Release|Any CPU.Build.0 = Release|Any CPU
		{02366471-EA4E-4A84-8E48-48E1935B5A5F}.Debug|Any CPU.ActiveCfg = Debug|Any CPU
		{02366471-EA4E-4A84-8E48-48E1935B5A5F}.Debug|Any CPU.Build.0 = Debug|Any CPU
		{02366471-EA4E-4A84-8E48-48E1935B5A5F}.Release|Any CPU.ActiveCfg = Release|Any CPU
		{02366471-EA4E-4A84-8E48-48E1935B5A5F}.Release|Any CPU.Build.0 = Release|Any CPU
		{33233CA6-73C2-497E-8C67-F544F10D8583}.Debug|Any CPU.ActiveCfg = Debug|Any CPU
		{33233CA6-73C2-497E-8C67-F544F10D8583}.Debug|Any CPU.Build.0 = Debug|Any CPU
		{33233CA6-73C2-497E-8C67-F544F10D8583}.Release|Any CPU.ActiveCfg = Release|Any CPU
		{33233CA6-73C2-497E-8C67-F544F10D8583}.Release|Any CPU.Build.0 = Release|Any CPU
		{A3453F60-00F6-417C-B310-5FDA491CC414}.Debug|Any CPU.ActiveCfg = Debug|Any CPU
		{A3453F60-00F6-417C-B310-5FDA491CC414}.Debug|Any CPU.Build.0 = Debug|Any CPU
		{A3453F60-00F6-417C-B310-5FDA491CC414}.Release|Any CPU.ActiveCfg = Release|Any CPU
		{A3453F60-00F6-417C-B310-5FDA491CC414}.Release|Any CPU.Build.0 = Release|Any CPU
		{D19F6564-9C6C-4262-A773-F1ECD37CC96F}.Debug|Any CPU.ActiveCfg = Debug|Any CPU
		{D19F6564-9C6C-4262-A773-F1ECD37CC96F}.Debug|Any CPU.Build.0 = Debug|Any CPU
		{D19F6564-9C6C-4262-A773-F1ECD37CC96F}.Release|Any CPU.ActiveCfg = Release|Any CPU
		{D19F6564-9C6C-4262-A773-F1ECD37CC96F}.Release|Any CPU.Build.0 = Release|Any CPU
		{D1003198-9213-42A6-8D44-9226740CA8FC}.Debug|Any CPU.ActiveCfg = Debug|Any CPU
		{D1003198-9213-42A6-8D44-9226740CA8FC}.Debug|Any CPU.Build.0 = Debug|Any CPU
		{D1003198-9213-42A6-8D44-9226740CA8FC}.Release|Any CPU.ActiveCfg = Release|Any CPU
		{D1003198-9213-42A6-8D44-9226740CA8FC}.Release|Any CPU.Build.0 = Release|Any CPU
		{C4BFC70E-1BEB-47CC-A9CC-FE8BB67CC592}.Debug|Any CPU.ActiveCfg = Debug|Any CPU
		{C4BFC70E-1BEB-47CC-A9CC-FE8BB67CC592}.Debug|Any CPU.Build.0 = Debug|Any CPU
		{C4BFC70E-1BEB-47CC-A9CC-FE8BB67CC592}.Release|Any CPU.ActiveCfg = Release|Any CPU
		{C4BFC70E-1BEB-47CC-A9CC-FE8BB67CC592}.Release|Any CPU.Build.0 = Release|Any CPU
		{B283FDD9-A145-4630-9FF0-901A51134F9A}.Debug|Any CPU.ActiveCfg = Debug|Any CPU
		{B283FDD9-A145-4630-9FF0-901A51134F9A}.Debug|Any CPU.Build.0 = Debug|Any CPU
		{B283FDD9-A145-4630-9FF0-901A51134F9A}.Release|Any CPU.ActiveCfg = Release|Any CPU
		{B283FDD9-A145-4630-9FF0-901A51134F9A}.Release|Any CPU.Build.0 = Release|Any CPU
		{48688561-266F-43D7-B842-1EC542558E73}.Debug|Any CPU.ActiveCfg = Debug|Any CPU
		{48688561-266F-43D7-B842-1EC542558E73}.Debug|Any CPU.Build.0 = Debug|Any CPU
		{48688561-266F-43D7-B842-1EC542558E73}.Release|Any CPU.ActiveCfg = Release|Any CPU
		{48688561-266F-43D7-B842-1EC542558E73}.Release|Any CPU.Build.0 = Release|Any CPU
		{BD2116D0-3704-4896-9E55-A1494991AD9C}.Debug|Any CPU.ActiveCfg = Debug|Any CPU
		{BD2116D0-3704-4896-9E55-A1494991AD9C}.Debug|Any CPU.Build.0 = Debug|Any CPU
		{BD2116D0-3704-4896-9E55-A1494991AD9C}.Release|Any CPU.ActiveCfg = Release|Any CPU
		{BD2116D0-3704-4896-9E55-A1494991AD9C}.Release|Any CPU.Build.0 = Release|Any CPU
		{FFFF247B-617A-4AF0-BAE9-6B4EEC320ACC}.Debug|Any CPU.ActiveCfg = Debug|Any CPU
		{FFFF247B-617A-4AF0-BAE9-6B4EEC320ACC}.Debug|Any CPU.Build.0 = Debug|Any CPU
		{FFFF247B-617A-4AF0-BAE9-6B4EEC320ACC}.Release|Any CPU.ActiveCfg = Release|Any CPU
		{FFFF247B-617A-4AF0-BAE9-6B4EEC320ACC}.Release|Any CPU.Build.0 = Release|Any CPU
		{95FC5F27-885E-42E3-8052-399A4D8B2B57}.Debug|Any CPU.ActiveCfg = Debug|Any CPU
		{95FC5F27-885E-42E3-8052-399A4D8B2B57}.Debug|Any CPU.Build.0 = Debug|Any CPU
		{95FC5F27-885E-42E3-8052-399A4D8B2B57}.Release|Any CPU.ActiveCfg = Release|Any CPU
		{95FC5F27-885E-42E3-8052-399A4D8B2B57}.Release|Any CPU.Build.0 = Release|Any CPU
		{06085C4C-9AFE-4B5C-AA38-2130BC033113}.Debug|Any CPU.ActiveCfg = Debug|Any CPU
		{06085C4C-9AFE-4B5C-AA38-2130BC033113}.Debug|Any CPU.Build.0 = Debug|Any CPU
		{06085C4C-9AFE-4B5C-AA38-2130BC033113}.Release|Any CPU.ActiveCfg = Release|Any CPU
		{06085C4C-9AFE-4B5C-AA38-2130BC033113}.Release|Any CPU.Build.0 = Release|Any CPU
		{65B1D55E-6143-4BF1-A520-BDAA44D53FF9}.Debug|Any CPU.ActiveCfg = Debug|Any CPU
		{65B1D55E-6143-4BF1-A520-BDAA44D53FF9}.Debug|Any CPU.Build.0 = Debug|Any CPU
		{65B1D55E-6143-4BF1-A520-BDAA44D53FF9}.Release|Any CPU.ActiveCfg = Release|Any CPU
		{65B1D55E-6143-4BF1-A520-BDAA44D53FF9}.Release|Any CPU.Build.0 = Release|Any CPU
		{ED6891DD-4031-41E6-AA33-0FB73D2BB1C6}.Debug|Any CPU.ActiveCfg = Debug|Any CPU
		{ED6891DD-4031-41E6-AA33-0FB73D2BB1C6}.Debug|Any CPU.Build.0 = Debug|Any CPU
		{ED6891DD-4031-41E6-AA33-0FB73D2BB1C6}.Release|Any CPU.ActiveCfg = Release|Any CPU
		{ED6891DD-4031-41E6-AA33-0FB73D2BB1C6}.Release|Any CPU.Build.0 = Release|Any CPU
		{F301EA3D-DD7E-495C-9890-9A5FC12BE45E}.Debug|Any CPU.ActiveCfg = Debug|Any CPU
		{F301EA3D-DD7E-495C-9890-9A5FC12BE45E}.Debug|Any CPU.Build.0 = Debug|Any CPU
		{F301EA3D-DD7E-495C-9890-9A5FC12BE45E}.Release|Any CPU.ActiveCfg = Release|Any CPU
		{F301EA3D-DD7E-495C-9890-9A5FC12BE45E}.Release|Any CPU.Build.0 = Release|Any CPU
		{975CE7A4-3B54-493B-95FF-AD1621F6F4B3}.Debug|Any CPU.ActiveCfg = Debug|Any CPU
		{975CE7A4-3B54-493B-95FF-AD1621F6F4B3}.Debug|Any CPU.Build.0 = Debug|Any CPU
		{975CE7A4-3B54-493B-95FF-AD1621F6F4B3}.Release|Any CPU.ActiveCfg = Release|Any CPU
		{975CE7A4-3B54-493B-95FF-AD1621F6F4B3}.Release|Any CPU.Build.0 = Release|Any CPU
		{6C196D1D-3D2F-43B2-88A6-DC06C2E1D2A2}.Debug|Any CPU.ActiveCfg = Debug|Any CPU
		{6C196D1D-3D2F-43B2-88A6-DC06C2E1D2A2}.Debug|Any CPU.Build.0 = Debug|Any CPU
		{6C196D1D-3D2F-43B2-88A6-DC06C2E1D2A2}.Release|Any CPU.ActiveCfg = Release|Any CPU
		{6C196D1D-3D2F-43B2-88A6-DC06C2E1D2A2}.Release|Any CPU.Build.0 = Release|Any CPU
		{84F2EC25-3B47-4EDB-B1EC-19D636426A80}.Debug|Any CPU.ActiveCfg = Debug|Any CPU
		{84F2EC25-3B47-4EDB-B1EC-19D636426A80}.Debug|Any CPU.Build.0 = Debug|Any CPU
		{84F2EC25-3B47-4EDB-B1EC-19D636426A80}.Release|Any CPU.ActiveCfg = Release|Any CPU
		{84F2EC25-3B47-4EDB-B1EC-19D636426A80}.Release|Any CPU.Build.0 = Release|Any CPU
		{F7365483-0FDA-40AA-91A5-2265085BF2E5}.Debug|Any CPU.ActiveCfg = Debug|Any CPU
		{F7365483-0FDA-40AA-91A5-2265085BF2E5}.Debug|Any CPU.Build.0 = Debug|Any CPU
		{F7365483-0FDA-40AA-91A5-2265085BF2E5}.Release|Any CPU.ActiveCfg = Release|Any CPU
		{F7365483-0FDA-40AA-91A5-2265085BF2E5}.Release|Any CPU.Build.0 = Release|Any CPU
		{23C7F7B3-2CE9-47BD-9290-D836D174CAC8}.Debug|Any CPU.ActiveCfg = Debug|Any CPU
		{23C7F7B3-2CE9-47BD-9290-D836D174CAC8}.Debug|Any CPU.Build.0 = Debug|Any CPU
		{23C7F7B3-2CE9-47BD-9290-D836D174CAC8}.Release|Any CPU.ActiveCfg = Release|Any CPU
		{23C7F7B3-2CE9-47BD-9290-D836D174CAC8}.Release|Any CPU.Build.0 = Release|Any CPU
		{78F9494E-0D68-4E13-8C38-7F09819962A1}.Debug|Any CPU.ActiveCfg = Debug|Any CPU
		{78F9494E-0D68-4E13-8C38-7F09819962A1}.Debug|Any CPU.Build.0 = Debug|Any CPU
		{78F9494E-0D68-4E13-8C38-7F09819962A1}.Release|Any CPU.ActiveCfg = Release|Any CPU
		{78F9494E-0D68-4E13-8C38-7F09819962A1}.Release|Any CPU.Build.0 = Release|Any CPU
		{3A69310C-401A-41B0-B988-AD50DF430BAD}.Debug|Any CPU.ActiveCfg = Debug|Any CPU
		{3A69310C-401A-41B0-B988-AD50DF430BAD}.Debug|Any CPU.Build.0 = Debug|Any CPU
		{3A69310C-401A-41B0-B988-AD50DF430BAD}.Release|Any CPU.ActiveCfg = Release|Any CPU
		{3A69310C-401A-41B0-B988-AD50DF430BAD}.Release|Any CPU.Build.0 = Release|Any CPU
		{5252F896-0947-40F6-9D6E-0E514013E336}.Debug|Any CPU.ActiveCfg = Debug|Any CPU
		{5252F896-0947-40F6-9D6E-0E514013E336}.Debug|Any CPU.Build.0 = Debug|Any CPU
		{5252F896-0947-40F6-9D6E-0E514013E336}.Release|Any CPU.ActiveCfg = Release|Any CPU
		{5252F896-0947-40F6-9D6E-0E514013E336}.Release|Any CPU.Build.0 = Release|Any CPU
		{FF437AFA-B10D-428D-9C0D-164043CD87AA}.Debug|Any CPU.ActiveCfg = Debug|Any CPU
		{FF437AFA-B10D-428D-9C0D-164043CD87AA}.Debug|Any CPU.Build.0 = Debug|Any CPU
		{FF437AFA-B10D-428D-9C0D-164043CD87AA}.Release|Any CPU.ActiveCfg = Release|Any CPU
		{FF437AFA-B10D-428D-9C0D-164043CD87AA}.Release|Any CPU.Build.0 = Release|Any CPU
		{91CD9382-5ACE-437A-980C-2DECC2B67B8C}.Debug|Any CPU.ActiveCfg = Debug|Any CPU
		{91CD9382-5ACE-437A-980C-2DECC2B67B8C}.Debug|Any CPU.Build.0 = Debug|Any CPU
		{91CD9382-5ACE-437A-980C-2DECC2B67B8C}.Release|Any CPU.ActiveCfg = Release|Any CPU
		{91CD9382-5ACE-437A-980C-2DECC2B67B8C}.Release|Any CPU.Build.0 = Release|Any CPU
		{5282658C-9ABE-4A48-95B4-58A01FD9D771}.Debug|Any CPU.ActiveCfg = Debug|Any CPU
		{5282658C-9ABE-4A48-95B4-58A01FD9D771}.Debug|Any CPU.Build.0 = Debug|Any CPU
		{5282658C-9ABE-4A48-95B4-58A01FD9D771}.Release|Any CPU.ActiveCfg = Release|Any CPU
		{5282658C-9ABE-4A48-95B4-58A01FD9D771}.Release|Any CPU.Build.0 = Release|Any CPU
		{7E690741-80C4-4025-9A8F-8FF0984ADA63}.Debug|Any CPU.ActiveCfg = Debug|Any CPU
		{7E690741-80C4-4025-9A8F-8FF0984ADA63}.Debug|Any CPU.Build.0 = Debug|Any CPU
		{7E690741-80C4-4025-9A8F-8FF0984ADA63}.Release|Any CPU.ActiveCfg = Release|Any CPU
		{7E690741-80C4-4025-9A8F-8FF0984ADA63}.Release|Any CPU.Build.0 = Release|Any CPU
		{EC863BCA-E026-49E8-AFFC-F4A090F117E3}.Debug|Any CPU.ActiveCfg = Debug|Any CPU
		{EC863BCA-E026-49E8-AFFC-F4A090F117E3}.Debug|Any CPU.Build.0 = Debug|Any CPU
		{EC863BCA-E026-49E8-AFFC-F4A090F117E3}.Release|Any CPU.ActiveCfg = Release|Any CPU
		{EC863BCA-E026-49E8-AFFC-F4A090F117E3}.Release|Any CPU.Build.0 = Release|Any CPU
		{9D905324-934F-411B-BB75-62AB94A84E01}.Debug|Any CPU.ActiveCfg = Debug|Any CPU
		{9D905324-934F-411B-BB75-62AB94A84E01}.Debug|Any CPU.Build.0 = Debug|Any CPU
		{9D905324-934F-411B-BB75-62AB94A84E01}.Release|Any CPU.ActiveCfg = Release|Any CPU
		{9D905324-934F-411B-BB75-62AB94A84E01}.Release|Any CPU.Build.0 = Release|Any CPU
		{544C2182-E0D5-49A9-AB3A-6D7FF956E12D}.Debug|Any CPU.ActiveCfg = Debug|Any CPU
		{544C2182-E0D5-49A9-AB3A-6D7FF956E12D}.Debug|Any CPU.Build.0 = Debug|Any CPU
		{544C2182-E0D5-49A9-AB3A-6D7FF956E12D}.Release|Any CPU.ActiveCfg = Release|Any CPU
		{544C2182-E0D5-49A9-AB3A-6D7FF956E12D}.Release|Any CPU.Build.0 = Release|Any CPU
		{229AC8F9-C1FD-4267-911D-52486CE36B25}.Debug|Any CPU.ActiveCfg = Debug|Any CPU
		{229AC8F9-C1FD-4267-911D-52486CE36B25}.Debug|Any CPU.Build.0 = Debug|Any CPU
		{229AC8F9-C1FD-4267-911D-52486CE36B25}.Release|Any CPU.ActiveCfg = Release|Any CPU
		{229AC8F9-C1FD-4267-911D-52486CE36B25}.Release|Any CPU.Build.0 = Release|Any CPU
		{AD7422AA-D933-4527-B710-808EAFBA81E0}.Debug|Any CPU.ActiveCfg = Debug|Any CPU
		{AD7422AA-D933-4527-B710-808EAFBA81E0}.Debug|Any CPU.Build.0 = Debug|Any CPU
		{AD7422AA-D933-4527-B710-808EAFBA81E0}.Release|Any CPU.ActiveCfg = Release|Any CPU
		{AD7422AA-D933-4527-B710-808EAFBA81E0}.Release|Any CPU.Build.0 = Release|Any CPU
		{76981E09-A73D-4496-BF54-F14D3D326861}.Debug|Any CPU.ActiveCfg = Debug|Any CPU
		{76981E09-A73D-4496-BF54-F14D3D326861}.Debug|Any CPU.Build.0 = Debug|Any CPU
		{76981E09-A73D-4496-BF54-F14D3D326861}.Release|Any CPU.ActiveCfg = Release|Any CPU
		{76981E09-A73D-4496-BF54-F14D3D326861}.Release|Any CPU.Build.0 = Release|Any CPU
		{F48937CE-F45C-45AE-B6E4-5F31642FF072}.Debug|Any CPU.ActiveCfg = Debug|Any CPU
		{F48937CE-F45C-45AE-B6E4-5F31642FF072}.Debug|Any CPU.Build.0 = Debug|Any CPU
		{F48937CE-F45C-45AE-B6E4-5F31642FF072}.Release|Any CPU.ActiveCfg = Release|Any CPU
		{F48937CE-F45C-45AE-B6E4-5F31642FF072}.Release|Any CPU.Build.0 = Release|Any CPU
		{55790AD1-759F-47F0-B47C-37C9820E1CCE}.Debug|Any CPU.ActiveCfg = Debug|Any CPU
		{55790AD1-759F-47F0-B47C-37C9820E1CCE}.Debug|Any CPU.Build.0 = Debug|Any CPU
		{55790AD1-759F-47F0-B47C-37C9820E1CCE}.Release|Any CPU.ActiveCfg = Release|Any CPU
		{55790AD1-759F-47F0-B47C-37C9820E1CCE}.Release|Any CPU.Build.0 = Release|Any CPU
		{A2E1C166-5B61-4BD4-ABF2-E35C6FF0FB61}.Debug|Any CPU.ActiveCfg = Debug|Any CPU
		{A2E1C166-5B61-4BD4-ABF2-E35C6FF0FB61}.Debug|Any CPU.Build.0 = Debug|Any CPU
		{A2E1C166-5B61-4BD4-ABF2-E35C6FF0FB61}.Release|Any CPU.ActiveCfg = Release|Any CPU
		{A2E1C166-5B61-4BD4-ABF2-E35C6FF0FB61}.Release|Any CPU.Build.0 = Release|Any CPU
		{2A6ABC05-5FD6-4C15-A3E7-4F447275CBE3}.Debug|Any CPU.ActiveCfg = Debug|Any CPU
		{2A6ABC05-5FD6-4C15-A3E7-4F447275CBE3}.Debug|Any CPU.Build.0 = Debug|Any CPU
		{2A6ABC05-5FD6-4C15-A3E7-4F447275CBE3}.Release|Any CPU.ActiveCfg = Release|Any CPU
		{2A6ABC05-5FD6-4C15-A3E7-4F447275CBE3}.Release|Any CPU.Build.0 = Release|Any CPU
		{99FDB52B-DEE5-440A-8878-2AA15AD6F562}.Debug|Any CPU.ActiveCfg = Debug|Any CPU
		{99FDB52B-DEE5-440A-8878-2AA15AD6F562}.Debug|Any CPU.Build.0 = Debug|Any CPU
		{99FDB52B-DEE5-440A-8878-2AA15AD6F562}.Release|Any CPU.ActiveCfg = Release|Any CPU
		{99FDB52B-DEE5-440A-8878-2AA15AD6F562}.Release|Any CPU.Build.0 = Release|Any CPU
		{559EE451-0D42-4777-9B92-09F817E99920}.Debug|Any CPU.ActiveCfg = Debug|Any CPU
		{559EE451-0D42-4777-9B92-09F817E99920}.Debug|Any CPU.Build.0 = Debug|Any CPU
		{559EE451-0D42-4777-9B92-09F817E99920}.Release|Any CPU.ActiveCfg = Release|Any CPU
		{559EE451-0D42-4777-9B92-09F817E99920}.Release|Any CPU.Build.0 = Release|Any CPU
		{8D92376E-7FD9-416A-AC46-4730ABB7A41E}.Debug|Any CPU.ActiveCfg = Debug|Any CPU
		{8D92376E-7FD9-416A-AC46-4730ABB7A41E}.Debug|Any CPU.Build.0 = Debug|Any CPU
		{8D92376E-7FD9-416A-AC46-4730ABB7A41E}.Release|Any CPU.ActiveCfg = Release|Any CPU
		{8D92376E-7FD9-416A-AC46-4730ABB7A41E}.Release|Any CPU.Build.0 = Release|Any CPU
		{FA417A3B-21F2-4558-8420-65D52F6F2ED6}.Debug|Any CPU.ActiveCfg = Debug|Any CPU
		{FA417A3B-21F2-4558-8420-65D52F6F2ED6}.Debug|Any CPU.Build.0 = Debug|Any CPU
		{FA417A3B-21F2-4558-8420-65D52F6F2ED6}.Release|Any CPU.ActiveCfg = Release|Any CPU
		{FA417A3B-21F2-4558-8420-65D52F6F2ED6}.Release|Any CPU.Build.0 = Release|Any CPU
		{6AE2DE12-CCCB-4AFC-AA4D-FACFD9BF7803}.Debug|Any CPU.ActiveCfg = Debug|Any CPU
		{6AE2DE12-CCCB-4AFC-AA4D-FACFD9BF7803}.Debug|Any CPU.Build.0 = Debug|Any CPU
		{6AE2DE12-CCCB-4AFC-AA4D-FACFD9BF7803}.Release|Any CPU.ActiveCfg = Release|Any CPU
		{6AE2DE12-CCCB-4AFC-AA4D-FACFD9BF7803}.Release|Any CPU.Build.0 = Release|Any CPU
		{F06D3A1C-614D-41A5-8003-840AF9FAE5BB}.Debug|Any CPU.ActiveCfg = Debug|Any CPU
		{F06D3A1C-614D-41A5-8003-840AF9FAE5BB}.Debug|Any CPU.Build.0 = Debug|Any CPU
		{F06D3A1C-614D-41A5-8003-840AF9FAE5BB}.Release|Any CPU.ActiveCfg = Release|Any CPU
		{F06D3A1C-614D-41A5-8003-840AF9FAE5BB}.Release|Any CPU.Build.0 = Release|Any CPU
		{BDEE8A0E-7747-4F04-85F7-AE7EF6078962}.Debug|Any CPU.ActiveCfg = Debug|Any CPU
		{BDEE8A0E-7747-4F04-85F7-AE7EF6078962}.Debug|Any CPU.Build.0 = Debug|Any CPU
		{BDEE8A0E-7747-4F04-85F7-AE7EF6078962}.Release|Any CPU.ActiveCfg = Release|Any CPU
		{BDEE8A0E-7747-4F04-85F7-AE7EF6078962}.Release|Any CPU.Build.0 = Release|Any CPU
		{F617B937-956F-4D35-A18C-E4638F82F9C2}.Debug|Any CPU.ActiveCfg = Debug|Any CPU
		{F617B937-956F-4D35-A18C-E4638F82F9C2}.Debug|Any CPU.Build.0 = Debug|Any CPU
		{F617B937-956F-4D35-A18C-E4638F82F9C2}.Release|Any CPU.ActiveCfg = Release|Any CPU
		{F617B937-956F-4D35-A18C-E4638F82F9C2}.Release|Any CPU.Build.0 = Release|Any CPU
		{688494AC-C59C-4052-8C6B-392B0790A479}.Debug|Any CPU.ActiveCfg = Debug|Any CPU
		{688494AC-C59C-4052-8C6B-392B0790A479}.Debug|Any CPU.Build.0 = Debug|Any CPU
		{688494AC-C59C-4052-8C6B-392B0790A479}.Release|Any CPU.ActiveCfg = Release|Any CPU
		{688494AC-C59C-4052-8C6B-392B0790A479}.Release|Any CPU.Build.0 = Release|Any CPU
		{80FEF8CE-C481-4088-8978-84BB75D41348}.Debug|Any CPU.ActiveCfg = Debug|Any CPU
		{80FEF8CE-C481-4088-8978-84BB75D41348}.Debug|Any CPU.Build.0 = Debug|Any CPU
		{80FEF8CE-C481-4088-8978-84BB75D41348}.Release|Any CPU.ActiveCfg = Release|Any CPU
		{80FEF8CE-C481-4088-8978-84BB75D41348}.Release|Any CPU.Build.0 = Release|Any CPU
		{59F72572-C82B-48FF-8C84-24BA1C5C7902}.Debug|Any CPU.ActiveCfg = Debug|Any CPU
		{59F72572-C82B-48FF-8C84-24BA1C5C7902}.Debug|Any CPU.Build.0 = Debug|Any CPU
		{59F72572-C82B-48FF-8C84-24BA1C5C7902}.Release|Any CPU.ActiveCfg = Release|Any CPU
		{59F72572-C82B-48FF-8C84-24BA1C5C7902}.Release|Any CPU.Build.0 = Release|Any CPU
		{87A7E91A-DD33-4D1D-83C8-A4EC43A5F52E}.Debug|Any CPU.ActiveCfg = Debug|Any CPU
		{87A7E91A-DD33-4D1D-83C8-A4EC43A5F52E}.Debug|Any CPU.Build.0 = Debug|Any CPU
		{87A7E91A-DD33-4D1D-83C8-A4EC43A5F52E}.Release|Any CPU.ActiveCfg = Release|Any CPU
		{87A7E91A-DD33-4D1D-83C8-A4EC43A5F52E}.Release|Any CPU.Build.0 = Release|Any CPU
		{86388EB5-A64D-4204-8A36-1FB24D688688}.Debug|Any CPU.ActiveCfg = Debug|Any CPU
		{86388EB5-A64D-4204-8A36-1FB24D688688}.Debug|Any CPU.Build.0 = Debug|Any CPU
		{86388EB5-A64D-4204-8A36-1FB24D688688}.Release|Any CPU.ActiveCfg = Release|Any CPU
		{86388EB5-A64D-4204-8A36-1FB24D688688}.Release|Any CPU.Build.0 = Release|Any CPU
		{5D87CE99-41BD-41C8-B11B-E5356AE50E41}.Debug|Any CPU.ActiveCfg = Debug|Any CPU
		{5D87CE99-41BD-41C8-B11B-E5356AE50E41}.Debug|Any CPU.Build.0 = Debug|Any CPU
		{5D87CE99-41BD-41C8-B11B-E5356AE50E41}.Release|Any CPU.ActiveCfg = Release|Any CPU
		{5D87CE99-41BD-41C8-B11B-E5356AE50E41}.Release|Any CPU.Build.0 = Release|Any CPU
		{8C195B55-9D52-4B6F-AE7E-99A750574654}.Debug|Any CPU.ActiveCfg = Debug|Any CPU
		{8C195B55-9D52-4B6F-AE7E-99A750574654}.Debug|Any CPU.Build.0 = Debug|Any CPU
		{8C195B55-9D52-4B6F-AE7E-99A750574654}.Release|Any CPU.ActiveCfg = Release|Any CPU
		{8C195B55-9D52-4B6F-AE7E-99A750574654}.Release|Any CPU.Build.0 = Release|Any CPU
		{26C0E46C-5540-4A2F-BCDC-E6A4AFEEDB97}.Debug|Any CPU.ActiveCfg = Debug|Any CPU
		{26C0E46C-5540-4A2F-BCDC-E6A4AFEEDB97}.Debug|Any CPU.Build.0 = Debug|Any CPU
		{26C0E46C-5540-4A2F-BCDC-E6A4AFEEDB97}.Release|Any CPU.ActiveCfg = Release|Any CPU
		{26C0E46C-5540-4A2F-BCDC-E6A4AFEEDB97}.Release|Any CPU.Build.0 = Release|Any CPU
		{BDD95C19-754F-4CB1-90DF-5A45E87FF0F8}.Debug|Any CPU.ActiveCfg = Debug|Any CPU
		{BDD95C19-754F-4CB1-90DF-5A45E87FF0F8}.Debug|Any CPU.Build.0 = Debug|Any CPU
		{BDD95C19-754F-4CB1-90DF-5A45E87FF0F8}.Release|Any CPU.ActiveCfg = Release|Any CPU
		{BDD95C19-754F-4CB1-90DF-5A45E87FF0F8}.Release|Any CPU.Build.0 = Release|Any CPU
		{77EA7856-D046-4343-A048-97FB09EAC71D}.Debug|Any CPU.ActiveCfg = Debug|Any CPU
		{77EA7856-D046-4343-A048-97FB09EAC71D}.Debug|Any CPU.Build.0 = Debug|Any CPU
		{77EA7856-D046-4343-A048-97FB09EAC71D}.Release|Any CPU.ActiveCfg = Release|Any CPU
		{77EA7856-D046-4343-A048-97FB09EAC71D}.Release|Any CPU.Build.0 = Release|Any CPU
		{9BBC0CEB-E6C1-40DB-95D7-B6C003D9E336}.Debug|Any CPU.ActiveCfg = Debug|Any CPU
		{9BBC0CEB-E6C1-40DB-95D7-B6C003D9E336}.Debug|Any CPU.Build.0 = Debug|Any CPU
		{9BBC0CEB-E6C1-40DB-95D7-B6C003D9E336}.Release|Any CPU.ActiveCfg = Release|Any CPU
		{9BBC0CEB-E6C1-40DB-95D7-B6C003D9E336}.Release|Any CPU.Build.0 = Release|Any CPU
		{4D690C03-47B2-490C-8931-DFBF90C504E3}.Debug|Any CPU.ActiveCfg = Debug|Any CPU
		{4D690C03-47B2-490C-8931-DFBF90C504E3}.Debug|Any CPU.Build.0 = Debug|Any CPU
		{4D690C03-47B2-490C-8931-DFBF90C504E3}.Release|Any CPU.ActiveCfg = Release|Any CPU
		{4D690C03-47B2-490C-8931-DFBF90C504E3}.Release|Any CPU.Build.0 = Release|Any CPU
		{A4BCEDB6-04C8-422E-AE52-5496B8F5B8CA}.Debug|Any CPU.ActiveCfg = Debug|Any CPU
		{A4BCEDB6-04C8-422E-AE52-5496B8F5B8CA}.Debug|Any CPU.Build.0 = Debug|Any CPU
		{A4BCEDB6-04C8-422E-AE52-5496B8F5B8CA}.Release|Any CPU.ActiveCfg = Release|Any CPU
		{A4BCEDB6-04C8-422E-AE52-5496B8F5B8CA}.Release|Any CPU.Build.0 = Release|Any CPU
		{AC556E3D-2AA6-4A27-88CB-FB2EB6A79700}.Debug|Any CPU.ActiveCfg = Debug|Any CPU
		{AC556E3D-2AA6-4A27-88CB-FB2EB6A79700}.Debug|Any CPU.Build.0 = Debug|Any CPU
		{AC556E3D-2AA6-4A27-88CB-FB2EB6A79700}.Release|Any CPU.ActiveCfg = Release|Any CPU
		{AC556E3D-2AA6-4A27-88CB-FB2EB6A79700}.Release|Any CPU.Build.0 = Release|Any CPU
		{05CF47C0-95EC-46F5-B83C-9978E222CEE3}.Debug|Any CPU.ActiveCfg = Debug|Any CPU
		{05CF47C0-95EC-46F5-B83C-9978E222CEE3}.Debug|Any CPU.Build.0 = Debug|Any CPU
		{05CF47C0-95EC-46F5-B83C-9978E222CEE3}.Release|Any CPU.ActiveCfg = Release|Any CPU
		{05CF47C0-95EC-46F5-B83C-9978E222CEE3}.Release|Any CPU.Build.0 = Release|Any CPU
		{01E2BC00-E0C6-41F1-8AE4-74D73950CE66}.Debug|Any CPU.ActiveCfg = Debug|Any CPU
		{01E2BC00-E0C6-41F1-8AE4-74D73950CE66}.Debug|Any CPU.Build.0 = Debug|Any CPU
		{01E2BC00-E0C6-41F1-8AE4-74D73950CE66}.Release|Any CPU.ActiveCfg = Release|Any CPU
		{01E2BC00-E0C6-41F1-8AE4-74D73950CE66}.Release|Any CPU.Build.0 = Release|Any CPU
		{7F0BD52F-B292-4CFF-9D4E-5BF52DB0C12E}.Debug|Any CPU.ActiveCfg = Debug|Any CPU
		{7F0BD52F-B292-4CFF-9D4E-5BF52DB0C12E}.Debug|Any CPU.Build.0 = Debug|Any CPU
		{7F0BD52F-B292-4CFF-9D4E-5BF52DB0C12E}.Release|Any CPU.ActiveCfg = Release|Any CPU
		{7F0BD52F-B292-4CFF-9D4E-5BF52DB0C12E}.Release|Any CPU.Build.0 = Release|Any CPU
		{9F90EEDA-221F-40FB-A1A1-736A08100DDC}.Debug|Any CPU.ActiveCfg = Debug|Any CPU
		{9F90EEDA-221F-40FB-A1A1-736A08100DDC}.Debug|Any CPU.Build.0 = Debug|Any CPU
		{9F90EEDA-221F-40FB-A1A1-736A08100DDC}.Release|Any CPU.ActiveCfg = Release|Any CPU
		{9F90EEDA-221F-40FB-A1A1-736A08100DDC}.Release|Any CPU.Build.0 = Release|Any CPU
		{CC908126-6B15-4B07-A8FD-CCD929B1F496}.Debug|Any CPU.ActiveCfg = Debug|Any CPU
		{CC908126-6B15-4B07-A8FD-CCD929B1F496}.Debug|Any CPU.Build.0 = Debug|Any CPU
		{CC908126-6B15-4B07-A8FD-CCD929B1F496}.Release|Any CPU.ActiveCfg = Release|Any CPU
		{CC908126-6B15-4B07-A8FD-CCD929B1F496}.Release|Any CPU.Build.0 = Release|Any CPU
		{3CB257C4-9E8E-4411-939D-28595B4E699C}.Debug|Any CPU.ActiveCfg = Debug|Any CPU
		{3CB257C4-9E8E-4411-939D-28595B4E699C}.Debug|Any CPU.Build.0 = Debug|Any CPU
		{3CB257C4-9E8E-4411-939D-28595B4E699C}.Release|Any CPU.ActiveCfg = Release|Any CPU
		{3CB257C4-9E8E-4411-939D-28595B4E699C}.Release|Any CPU.Build.0 = Release|Any CPU
		{7BEB3236-D4BB-45C5-9148-04BC5F4B6993}.Debug|Any CPU.ActiveCfg = Debug|Any CPU
		{7BEB3236-D4BB-45C5-9148-04BC5F4B6993}.Debug|Any CPU.Build.0 = Debug|Any CPU
		{7BEB3236-D4BB-45C5-9148-04BC5F4B6993}.Release|Any CPU.ActiveCfg = Release|Any CPU
		{7BEB3236-D4BB-45C5-9148-04BC5F4B6993}.Release|Any CPU.Build.0 = Release|Any CPU
		{8FA8302C-1015-434F-9DAA-C3D016D3C798}.Debug|Any CPU.ActiveCfg = Debug|Any CPU
		{8FA8302C-1015-434F-9DAA-C3D016D3C798}.Debug|Any CPU.Build.0 = Debug|Any CPU
		{8FA8302C-1015-434F-9DAA-C3D016D3C798}.Release|Any CPU.ActiveCfg = Release|Any CPU
		{8FA8302C-1015-434F-9DAA-C3D016D3C798}.Release|Any CPU.Build.0 = Release|Any CPU
		{BC28C5F3-B6BE-437E-980E-C6DE20DBACAA}.Debug|Any CPU.ActiveCfg = Debug|Any CPU
		{BC28C5F3-B6BE-437E-980E-C6DE20DBACAA}.Debug|Any CPU.Build.0 = Debug|Any CPU
		{BC28C5F3-B6BE-437E-980E-C6DE20DBACAA}.Release|Any CPU.ActiveCfg = Release|Any CPU
		{BC28C5F3-B6BE-437E-980E-C6DE20DBACAA}.Release|Any CPU.Build.0 = Release|Any CPU
		{50A84C2B-5226-40E1-ACE5-4DE970C56868}.Debug|Any CPU.ActiveCfg = Debug|Any CPU
		{50A84C2B-5226-40E1-ACE5-4DE970C56868}.Debug|Any CPU.Build.0 = Debug|Any CPU
		{50A84C2B-5226-40E1-ACE5-4DE970C56868}.Release|Any CPU.ActiveCfg = Release|Any CPU
		{50A84C2B-5226-40E1-ACE5-4DE970C56868}.Release|Any CPU.Build.0 = Release|Any CPU
		{0B61A073-5B10-4370-9655-FF786F1EE2E0}.Debug|Any CPU.ActiveCfg = Debug|Any CPU
		{0B61A073-5B10-4370-9655-FF786F1EE2E0}.Debug|Any CPU.Build.0 = Debug|Any CPU
		{0B61A073-5B10-4370-9655-FF786F1EE2E0}.Release|Any CPU.ActiveCfg = Release|Any CPU
		{0B61A073-5B10-4370-9655-FF786F1EE2E0}.Release|Any CPU.Build.0 = Release|Any CPU
		{5B9CAAF6-DA84-4DA7-B475-744284E2A8CD}.Debug|Any CPU.ActiveCfg = Debug|Any CPU
		{5B9CAAF6-DA84-4DA7-B475-744284E2A8CD}.Debug|Any CPU.Build.0 = Debug|Any CPU
		{5B9CAAF6-DA84-4DA7-B475-744284E2A8CD}.Release|Any CPU.ActiveCfg = Release|Any CPU
		{5B9CAAF6-DA84-4DA7-B475-744284E2A8CD}.Release|Any CPU.Build.0 = Release|Any CPU
		{5DD2A013-9800-46F5-8519-FA02050A15B4}.Debug|Any CPU.ActiveCfg = Debug|Any CPU
		{5DD2A013-9800-46F5-8519-FA02050A15B4}.Debug|Any CPU.Build.0 = Debug|Any CPU
		{5DD2A013-9800-46F5-8519-FA02050A15B4}.Release|Any CPU.ActiveCfg = Release|Any CPU
		{5DD2A013-9800-46F5-8519-FA02050A15B4}.Release|Any CPU.Build.0 = Release|Any CPU
		{01BD04FA-9E27-4375-8E7F-049431458104}.Debug|Any CPU.ActiveCfg = Debug|Any CPU
		{01BD04FA-9E27-4375-8E7F-049431458104}.Debug|Any CPU.Build.0 = Debug|Any CPU
		{01BD04FA-9E27-4375-8E7F-049431458104}.Release|Any CPU.ActiveCfg = Release|Any CPU
		{01BD04FA-9E27-4375-8E7F-049431458104}.Release|Any CPU.Build.0 = Release|Any CPU
		{9C16D698-85DA-4FD0-8795-9B695DB7D11F}.Debug|Any CPU.ActiveCfg = Debug|Any CPU
		{9C16D698-85DA-4FD0-8795-9B695DB7D11F}.Debug|Any CPU.Build.0 = Debug|Any CPU
		{9C16D698-85DA-4FD0-8795-9B695DB7D11F}.Release|Any CPU.ActiveCfg = Release|Any CPU
		{9C16D698-85DA-4FD0-8795-9B695DB7D11F}.Release|Any CPU.Build.0 = Release|Any CPU
		{6845B67B-9094-4605-AAE3-1908D47039AB}.Debug|Any CPU.ActiveCfg = Debug|Any CPU
		{6845B67B-9094-4605-AAE3-1908D47039AB}.Debug|Any CPU.Build.0 = Debug|Any CPU
		{6845B67B-9094-4605-AAE3-1908D47039AB}.Release|Any CPU.ActiveCfg = Release|Any CPU
		{6845B67B-9094-4605-AAE3-1908D47039AB}.Release|Any CPU.Build.0 = Release|Any CPU
		{09627021-DB49-404E-AEE4-811FEE66C39F}.Debug|Any CPU.ActiveCfg = Debug|Any CPU
		{09627021-DB49-404E-AEE4-811FEE66C39F}.Debug|Any CPU.Build.0 = Debug|Any CPU
		{09627021-DB49-404E-AEE4-811FEE66C39F}.Release|Any CPU.ActiveCfg = Release|Any CPU
		{09627021-DB49-404E-AEE4-811FEE66C39F}.Release|Any CPU.Build.0 = Release|Any CPU
		{D8BE8101-F5D4-416C-ADC3-0E79883BE558}.Debug|Any CPU.ActiveCfg = Debug|Any CPU
		{D8BE8101-F5D4-416C-ADC3-0E79883BE558}.Debug|Any CPU.Build.0 = Debug|Any CPU
		{D8BE8101-F5D4-416C-ADC3-0E79883BE558}.Release|Any CPU.ActiveCfg = Release|Any CPU
		{D8BE8101-F5D4-416C-ADC3-0E79883BE558}.Release|Any CPU.Build.0 = Release|Any CPU
		{013AA52A-CDC4-4089-AA20-CE3D1E533789}.Debug|Any CPU.ActiveCfg = Debug|Any CPU
		{013AA52A-CDC4-4089-AA20-CE3D1E533789}.Debug|Any CPU.Build.0 = Debug|Any CPU
		{013AA52A-CDC4-4089-AA20-CE3D1E533789}.Release|Any CPU.ActiveCfg = Release|Any CPU
		{013AA52A-CDC4-4089-AA20-CE3D1E533789}.Release|Any CPU.Build.0 = Release|Any CPU
		{A169CC54-3C72-4D98-82FC-247318D09B37}.Debug|Any CPU.ActiveCfg = Debug|Any CPU
		{A169CC54-3C72-4D98-82FC-247318D09B37}.Debug|Any CPU.Build.0 = Debug|Any CPU
		{A169CC54-3C72-4D98-82FC-247318D09B37}.Release|Any CPU.ActiveCfg = Release|Any CPU
		{A169CC54-3C72-4D98-82FC-247318D09B37}.Release|Any CPU.Build.0 = Release|Any CPU
		{0569FF80-1503-4721-859F-8D89BBCA26B9}.Debug|Any CPU.ActiveCfg = Debug|Any CPU
		{0569FF80-1503-4721-859F-8D89BBCA26B9}.Debug|Any CPU.Build.0 = Debug|Any CPU
		{0569FF80-1503-4721-859F-8D89BBCA26B9}.Release|Any CPU.ActiveCfg = Release|Any CPU
		{0569FF80-1503-4721-859F-8D89BBCA26B9}.Release|Any CPU.Build.0 = Release|Any CPU
		{022C04B7-9AD8-4A6E-8325-33F20D04C09D}.Debug|Any CPU.ActiveCfg = Debug|Any CPU
		{022C04B7-9AD8-4A6E-8325-33F20D04C09D}.Debug|Any CPU.Build.0 = Debug|Any CPU
		{022C04B7-9AD8-4A6E-8325-33F20D04C09D}.Release|Any CPU.ActiveCfg = Release|Any CPU
		{022C04B7-9AD8-4A6E-8325-33F20D04C09D}.Release|Any CPU.Build.0 = Release|Any CPU
		{9CEF58AC-4FCB-4CAF-94FA-A464AA50F96C}.Debug|Any CPU.ActiveCfg = Debug|Any CPU
		{9CEF58AC-4FCB-4CAF-94FA-A464AA50F96C}.Debug|Any CPU.Build.0 = Debug|Any CPU
		{9CEF58AC-4FCB-4CAF-94FA-A464AA50F96C}.Release|Any CPU.ActiveCfg = Release|Any CPU
		{9CEF58AC-4FCB-4CAF-94FA-A464AA50F96C}.Release|Any CPU.Build.0 = Release|Any CPU
		{2D17BF2E-E748-4A5B-AD8C-E01BACEDC747}.Debug|Any CPU.ActiveCfg = Debug|Any CPU
		{2D17BF2E-E748-4A5B-AD8C-E01BACEDC747}.Debug|Any CPU.Build.0 = Debug|Any CPU
		{2D17BF2E-E748-4A5B-AD8C-E01BACEDC747}.Release|Any CPU.ActiveCfg = Release|Any CPU
		{2D17BF2E-E748-4A5B-AD8C-E01BACEDC747}.Release|Any CPU.Build.0 = Release|Any CPU
		{08424F9C-576F-4418-A9D7-D6DE993E1F8A}.Debug|Any CPU.ActiveCfg = Debug|Any CPU
		{08424F9C-576F-4418-A9D7-D6DE993E1F8A}.Debug|Any CPU.Build.0 = Debug|Any CPU
		{08424F9C-576F-4418-A9D7-D6DE993E1F8A}.Release|Any CPU.ActiveCfg = Release|Any CPU
		{08424F9C-576F-4418-A9D7-D6DE993E1F8A}.Release|Any CPU.Build.0 = Release|Any CPU
		{65126AD3-CCF2-4B4F-A057-9A4E588CF31B}.Debug|Any CPU.ActiveCfg = Debug|Any CPU
		{65126AD3-CCF2-4B4F-A057-9A4E588CF31B}.Debug|Any CPU.Build.0 = Debug|Any CPU
		{65126AD3-CCF2-4B4F-A057-9A4E588CF31B}.Release|Any CPU.ActiveCfg = Release|Any CPU
		{65126AD3-CCF2-4B4F-A057-9A4E588CF31B}.Release|Any CPU.Build.0 = Release|Any CPU
		{CB68054A-8F05-46F7-A7AB-29E7BE06206D}.Debug|Any CPU.ActiveCfg = Debug|Any CPU
		{CB68054A-8F05-46F7-A7AB-29E7BE06206D}.Debug|Any CPU.Build.0 = Debug|Any CPU
		{CB68054A-8F05-46F7-A7AB-29E7BE06206D}.Release|Any CPU.ActiveCfg = Release|Any CPU
		{CB68054A-8F05-46F7-A7AB-29E7BE06206D}.Release|Any CPU.Build.0 = Release|Any CPU
		{24852CD0-3069-40C9-9DBF-3CA389A38F0E}.Debug|Any CPU.ActiveCfg = Debug|Any CPU
		{24852CD0-3069-40C9-9DBF-3CA389A38F0E}.Debug|Any CPU.Build.0 = Debug|Any CPU
		{24852CD0-3069-40C9-9DBF-3CA389A38F0E}.Release|Any CPU.ActiveCfg = Release|Any CPU
		{24852CD0-3069-40C9-9DBF-3CA389A38F0E}.Release|Any CPU.Build.0 = Release|Any CPU
		{A902C949-4E1D-4B8E-8D1E-6314C8F0CCBD}.Debug|Any CPU.ActiveCfg = Debug|Any CPU
		{A902C949-4E1D-4B8E-8D1E-6314C8F0CCBD}.Debug|Any CPU.Build.0 = Debug|Any CPU
		{A902C949-4E1D-4B8E-8D1E-6314C8F0CCBD}.Release|Any CPU.ActiveCfg = Release|Any CPU
		{A902C949-4E1D-4B8E-8D1E-6314C8F0CCBD}.Release|Any CPU.Build.0 = Release|Any CPU
		{F7B384AF-2CB6-4661-8494-5E2E82124CAF}.Debug|Any CPU.ActiveCfg = Debug|Any CPU
		{F7B384AF-2CB6-4661-8494-5E2E82124CAF}.Debug|Any CPU.Build.0 = Debug|Any CPU
		{F7B384AF-2CB6-4661-8494-5E2E82124CAF}.Release|Any CPU.ActiveCfg = Release|Any CPU
		{F7B384AF-2CB6-4661-8494-5E2E82124CAF}.Release|Any CPU.Build.0 = Release|Any CPU
		{0B79B3A8-E50D-42DD-B950-90FDA71ED4FA}.Debug|Any CPU.ActiveCfg = Debug|Any CPU
		{0B79B3A8-E50D-42DD-B950-90FDA71ED4FA}.Debug|Any CPU.Build.0 = Debug|Any CPU
		{0B79B3A8-E50D-42DD-B950-90FDA71ED4FA}.Release|Any CPU.ActiveCfg = Release|Any CPU
		{0B79B3A8-E50D-42DD-B950-90FDA71ED4FA}.Release|Any CPU.Build.0 = Release|Any CPU
		{B35AF901-9290-4A6C-BEFD-3E4E8D6D5C6F}.Debug|Any CPU.ActiveCfg = Debug|Any CPU
		{B35AF901-9290-4A6C-BEFD-3E4E8D6D5C6F}.Debug|Any CPU.Build.0 = Debug|Any CPU
		{B35AF901-9290-4A6C-BEFD-3E4E8D6D5C6F}.Release|Any CPU.ActiveCfg = Release|Any CPU
		{B35AF901-9290-4A6C-BEFD-3E4E8D6D5C6F}.Release|Any CPU.Build.0 = Release|Any CPU
		{4A4C28A0-3D82-4105-8764-186BD4BEB41F}.Debug|Any CPU.ActiveCfg = Debug|Any CPU
		{4A4C28A0-3D82-4105-8764-186BD4BEB41F}.Debug|Any CPU.Build.0 = Debug|Any CPU
		{4A4C28A0-3D82-4105-8764-186BD4BEB41F}.Release|Any CPU.ActiveCfg = Release|Any CPU
		{4A4C28A0-3D82-4105-8764-186BD4BEB41F}.Release|Any CPU.Build.0 = Release|Any CPU
		{4DF53FE3-04CD-49CB-BA22-E9260508CB58}.Debug|Any CPU.ActiveCfg = Debug|Any CPU
		{4DF53FE3-04CD-49CB-BA22-E9260508CB58}.Debug|Any CPU.Build.0 = Debug|Any CPU
		{4DF53FE3-04CD-49CB-BA22-E9260508CB58}.Release|Any CPU.ActiveCfg = Release|Any CPU
		{4DF53FE3-04CD-49CB-BA22-E9260508CB58}.Release|Any CPU.Build.0 = Release|Any CPU
		{DCDCD5B2-BEA0-46F2-9E42-C0D696E38827}.Debug|Any CPU.ActiveCfg = Debug|Any CPU
		{DCDCD5B2-BEA0-46F2-9E42-C0D696E38827}.Debug|Any CPU.Build.0 = Debug|Any CPU
		{DCDCD5B2-BEA0-46F2-9E42-C0D696E38827}.Release|Any CPU.ActiveCfg = Release|Any CPU
		{DCDCD5B2-BEA0-46F2-9E42-C0D696E38827}.Release|Any CPU.Build.0 = Release|Any CPU
		{C9BBBBB3-CFC6-4483-BF07-2F6507B53587}.Debug|Any CPU.ActiveCfg = Debug|Any CPU
		{C9BBBBB3-CFC6-4483-BF07-2F6507B53587}.Debug|Any CPU.Build.0 = Debug|Any CPU
		{C9BBBBB3-CFC6-4483-BF07-2F6507B53587}.Release|Any CPU.ActiveCfg = Release|Any CPU
		{C9BBBBB3-CFC6-4483-BF07-2F6507B53587}.Release|Any CPU.Build.0 = Release|Any CPU
		{E87FA100-92D6-4AA8-96CA-5C9FF49269F4}.Debug|Any CPU.ActiveCfg = Debug|Any CPU
		{E87FA100-92D6-4AA8-96CA-5C9FF49269F4}.Debug|Any CPU.Build.0 = Debug|Any CPU
		{E87FA100-92D6-4AA8-96CA-5C9FF49269F4}.Release|Any CPU.ActiveCfg = Release|Any CPU
		{E87FA100-92D6-4AA8-96CA-5C9FF49269F4}.Release|Any CPU.Build.0 = Release|Any CPU
		{54613F40-0CA7-40B8-8037-4CF1FA800864}.Debug|Any CPU.ActiveCfg = Debug|Any CPU
		{54613F40-0CA7-40B8-8037-4CF1FA800864}.Debug|Any CPU.Build.0 = Debug|Any CPU
		{54613F40-0CA7-40B8-8037-4CF1FA800864}.Release|Any CPU.ActiveCfg = Release|Any CPU
		{54613F40-0CA7-40B8-8037-4CF1FA800864}.Release|Any CPU.Build.0 = Release|Any CPU
		{9705C277-D27F-42C2-8EA9-2C7C226A81C4}.Debug|Any CPU.ActiveCfg = Debug|Any CPU
		{9705C277-D27F-42C2-8EA9-2C7C226A81C4}.Debug|Any CPU.Build.0 = Debug|Any CPU
		{9705C277-D27F-42C2-8EA9-2C7C226A81C4}.Release|Any CPU.ActiveCfg = Release|Any CPU
		{9705C277-D27F-42C2-8EA9-2C7C226A81C4}.Release|Any CPU.Build.0 = Release|Any CPU
		{C01DAA27-F519-420E-8D36-FE29B0901A0C}.Debug|Any CPU.ActiveCfg = Debug|Any CPU
		{C01DAA27-F519-420E-8D36-FE29B0901A0C}.Debug|Any CPU.Build.0 = Debug|Any CPU
		{C01DAA27-F519-420E-8D36-FE29B0901A0C}.Release|Any CPU.ActiveCfg = Release|Any CPU
		{C01DAA27-F519-420E-8D36-FE29B0901A0C}.Release|Any CPU.Build.0 = Release|Any CPU
		{AB03DC5B-B327-47F9-AE06-B03D63297F5F}.Debug|Any CPU.ActiveCfg = Debug|Any CPU
		{AB03DC5B-B327-47F9-AE06-B03D63297F5F}.Debug|Any CPU.Build.0 = Debug|Any CPU
		{AB03DC5B-B327-47F9-AE06-B03D63297F5F}.Release|Any CPU.ActiveCfg = Release|Any CPU
		{AB03DC5B-B327-47F9-AE06-B03D63297F5F}.Release|Any CPU.Build.0 = Release|Any CPU
		{00F12AB3-7187-4D1C-B0DD-F0FC81CFE3EE}.Debug|Any CPU.ActiveCfg = Debug|Any CPU
		{00F12AB3-7187-4D1C-B0DD-F0FC81CFE3EE}.Debug|Any CPU.Build.0 = Debug|Any CPU
		{00F12AB3-7187-4D1C-B0DD-F0FC81CFE3EE}.Release|Any CPU.ActiveCfg = Release|Any CPU
		{00F12AB3-7187-4D1C-B0DD-F0FC81CFE3EE}.Release|Any CPU.Build.0 = Release|Any CPU
		{A93E6048-ED4C-4E6B-99F1-150D9836A878}.Debug|Any CPU.ActiveCfg = Debug|Any CPU
		{A93E6048-ED4C-4E6B-99F1-150D9836A878}.Debug|Any CPU.Build.0 = Debug|Any CPU
		{A93E6048-ED4C-4E6B-99F1-150D9836A878}.Release|Any CPU.ActiveCfg = Release|Any CPU
		{A93E6048-ED4C-4E6B-99F1-150D9836A878}.Release|Any CPU.Build.0 = Release|Any CPU
		{D2D7A874-EC27-4795-8528-E47966DFA3D7}.Debug|Any CPU.ActiveCfg = Debug|Any CPU
		{D2D7A874-EC27-4795-8528-E47966DFA3D7}.Debug|Any CPU.Build.0 = Debug|Any CPU
		{D2D7A874-EC27-4795-8528-E47966DFA3D7}.Release|Any CPU.ActiveCfg = Release|Any CPU
		{D2D7A874-EC27-4795-8528-E47966DFA3D7}.Release|Any CPU.Build.0 = Release|Any CPU
		{6465189F-69E7-4018-87EB-2BDAD06A84A3}.Debug|Any CPU.ActiveCfg = Debug|Any CPU
		{6465189F-69E7-4018-87EB-2BDAD06A84A3}.Debug|Any CPU.Build.0 = Debug|Any CPU
		{6465189F-69E7-4018-87EB-2BDAD06A84A3}.Release|Any CPU.ActiveCfg = Release|Any CPU
		{6465189F-69E7-4018-87EB-2BDAD06A84A3}.Release|Any CPU.Build.0 = Release|Any CPU
		{EFA407A6-8417-42AD-BAEA-6C91CB29C010}.Debug|Any CPU.ActiveCfg = Debug|Any CPU
		{EFA407A6-8417-42AD-BAEA-6C91CB29C010}.Debug|Any CPU.Build.0 = Debug|Any CPU
		{EFA407A6-8417-42AD-BAEA-6C91CB29C010}.Release|Any CPU.ActiveCfg = Release|Any CPU
		{EFA407A6-8417-42AD-BAEA-6C91CB29C010}.Release|Any CPU.Build.0 = Release|Any CPU
		{3A71B555-CF53-4FB4-92AF-F267E881BC74}.Debug|Any CPU.ActiveCfg = Debug|Any CPU
		{3A71B555-CF53-4FB4-92AF-F267E881BC74}.Debug|Any CPU.Build.0 = Debug|Any CPU
		{3A71B555-CF53-4FB4-92AF-F267E881BC74}.Release|Any CPU.ActiveCfg = Release|Any CPU
		{3A71B555-CF53-4FB4-92AF-F267E881BC74}.Release|Any CPU.Build.0 = Release|Any CPU
		{EC53B1F1-1728-4F63-96EE-E05F4362F40E}.Debug|Any CPU.ActiveCfg = Debug|Any CPU
		{EC53B1F1-1728-4F63-96EE-E05F4362F40E}.Debug|Any CPU.Build.0 = Debug|Any CPU
		{EC53B1F1-1728-4F63-96EE-E05F4362F40E}.Release|Any CPU.ActiveCfg = Release|Any CPU
		{EC53B1F1-1728-4F63-96EE-E05F4362F40E}.Release|Any CPU.Build.0 = Release|Any CPU
		{BD3789C6-9291-4ABD-A5D3-7FDBFAED74BA}.Debug|Any CPU.ActiveCfg = Debug|Any CPU
		{BD3789C6-9291-4ABD-A5D3-7FDBFAED74BA}.Debug|Any CPU.Build.0 = Debug|Any CPU
		{BD3789C6-9291-4ABD-A5D3-7FDBFAED74BA}.Release|Any CPU.ActiveCfg = Release|Any CPU
		{BD3789C6-9291-4ABD-A5D3-7FDBFAED74BA}.Release|Any CPU.Build.0 = Release|Any CPU
		{4AEC8406-B506-4FFF-B45A-84C4E6A40871}.Debug|Any CPU.ActiveCfg = Debug|Any CPU
		{4AEC8406-B506-4FFF-B45A-84C4E6A40871}.Debug|Any CPU.Build.0 = Debug|Any CPU
		{4AEC8406-B506-4FFF-B45A-84C4E6A40871}.Release|Any CPU.ActiveCfg = Release|Any CPU
		{4AEC8406-B506-4FFF-B45A-84C4E6A40871}.Release|Any CPU.Build.0 = Release|Any CPU
		{50383FA5-22F4-4479-A2AA-D008BFA37B4F}.Debug|Any CPU.ActiveCfg = Debug|Any CPU
		{50383FA5-22F4-4479-A2AA-D008BFA37B4F}.Debug|Any CPU.Build.0 = Debug|Any CPU
		{50383FA5-22F4-4479-A2AA-D008BFA37B4F}.Release|Any CPU.ActiveCfg = Release|Any CPU
		{50383FA5-22F4-4479-A2AA-D008BFA37B4F}.Release|Any CPU.Build.0 = Release|Any CPU
		{5B9291EE-66CF-474F-B824-DEEC0319C218}.Debug|Any CPU.ActiveCfg = Debug|Any CPU
		{5B9291EE-66CF-474F-B824-DEEC0319C218}.Debug|Any CPU.Build.0 = Debug|Any CPU
		{5B9291EE-66CF-474F-B824-DEEC0319C218}.Release|Any CPU.ActiveCfg = Release|Any CPU
		{5B9291EE-66CF-474F-B824-DEEC0319C218}.Release|Any CPU.Build.0 = Release|Any CPU
		{12EE72FF-DA75-4A1A-A563-F8DD3D147656}.Debug|Any CPU.ActiveCfg = Debug|Any CPU
		{12EE72FF-DA75-4A1A-A563-F8DD3D147656}.Debug|Any CPU.Build.0 = Debug|Any CPU
		{12EE72FF-DA75-4A1A-A563-F8DD3D147656}.Release|Any CPU.ActiveCfg = Release|Any CPU
		{12EE72FF-DA75-4A1A-A563-F8DD3D147656}.Release|Any CPU.Build.0 = Release|Any CPU
		{232A1736-FF70-4F6E-B595-26DCCF25163A}.Debug|Any CPU.ActiveCfg = Debug|Any CPU
		{232A1736-FF70-4F6E-B595-26DCCF25163A}.Debug|Any CPU.Build.0 = Debug|Any CPU
		{232A1736-FF70-4F6E-B595-26DCCF25163A}.Release|Any CPU.ActiveCfg = Release|Any CPU
		{232A1736-FF70-4F6E-B595-26DCCF25163A}.Release|Any CPU.Build.0 = Release|Any CPU
		{176A0E58-A25D-408D-9012-52815032811A}.Debug|Any CPU.ActiveCfg = Debug|Any CPU
		{176A0E58-A25D-408D-9012-52815032811A}.Debug|Any CPU.Build.0 = Debug|Any CPU
		{176A0E58-A25D-408D-9012-52815032811A}.Release|Any CPU.ActiveCfg = Release|Any CPU
		{176A0E58-A25D-408D-9012-52815032811A}.Release|Any CPU.Build.0 = Release|Any CPU
		{3D909C41-F820-4633-A8C5-F95EE8190966}.Debug|Any CPU.ActiveCfg = Debug|Any CPU
		{3D909C41-F820-4633-A8C5-F95EE8190966}.Debug|Any CPU.Build.0 = Debug|Any CPU
		{3D909C41-F820-4633-A8C5-F95EE8190966}.Release|Any CPU.ActiveCfg = Release|Any CPU
		{3D909C41-F820-4633-A8C5-F95EE8190966}.Release|Any CPU.Build.0 = Release|Any CPU
		{8AEF1AE2-E3DD-490F-BDAE-D157952ECAB9}.Debug|Any CPU.ActiveCfg = Debug|Any CPU
		{8AEF1AE2-E3DD-490F-BDAE-D157952ECAB9}.Debug|Any CPU.Build.0 = Debug|Any CPU
		{8AEF1AE2-E3DD-490F-BDAE-D157952ECAB9}.Release|Any CPU.ActiveCfg = Release|Any CPU
		{8AEF1AE2-E3DD-490F-BDAE-D157952ECAB9}.Release|Any CPU.Build.0 = Release|Any CPU
		{E67EFCBC-863F-4800-8724-E518799F63CB}.Debug|Any CPU.ActiveCfg = Debug|Any CPU
		{E67EFCBC-863F-4800-8724-E518799F63CB}.Debug|Any CPU.Build.0 = Debug|Any CPU
		{E67EFCBC-863F-4800-8724-E518799F63CB}.Release|Any CPU.ActiveCfg = Release|Any CPU
		{E67EFCBC-863F-4800-8724-E518799F63CB}.Release|Any CPU.Build.0 = Release|Any CPU
		{65D6799E-392B-4D2A-B5F4-5070F6D77787}.Debug|Any CPU.ActiveCfg = Debug|Any CPU
		{65D6799E-392B-4D2A-B5F4-5070F6D77787}.Debug|Any CPU.Build.0 = Debug|Any CPU
		{65D6799E-392B-4D2A-B5F4-5070F6D77787}.Release|Any CPU.ActiveCfg = Release|Any CPU
		{65D6799E-392B-4D2A-B5F4-5070F6D77787}.Release|Any CPU.Build.0 = Release|Any CPU
		{1CF5406C-5D27-4A22-95E3-08BE7A6EDFA7}.Debug|Any CPU.ActiveCfg = Debug|Any CPU
		{1CF5406C-5D27-4A22-95E3-08BE7A6EDFA7}.Debug|Any CPU.Build.0 = Debug|Any CPU
		{1CF5406C-5D27-4A22-95E3-08BE7A6EDFA7}.Release|Any CPU.ActiveCfg = Release|Any CPU
		{1CF5406C-5D27-4A22-95E3-08BE7A6EDFA7}.Release|Any CPU.Build.0 = Release|Any CPU
		{A7893025-3BFD-4BDA-A266-3C2CD7E9309D}.Debug|Any CPU.ActiveCfg = Debug|Any CPU
		{A7893025-3BFD-4BDA-A266-3C2CD7E9309D}.Debug|Any CPU.Build.0 = Debug|Any CPU
		{A7893025-3BFD-4BDA-A266-3C2CD7E9309D}.Release|Any CPU.ActiveCfg = Release|Any CPU
		{A7893025-3BFD-4BDA-A266-3C2CD7E9309D}.Release|Any CPU.Build.0 = Release|Any CPU
		{C5285F65-B2CE-4793-B0EC-583D62D8741F}.Debug|Any CPU.ActiveCfg = Debug|Any CPU
		{C5285F65-B2CE-4793-B0EC-583D62D8741F}.Debug|Any CPU.Build.0 = Debug|Any CPU
		{C5285F65-B2CE-4793-B0EC-583D62D8741F}.Release|Any CPU.ActiveCfg = Release|Any CPU
		{C5285F65-B2CE-4793-B0EC-583D62D8741F}.Release|Any CPU.Build.0 = Release|Any CPU
		{081EF1CE-78D6-40ED-B982-381E2B85C2B2}.Debug|Any CPU.ActiveCfg = Debug|Any CPU
		{081EF1CE-78D6-40ED-B982-381E2B85C2B2}.Debug|Any CPU.Build.0 = Debug|Any CPU
		{081EF1CE-78D6-40ED-B982-381E2B85C2B2}.Release|Any CPU.ActiveCfg = Release|Any CPU
		{081EF1CE-78D6-40ED-B982-381E2B85C2B2}.Release|Any CPU.Build.0 = Release|Any CPU
		{9373B7BB-4445-4DAA-A3CE-94556526908B}.Debug|Any CPU.ActiveCfg = Debug|Any CPU
		{9373B7BB-4445-4DAA-A3CE-94556526908B}.Debug|Any CPU.Build.0 = Debug|Any CPU
		{9373B7BB-4445-4DAA-A3CE-94556526908B}.Release|Any CPU.ActiveCfg = Release|Any CPU
		{9373B7BB-4445-4DAA-A3CE-94556526908B}.Release|Any CPU.Build.0 = Release|Any CPU
		{832AB866-7A8C-4F9F-9D76-DC4ED3B7FE3A}.Debug|Any CPU.ActiveCfg = Debug|Any CPU
		{832AB866-7A8C-4F9F-9D76-DC4ED3B7FE3A}.Debug|Any CPU.Build.0 = Debug|Any CPU
		{832AB866-7A8C-4F9F-9D76-DC4ED3B7FE3A}.Release|Any CPU.ActiveCfg = Release|Any CPU
		{832AB866-7A8C-4F9F-9D76-DC4ED3B7FE3A}.Release|Any CPU.Build.0 = Release|Any CPU
	EndGlobalSection
EndGlobal
