
Microsoft Visual Studio Solution File, Format Version 12.00
Project("{FAE04EC0-301F-11D3-BF4B-00C04F79EFBC}") = "HelloCat", "Day_1\HelloCat\HelloCat.csproj", "{B9C199EE-03CD-48C4-9C1B-80A47C502B5A}"
EndProject
Project("{FAE04EC0-301F-11D3-BF4B-00C04F79EFBC}") = "Calculator", "Day_2\Calculator\Calculator.csproj", "{09EC17FE-99A2-4F01-A984-FAA92F71EBEE}"
EndProject
Project("{FAE04EC0-301F-11D3-BF4B-00C04F79EFBC}") = "CarProject", "Day_2\CarProject\CarProject.csproj", "{C55580C0-014E-430F-A478-2137F21F3A93}"
EndProject
Project("{2150E333-8FDC-42A3-9474-1A3956D46DE8}") = "Day_1", "Day_1", "{EF85F78D-29F7-49E3-9184-97D0B107026A}"
EndProject
Project("{2150E333-8FDC-42A3-9474-1A3956D46DE8}") = "Day_2", "Day_2", "{4EC5FF95-47BD-4C28-A305-9DE2BA776081}"
EndProject
Project("{FAE04EC0-301F-11D3-BF4B-00C04F79EFBC}") = "CatProgram", "Day_2\CatProgram\CatProgram.csproj", "{75006840-D6F0-4EE8-9C93-A95BB3C3283A}"
EndProject
Project("{FAE04EC0-301F-11D3-BF4B-00C04F79EFBC}") = "CatProgramParameter", "Day_2\CatProgramParameter\CatProgramParameter.csproj", "{47E1CD5F-6654-46EF-B229-767590702C27}"
EndProject
Project("{2150E333-8FDC-42A3-9474-1A3956D46DE8}") = "Day_3", "Day_3", "{42248884-24C5-4468-8C35-A72AE8F7385E}"
EndProject
Project("{FAE04EC0-301F-11D3-BF4B-00C04F79EFBC}") = "Encapsulation", "Day_3\Encapsulation\Encapsulation.csproj", "{A58EDEBC-89E1-43F8-8341-77EF23D4CC0F}"
EndProject
Project("{FAE04EC0-301F-11D3-BF4B-00C04F79EFBC}") = "Inheritance", "Day_3\Inheritance\Inheritance.csproj", "{9A2AB0B4-C6B2-425E-847A-D0305C90CA86}"
EndProject
Project("{FAE04EC0-301F-11D3-BF4B-00C04F79EFBC}") = "Inheritance_B", "Day_3\Inheritance_B\Inheritance_B.csproj", "{C3E98D07-AAD8-4268-A450-EAC43B812FF9}"
EndProject
Project("{FAE04EC0-301F-11D3-BF4B-00C04F79EFBC}") = "Inheritance_C", "Day_3\Inheritance_C\Inheritance_C.csproj", "{4DBE9F51-3773-4135-A304-C838F7BF6C4B}"
EndProject
Project("{FAE04EC0-301F-11D3-BF4B-00C04F79EFBC}") = "Inheritance_D", "Day_3\Inheritance_D\Inheritance_D.csproj", "{1B82A266-A511-4C7F-A3B8-A46167CDE077}"
EndProject
Project("{FAE04EC0-301F-11D3-BF4B-00C04F79EFBC}") = "Polymorphism_Final", "Day_3\Polymorphism_Final\Polymorphism_Final.csproj", "{752A0FD3-1814-4B77-BAB4-4B3F33307E0A}"
EndProject
Project("{FAE04EC0-301F-11D3-BF4B-00C04F79EFBC}") = "Polymorphism_MethodHiding", "Day_3\Polymorphism_MethodHiding\Polymorphism_MethodHiding.csproj", "{DB7FCF3B-F854-4698-91FA-81ED8BA126F2}"
EndProject
Project("{FAE04EC0-301F-11D3-BF4B-00C04F79EFBC}") = "Polymorphism_Overloading", "Day_3\Polymorphism_Overloading\Polymorphism_Overloading.csproj", "{17768F8A-7972-49E1-800D-FD7EE5F892F0}"
EndProject
Project("{FAE04EC0-301F-11D3-BF4B-00C04F79EFBC}") = "Polymorphism_Overriding", "Day_3\Polymorphism_Overriding\Polymorphism_Overriding.csproj", "{677D8FA9-96EE-4586-A534-6357C657B2D9}"
EndProject
Project("{2150E333-8FDC-42A3-9474-1A3956D46DE8}") = "Day_4", "Day_4", "{D49B176F-1C20-4F53-8184-398FF128EDC4}"
EndProject
Project("{FAE04EC0-301F-11D3-BF4B-00C04F79EFBC}") = "Abstraction", "Day_4\Abstraction\Abstraction.csproj", "{62144B7A-BB81-476F-A2EE-CF4ED30B5F11}"
EndProject
Project("{FAE04EC0-301F-11D3-BF4B-00C04F79EFBC}") = "Abstraction_Multi_Level_Inheritance", "Day_4\Abstraction_Multi_Level_Inheritance\Abstraction_Multi_Level_Inheritance.csproj", "{A4E7C0B3-565E-4E54-B675-DE6C48E507C2}"
EndProject
Project("{FAE04EC0-301F-11D3-BF4B-00C04F79EFBC}") = "Class_Base_This", "Day_4\Class_Base_This\Class_Base_This.csproj", "{D960EC47-80B9-4BC6-A54F-0C167113410D}"
EndProject
Project("{FAE04EC0-301F-11D3-BF4B-00C04F79EFBC}") = "Interface", "Day_4\Interface\Interface.csproj", "{6CFB82ED-FC67-4587-94C7-961B2BBA6B26}"
EndProject
Project("{FAE04EC0-301F-11D3-BF4B-00C04F79EFBC}") = "Interface_Seggregation", "Day_4\Interface_Seggregation\Interface_Seggregation.csproj", "{76C11845-329F-495B-BBCA-9BF5A086C024}"
EndProject
Project("{FAE04EC0-301F-11D3-BF4B-00C04F79EFBC}") = "Interface_Seggregation_Implementation", "Day_4\Interface_Seggregation_Implementation\Interface_Seggregation_Implementation.csproj", "{255C076E-F4B3-4B6D-8CA8-FC4B276D2D4D}"
EndProject
Project("{FAE04EC0-301F-11D3-BF4B-00C04F79EFBC}") = "Tugas_1", "Day_4\Tugas_1\Tugas_1.csproj", "{806CD34F-998C-4929-A4C7-C368B740856B}"
EndProject
Project("{2150E333-8FDC-42A3-9474-1A3956D46DE8}") = "Day_10", "Day_10", "{8765504A-134E-4556-BF53-F71A4EA01812}"
EndProject
Project("{FAE04EC0-301F-11D3-BF4B-00C04F79EFBC}") = "ComparissonString", "Day_10\ComparissonString\ComparissonString.csproj", "{9F47F416-612A-40CC-96B3-872DF78D50DC}"
EndProject
Project("{FAE04EC0-301F-11D3-BF4B-00C04F79EFBC}") = "ComparissonStringBuilder", "Day_10\ComparissonStringBuilder\ComparissonStringBuilder.csproj", "{EE690538-E2C2-43B5-AFD8-2F27A845A174}"
EndProject
Project("{2150E333-8FDC-42A3-9474-1A3956D46DE8}") = "Day_9", "Day_9", "{3E4EA799-561C-4037-BAD4-3A516F3924F8}"
EndProject
Project("{FAE04EC0-301F-11D3-BF4B-00C04F79EFBC}") = "Action", "Day_9\Action\Action.csproj", "{E80A55B5-8058-4106-84D7-36235F12220B}"
EndProject
Project("{FAE04EC0-301F-11D3-BF4B-00C04F79EFBC}") = "Array", "Day_9\Array\Array.csproj", "{84385542-EE86-4FA0-A045-06A4366902FD}"
EndProject
Project("{FAE04EC0-301F-11D3-BF4B-00C04F79EFBC}") = "ArrayInt", "Day_9\ArrayInt\ArrayInt.csproj", "{98699B87-7B9F-47B7-A5F9-341E2ECE6A34}"
EndProject
Project("{FAE04EC0-301F-11D3-BF4B-00C04F79EFBC}") = "ArrayList", "Day_9\ArrayList\ArrayList.csproj", "{CAA27A03-DFEA-43B5-A7D2-28C26B38B4A7}"
EndProject
Project("{FAE04EC0-301F-11D3-BF4B-00C04F79EFBC}") = "HashSet", "Day_9\HashSet\HashSet.csproj", "{A3571315-328D-4FDF-9226-43CA4FD99962}"
EndProject
Project("{FAE04EC0-301F-11D3-BF4B-00C04F79EFBC}") = "List", "Day_9\List\List.csproj", "{578330C4-D945-44CF-8805-0F5A2E59A54E}"
EndProject
Project("{FAE04EC0-301F-11D3-BF4B-00C04F79EFBC}") = "TryCatchFinally", "Day_9\TryCatchFinally\TryCatchFinally.csproj", "{6A8102C5-238F-4A8F-A704-9DB4205A3CAD}"
EndProject
Project("{2150E333-8FDC-42A3-9474-1A3956D46DE8}") = "Day_5", "Day_5", "{0F3FB1C3-59A6-4932-A6EB-3B93B4B4A999}"
EndProject
Project("{FAE04EC0-301F-11D3-BF4B-00C04F79EFBC}") = "ChildParent", "Day_5\ChildParent\ChildParent.csproj", "{85FD99D4-D5E7-4DBB-A252-6C84B86346F2}"
EndProject
Project("{FAE04EC0-301F-11D3-BF4B-00C04F79EFBC}") = "ClassCastingImplementation", "Day_5\ClassCastingImplementation\ClassCastingImplementation.csproj", "{59425742-C071-4EFE-8FFC-88172772EF48}"
EndProject
Project("{FAE04EC0-301F-11D3-BF4B-00C04F79EFBC}") = "Enum", "Day_5\Enum\Enum.csproj", "{BF5E0E82-2994-4D63-ABF5-69BEDA0B3178}"
EndProject
Project("{FAE04EC0-301F-11D3-BF4B-00C04F79EFBC}") = "GameControllerImplementation", "Day_5\GameControllerImplementation\GameControllerImplementation.csproj", "{58FFB1AA-E9DF-4393-B04E-0A366A4A0CE7}"
EndProject
Project("{FAE04EC0-301F-11D3-BF4B-00C04F79EFBC}") = "MutableImutable", "Day_5\MutableImutable\MutableImutable.csproj", "{AA2AFB3B-CB47-41B4-A429-A0084A9435AC}"
EndProject
Project("{FAE04EC0-301F-11D3-BF4B-00C04F79EFBC}") = "Reference", "Day_5\Reference\Reference.csproj", "{DD647BF9-EC04-4B02-85C4-9DA93E92F906}"
EndProject
Project("{FAE04EC0-301F-11D3-BF4B-00C04F79EFBC}") = "Value", "Day_5\Value\Value.csproj", "{068E28F7-FCB4-47E3-AFCA-414F87793F3E}"
EndProject
Project("{FAE04EC0-301F-11D3-BF4B-00C04F79EFBC}") = "ArrayObjectParams", "Day_6\ArrayObjectParams\ArrayObjectParams.csproj", "{F5E347AE-1E05-42BD-B0C6-25EC83D86A90}"
EndProject
Project("{FAE04EC0-301F-11D3-BF4B-00C04F79EFBC}") = "Const", "Day_6\Const\Const.csproj", "{BB453EDE-DD66-4511-977F-31C7157B8D57}"
EndProject
Project("{FAE04EC0-301F-11D3-BF4B-00C04F79EFBC}") = "Dynamic", "Day_6\Dynamic\Dynamic.csproj", "{45E68024-52BB-43CD-BB3B-65009E57EB91}"
EndProject
Project("{FAE04EC0-301F-11D3-BF4B-00C04F79EFBC}") = "ExtensionMethod", "Day_6\ExtensionMethod\ExtensionMethod.csproj", "{59ACD3E9-BE1E-4F2C-8AD1-16F144477E18}"
EndProject
Project("{FAE04EC0-301F-11D3-BF4B-00C04F79EFBC}") = "ExtensionMethod2", "Day_6\ExtensionMethod2\ExtensionMethod2.csproj", "{A2A17944-FDC0-4763-8DFF-3B1890345F8E}"
EndProject
Project("{FAE04EC0-301F-11D3-BF4B-00C04F79EFBC}") = "In", "Day_6\In\In.csproj", "{498EB818-E51A-4875-8020-90D3C9A92D4B}"
EndProject
Project("{FAE04EC0-301F-11D3-BF4B-00C04F79EFBC}") = "InReference", "Day_6\InReference\InReference.csproj", "{7070ED94-0D4A-4A64-A717-A2AF4A680911}"
EndProject
Project("{FAE04EC0-301F-11D3-BF4B-00C04F79EFBC}") = "IsAs", "Day_6\IsAs\IsAs.csproj", "{5D21698A-4A3A-4431-BD0A-72F892F1814E}"
EndProject
Project("{FAE04EC0-301F-11D3-BF4B-00C04F79EFBC}") = "LocalVariable", "Day_6\LocalVariable\LocalVariable.csproj", "{550517A5-C01E-4D11-9983-099898392EF5}"
EndProject
Project("{FAE04EC0-301F-11D3-BF4B-00C04F79EFBC}") = "Object", "Day_6\Object\Object.csproj", "{6067757E-260C-4EAB-9CD0-E53AF2472D00}"
EndProject
Project("{FAE04EC0-301F-11D3-BF4B-00C04F79EFBC}") = "ObjectWeakness", "Day_6\ObjectWeakness\ObjectWeakness.csproj", "{EE550E76-2E5F-415A-8EB9-0CDEB95F937F}"
EndProject
Project("{FAE04EC0-301F-11D3-BF4B-00C04F79EFBC}") = "Out", "Day_6\Out\Out.csproj", "{BD23957B-6369-4818-81F3-6E0E9703ED43}"
EndProject
Project("{FAE04EC0-301F-11D3-BF4B-00C04F79EFBC}") = "OverrideToString", "Day_6\OverrideToString\OverrideToString.csproj", "{E85FC9C0-43AE-4986-B564-721F46D778DC}"
EndProject
Project("{FAE04EC0-301F-11D3-BF4B-00C04F79EFBC}") = "Property", "Day_6\Property\Property.csproj", "{1C1EC1EC-CF5E-4BAB-B031-D83BA27C54C8}"
EndProject
Project("{FAE04EC0-301F-11D3-BF4B-00C04F79EFBC}") = "PropertyAndInterface", "Day_6\PropertyAndInterface\PropertyAndInterface.csproj", "{B5CF677F-275E-451D-B55D-CFA95AD06B3B}"
EndProject
Project("{FAE04EC0-301F-11D3-BF4B-00C04F79EFBC}") = "Ref", "Day_6\Ref\Ref.csproj", "{FE2282E0-DBD7-4BB0-9BE7-065574906534}"
EndProject
Project("{FAE04EC0-301F-11D3-BF4B-00C04F79EFBC}") = "Static", "Day_6\Static\Static.csproj", "{318DB777-77A1-4783-82B7-1DCAB3704759}"
EndProject
Project("{FAE04EC0-301F-11D3-BF4B-00C04F79EFBC}") = "StaticNonStatic", "Day_6\StaticNonStatic\StaticNonStatic.csproj", "{0BC97B34-B5A6-4E3C-98B8-D5A57DEDF8B5}"
EndProject
Project("{FAE04EC0-301F-11D3-BF4B-00C04F79EFBC}") = "StaticTrackCreate", "Day_6\StaticTrackCreate\StaticTrackCreate.csproj", "{81400558-DFD2-4234-9189-CF092BA1BF55}"
EndProject
Project("{2150E333-8FDC-42A3-9474-1A3956D46DE8}") = "Day_6", "Day_6", "{F5975EA2-DB88-4DCD-919D-8367439E26B0}"
EndProject
Project("{2150E333-8FDC-42A3-9474-1A3956D46DE8}") = "Day_7", "Day_7", "{9228D3DF-5052-4E7D-9D0E-B96FBB15FEB9}"
EndProject
Project("{FAE04EC0-301F-11D3-BF4B-00C04F79EFBC}") = "CatchDelegateWithReturnValue", "Day_7\CatchDelegateWithReturnValue\CatchDelegateWithReturnValue.csproj", "{9CB26AE4-46E3-4E35-87D7-1884885B5E24}"
EndProject
Project("{FAE04EC0-301F-11D3-BF4B-00C04F79EFBC}") = "Collection", "Day_7\Collection\Collection.csproj", "{EC78CC6F-931C-4ABA-A0A1-21E183119E0B}"
EndProject
Project("{FAE04EC0-301F-11D3-BF4B-00C04F79EFBC}") = "DelegateWithReturnValue", "Day_7\DelegateWithReturnValue\DelegateWithReturnValue.csproj", "{57AC6579-8744-4BCB-8569-3CD0652AFCFF}"
EndProject
Project("{FAE04EC0-301F-11D3-BF4B-00C04F79EFBC}") = "Dumper", "Day_7\Dumper\Dumper.csproj", "{0A3D4B41-FC7D-46F0-9BDF-E576A22D255F}"
EndProject
Project("{FAE04EC0-301F-11D3-BF4B-00C04F79EFBC}") = "Generic", "Day_7\Generic\Generic.csproj", "{1375B431-D094-4B26-B9EA-05B99D6563FA}"
EndProject
Project("{FAE04EC0-301F-11D3-BF4B-00C04F79EFBC}") = "GenericBasic", "Day_7\GenericBasic\GenericBasic.csproj", "{2A07A3DF-DF10-4F37-ABF1-11B55B9EE450}"
EndProject
Project("{FAE04EC0-301F-11D3-BF4B-00C04F79EFBC}") = "GenericConstraint", "Day_7\GenericConstraint\GenericConstraint.csproj", "{E78EBF36-AEBE-480F-9EB2-21761308EA3A}"
EndProject
Project("{FAE04EC0-301F-11D3-BF4B-00C04F79EFBC}") = "MulticastDelegate", "Day_7\MulticastDelegate\MulticastDelegate.csproj", "{CE809086-6874-442F-AA63-446023E72ACC}"
EndProject
Project("{FAE04EC0-301F-11D3-BF4B-00C04F79EFBC}") = "MulticastDelegate2", "Day_7\MulticastDelegate2\MulticastDelegate2.csproj", "{920BE150-22C9-4161-9E09-BCD36DC94317}"
EndProject
Project("{FAE04EC0-301F-11D3-BF4B-00C04F79EFBC}") = "MulticastDelegate3", "Day_7\MulticastDelegate3\MulticastDelegate3.csproj", "{6F97F8E9-8E01-4874-9E05-A377244B018C}"
EndProject
Project("{FAE04EC0-301F-11D3-BF4B-00C04F79EFBC}") = "OperatorOverloading", "Day_7\OperatorOverloading\OperatorOverloading.csproj", "{FF125CE2-1FC2-47A1-B0D4-889F9580896C}"
EndProject
Project("{FAE04EC0-301F-11D3-BF4B-00C04F79EFBC}") = "SimplePubSub", "Day_7\SimplePubSub\SimplePubSub.csproj", "{AAA826AF-DF6D-4827-A2C7-7047F2471E64}"
EndProject
Project("{FAE04EC0-301F-11D3-BF4B-00C04F79EFBC}") = "SingleDelegate", "Day_7\SingleDelegate\SingleDelegate.csproj", "{FE310887-046C-4ACA-8807-F5EB5D947473}"
EndProject
Project("{2150E333-8FDC-42A3-9474-1A3956D46DE8}") = "Day_8", "Day_8", "{43C43765-A3A8-4564-8C18-75CBE6289BCF}"
EndProject
Project("{FAE04EC0-301F-11D3-BF4B-00C04F79EFBC}") = "EventHandlerGenericT", "Day_8\EventHandlerGenericT\EventHandlerGenericT.csproj", "{D59D3F51-87EB-4C7E-BF31-3D2129FA8402}"
EndProject
Project("{FAE04EC0-301F-11D3-BF4B-00C04F79EFBC}") = "EventTutorial", "Day_8\EventTutorial\EventTutorial.csproj", "{55364776-E8B1-4141-BB1D-C239B4127359}"
EndProject
Project("{FAE04EC0-301F-11D3-BF4B-00C04F79EFBC}") = "Func", "Day_8\Func\Func.csproj", "{4E86BB4D-2C0B-4CC3-A832-A187522AF478}"
EndProject
Project("{FAE04EC0-301F-11D3-BF4B-00C04F79EFBC}") = "GameController", "Day_8\GameController\GameController.csproj", "{23582C32-1DAD-43D7-B901-E04917DA4F2E}"
EndProject
Project("{FAE04EC0-301F-11D3-BF4B-00C04F79EFBC}") = "ThrowException", "Day_8\ThrowException\ThrowException.csproj", "{566618E6-27B0-4737-9DEA-F3C305D64C20}"
EndProject
Project("{FAE04EC0-301F-11D3-BF4B-00C04F79EFBC}") = "TryCatch", "Day_8\TryCatch\TryCatch.csproj", "{473EED69-C968-4574-A07F-444B0B80AD88}"
EndProject
Project("{FAE04EC0-301F-11D3-BF4B-00C04F79EFBC}") = "Tuple", "Day_8\Tuple\Tuple.csproj", "{D6358646-1C1D-43C9-846D-65C1C6A4BE9A}"
EndProject
Project("{FAE04EC0-301F-11D3-BF4B-00C04F79EFBC}") = "Youtuber", "Day_8\Youtuber\Youtuber.csproj", "{0D9D39E2-5C4A-416B-AAAE-641E87D0ACD7}"
EndProject
Global
	GlobalSection(SolutionConfigurationPlatforms) = preSolution
		Debug|Any CPU = Debug|Any CPU
		Release|Any CPU = Release|Any CPU
	EndGlobalSection
	GlobalSection(ProjectConfigurationPlatforms) = postSolution
		{B9C199EE-03CD-48C4-9C1B-80A47C502B5A}.Debug|Any CPU.ActiveCfg = Debug|Any CPU
		{B9C199EE-03CD-48C4-9C1B-80A47C502B5A}.Debug|Any CPU.Build.0 = Debug|Any CPU
		{B9C199EE-03CD-48C4-9C1B-80A47C502B5A}.Release|Any CPU.ActiveCfg = Release|Any CPU
		{B9C199EE-03CD-48C4-9C1B-80A47C502B5A}.Release|Any CPU.Build.0 = Release|Any CPU
		{09EC17FE-99A2-4F01-A984-FAA92F71EBEE}.Debug|Any CPU.ActiveCfg = Debug|Any CPU
		{09EC17FE-99A2-4F01-A984-FAA92F71EBEE}.Debug|Any CPU.Build.0 = Debug|Any CPU
		{09EC17FE-99A2-4F01-A984-FAA92F71EBEE}.Release|Any CPU.ActiveCfg = Release|Any CPU
		{09EC17FE-99A2-4F01-A984-FAA92F71EBEE}.Release|Any CPU.Build.0 = Release|Any CPU
		{C55580C0-014E-430F-A478-2137F21F3A93}.Debug|Any CPU.ActiveCfg = Debug|Any CPU
		{C55580C0-014E-430F-A478-2137F21F3A93}.Debug|Any CPU.Build.0 = Debug|Any CPU
		{C55580C0-014E-430F-A478-2137F21F3A93}.Release|Any CPU.ActiveCfg = Release|Any CPU
		{C55580C0-014E-430F-A478-2137F21F3A93}.Release|Any CPU.Build.0 = Release|Any CPU
		{75006840-D6F0-4EE8-9C93-A95BB3C3283A}.Debug|Any CPU.ActiveCfg = Debug|Any CPU
		{75006840-D6F0-4EE8-9C93-A95BB3C3283A}.Debug|Any CPU.Build.0 = Debug|Any CPU
		{75006840-D6F0-4EE8-9C93-A95BB3C3283A}.Release|Any CPU.ActiveCfg = Release|Any CPU
		{75006840-D6F0-4EE8-9C93-A95BB3C3283A}.Release|Any CPU.Build.0 = Release|Any CPU
		{47E1CD5F-6654-46EF-B229-767590702C27}.Debug|Any CPU.ActiveCfg = Debug|Any CPU
		{47E1CD5F-6654-46EF-B229-767590702C27}.Debug|Any CPU.Build.0 = Debug|Any CPU
		{47E1CD5F-6654-46EF-B229-767590702C27}.Release|Any CPU.ActiveCfg = Release|Any CPU
		{47E1CD5F-6654-46EF-B229-767590702C27}.Release|Any CPU.Build.0 = Release|Any CPU
		{A58EDEBC-89E1-43F8-8341-77EF23D4CC0F}.Debug|Any CPU.ActiveCfg = Debug|Any CPU
		{A58EDEBC-89E1-43F8-8341-77EF23D4CC0F}.Debug|Any CPU.Build.0 = Debug|Any CPU
		{A58EDEBC-89E1-43F8-8341-77EF23D4CC0F}.Release|Any CPU.ActiveCfg = Release|Any CPU
		{A58EDEBC-89E1-43F8-8341-77EF23D4CC0F}.Release|Any CPU.Build.0 = Release|Any CPU
		{9A2AB0B4-C6B2-425E-847A-D0305C90CA86}.Debug|Any CPU.ActiveCfg = Debug|Any CPU
		{9A2AB0B4-C6B2-425E-847A-D0305C90CA86}.Debug|Any CPU.Build.0 = Debug|Any CPU
		{9A2AB0B4-C6B2-425E-847A-D0305C90CA86}.Release|Any CPU.ActiveCfg = Release|Any CPU
		{9A2AB0B4-C6B2-425E-847A-D0305C90CA86}.Release|Any CPU.Build.0 = Release|Any CPU
		{C3E98D07-AAD8-4268-A450-EAC43B812FF9}.Debug|Any CPU.ActiveCfg = Debug|Any CPU
		{C3E98D07-AAD8-4268-A450-EAC43B812FF9}.Debug|Any CPU.Build.0 = Debug|Any CPU
		{C3E98D07-AAD8-4268-A450-EAC43B812FF9}.Release|Any CPU.ActiveCfg = Release|Any CPU
		{C3E98D07-AAD8-4268-A450-EAC43B812FF9}.Release|Any CPU.Build.0 = Release|Any CPU
		{4DBE9F51-3773-4135-A304-C838F7BF6C4B}.Debug|Any CPU.ActiveCfg = Debug|Any CPU
		{4DBE9F51-3773-4135-A304-C838F7BF6C4B}.Debug|Any CPU.Build.0 = Debug|Any CPU
		{4DBE9F51-3773-4135-A304-C838F7BF6C4B}.Release|Any CPU.ActiveCfg = Release|Any CPU
		{4DBE9F51-3773-4135-A304-C838F7BF6C4B}.Release|Any CPU.Build.0 = Release|Any CPU
		{1B82A266-A511-4C7F-A3B8-A46167CDE077}.Debug|Any CPU.ActiveCfg = Debug|Any CPU
		{1B82A266-A511-4C7F-A3B8-A46167CDE077}.Debug|Any CPU.Build.0 = Debug|Any CPU
		{1B82A266-A511-4C7F-A3B8-A46167CDE077}.Release|Any CPU.ActiveCfg = Release|Any CPU
		{1B82A266-A511-4C7F-A3B8-A46167CDE077}.Release|Any CPU.Build.0 = Release|Any CPU
		{752A0FD3-1814-4B77-BAB4-4B3F33307E0A}.Debug|Any CPU.ActiveCfg = Debug|Any CPU
		{752A0FD3-1814-4B77-BAB4-4B3F33307E0A}.Debug|Any CPU.Build.0 = Debug|Any CPU
		{752A0FD3-1814-4B77-BAB4-4B3F33307E0A}.Release|Any CPU.ActiveCfg = Release|Any CPU
		{752A0FD3-1814-4B77-BAB4-4B3F33307E0A}.Release|Any CPU.Build.0 = Release|Any CPU
		{DB7FCF3B-F854-4698-91FA-81ED8BA126F2}.Debug|Any CPU.ActiveCfg = Debug|Any CPU
		{DB7FCF3B-F854-4698-91FA-81ED8BA126F2}.Debug|Any CPU.Build.0 = Debug|Any CPU
		{DB7FCF3B-F854-4698-91FA-81ED8BA126F2}.Release|Any CPU.ActiveCfg = Release|Any CPU
		{DB7FCF3B-F854-4698-91FA-81ED8BA126F2}.Release|Any CPU.Build.0 = Release|Any CPU
		{17768F8A-7972-49E1-800D-FD7EE5F892F0}.Debug|Any CPU.ActiveCfg = Debug|Any CPU
		{17768F8A-7972-49E1-800D-FD7EE5F892F0}.Debug|Any CPU.Build.0 = Debug|Any CPU
		{17768F8A-7972-49E1-800D-FD7EE5F892F0}.Release|Any CPU.ActiveCfg = Release|Any CPU
		{17768F8A-7972-49E1-800D-FD7EE5F892F0}.Release|Any CPU.Build.0 = Release|Any CPU
		{677D8FA9-96EE-4586-A534-6357C657B2D9}.Debug|Any CPU.ActiveCfg = Debug|Any CPU
		{677D8FA9-96EE-4586-A534-6357C657B2D9}.Debug|Any CPU.Build.0 = Debug|Any CPU
		{677D8FA9-96EE-4586-A534-6357C657B2D9}.Release|Any CPU.ActiveCfg = Release|Any CPU
		{677D8FA9-96EE-4586-A534-6357C657B2D9}.Release|Any CPU.Build.0 = Release|Any CPU
		{62144B7A-BB81-476F-A2EE-CF4ED30B5F11}.Debug|Any CPU.ActiveCfg = Debug|Any CPU
		{62144B7A-BB81-476F-A2EE-CF4ED30B5F11}.Debug|Any CPU.Build.0 = Debug|Any CPU
		{62144B7A-BB81-476F-A2EE-CF4ED30B5F11}.Release|Any CPU.ActiveCfg = Release|Any CPU
		{62144B7A-BB81-476F-A2EE-CF4ED30B5F11}.Release|Any CPU.Build.0 = Release|Any CPU
		{A4E7C0B3-565E-4E54-B675-DE6C48E507C2}.Debug|Any CPU.ActiveCfg = Debug|Any CPU
		{A4E7C0B3-565E-4E54-B675-DE6C48E507C2}.Debug|Any CPU.Build.0 = Debug|Any CPU
		{A4E7C0B3-565E-4E54-B675-DE6C48E507C2}.Release|Any CPU.ActiveCfg = Release|Any CPU
		{A4E7C0B3-565E-4E54-B675-DE6C48E507C2}.Release|Any CPU.Build.0 = Release|Any CPU
		{D960EC47-80B9-4BC6-A54F-0C167113410D}.Debug|Any CPU.ActiveCfg = Debug|Any CPU
		{D960EC47-80B9-4BC6-A54F-0C167113410D}.Debug|Any CPU.Build.0 = Debug|Any CPU
		{D960EC47-80B9-4BC6-A54F-0C167113410D}.Release|Any CPU.ActiveCfg = Release|Any CPU
		{D960EC47-80B9-4BC6-A54F-0C167113410D}.Release|Any CPU.Build.0 = Release|Any CPU
		{6CFB82ED-FC67-4587-94C7-961B2BBA6B26}.Debug|Any CPU.ActiveCfg = Debug|Any CPU
		{6CFB82ED-FC67-4587-94C7-961B2BBA6B26}.Debug|Any CPU.Build.0 = Debug|Any CPU
		{6CFB82ED-FC67-4587-94C7-961B2BBA6B26}.Release|Any CPU.ActiveCfg = Release|Any CPU
		{6CFB82ED-FC67-4587-94C7-961B2BBA6B26}.Release|Any CPU.Build.0 = Release|Any CPU
		{76C11845-329F-495B-BBCA-9BF5A086C024}.Debug|Any CPU.ActiveCfg = Debug|Any CPU
		{76C11845-329F-495B-BBCA-9BF5A086C024}.Debug|Any CPU.Build.0 = Debug|Any CPU
		{76C11845-329F-495B-BBCA-9BF5A086C024}.Release|Any CPU.ActiveCfg = Release|Any CPU
		{76C11845-329F-495B-BBCA-9BF5A086C024}.Release|Any CPU.Build.0 = Release|Any CPU
		{255C076E-F4B3-4B6D-8CA8-FC4B276D2D4D}.Debug|Any CPU.ActiveCfg = Debug|Any CPU
		{255C076E-F4B3-4B6D-8CA8-FC4B276D2D4D}.Debug|Any CPU.Build.0 = Debug|Any CPU
		{255C076E-F4B3-4B6D-8CA8-FC4B276D2D4D}.Release|Any CPU.ActiveCfg = Release|Any CPU
		{255C076E-F4B3-4B6D-8CA8-FC4B276D2D4D}.Release|Any CPU.Build.0 = Release|Any CPU
		{806CD34F-998C-4929-A4C7-C368B740856B}.Debug|Any CPU.ActiveCfg = Debug|Any CPU
		{806CD34F-998C-4929-A4C7-C368B740856B}.Debug|Any CPU.Build.0 = Debug|Any CPU
		{806CD34F-998C-4929-A4C7-C368B740856B}.Release|Any CPU.ActiveCfg = Release|Any CPU
		{806CD34F-998C-4929-A4C7-C368B740856B}.Release|Any CPU.Build.0 = Release|Any CPU
		{9F47F416-612A-40CC-96B3-872DF78D50DC}.Debug|Any CPU.ActiveCfg = Debug|Any CPU
		{9F47F416-612A-40CC-96B3-872DF78D50DC}.Debug|Any CPU.Build.0 = Debug|Any CPU
		{9F47F416-612A-40CC-96B3-872DF78D50DC}.Release|Any CPU.ActiveCfg = Release|Any CPU
		{9F47F416-612A-40CC-96B3-872DF78D50DC}.Release|Any CPU.Build.0 = Release|Any CPU
		{EE690538-E2C2-43B5-AFD8-2F27A845A174}.Debug|Any CPU.ActiveCfg = Debug|Any CPU
		{EE690538-E2C2-43B5-AFD8-2F27A845A174}.Debug|Any CPU.Build.0 = Debug|Any CPU
		{EE690538-E2C2-43B5-AFD8-2F27A845A174}.Release|Any CPU.ActiveCfg = Release|Any CPU
		{EE690538-E2C2-43B5-AFD8-2F27A845A174}.Release|Any CPU.Build.0 = Release|Any CPU
		{E80A55B5-8058-4106-84D7-36235F12220B}.Debug|Any CPU.ActiveCfg = Debug|Any CPU
		{E80A55B5-8058-4106-84D7-36235F12220B}.Debug|Any CPU.Build.0 = Debug|Any CPU
		{E80A55B5-8058-4106-84D7-36235F12220B}.Release|Any CPU.ActiveCfg = Release|Any CPU
		{E80A55B5-8058-4106-84D7-36235F12220B}.Release|Any CPU.Build.0 = Release|Any CPU
		{84385542-EE86-4FA0-A045-06A4366902FD}.Debug|Any CPU.ActiveCfg = Debug|Any CPU
		{84385542-EE86-4FA0-A045-06A4366902FD}.Debug|Any CPU.Build.0 = Debug|Any CPU
		{84385542-EE86-4FA0-A045-06A4366902FD}.Release|Any CPU.ActiveCfg = Release|Any CPU
		{84385542-EE86-4FA0-A045-06A4366902FD}.Release|Any CPU.Build.0 = Release|Any CPU
		{98699B87-7B9F-47B7-A5F9-341E2ECE6A34}.Debug|Any CPU.ActiveCfg = Debug|Any CPU
		{98699B87-7B9F-47B7-A5F9-341E2ECE6A34}.Debug|Any CPU.Build.0 = Debug|Any CPU
		{98699B87-7B9F-47B7-A5F9-341E2ECE6A34}.Release|Any CPU.ActiveCfg = Release|Any CPU
		{98699B87-7B9F-47B7-A5F9-341E2ECE6A34}.Release|Any CPU.Build.0 = Release|Any CPU
		{CAA27A03-DFEA-43B5-A7D2-28C26B38B4A7}.Debug|Any CPU.ActiveCfg = Debug|Any CPU
		{CAA27A03-DFEA-43B5-A7D2-28C26B38B4A7}.Debug|Any CPU.Build.0 = Debug|Any CPU
		{CAA27A03-DFEA-43B5-A7D2-28C26B38B4A7}.Release|Any CPU.ActiveCfg = Release|Any CPU
		{CAA27A03-DFEA-43B5-A7D2-28C26B38B4A7}.Release|Any CPU.Build.0 = Release|Any CPU
		{A3571315-328D-4FDF-9226-43CA4FD99962}.Debug|Any CPU.ActiveCfg = Debug|Any CPU
		{A3571315-328D-4FDF-9226-43CA4FD99962}.Debug|Any CPU.Build.0 = Debug|Any CPU
		{A3571315-328D-4FDF-9226-43CA4FD99962}.Release|Any CPU.ActiveCfg = Release|Any CPU
		{A3571315-328D-4FDF-9226-43CA4FD99962}.Release|Any CPU.Build.0 = Release|Any CPU
		{578330C4-D945-44CF-8805-0F5A2E59A54E}.Debug|Any CPU.ActiveCfg = Debug|Any CPU
		{578330C4-D945-44CF-8805-0F5A2E59A54E}.Debug|Any CPU.Build.0 = Debug|Any CPU
		{578330C4-D945-44CF-8805-0F5A2E59A54E}.Release|Any CPU.ActiveCfg = Release|Any CPU
		{578330C4-D945-44CF-8805-0F5A2E59A54E}.Release|Any CPU.Build.0 = Release|Any CPU
		{6A8102C5-238F-4A8F-A704-9DB4205A3CAD}.Debug|Any CPU.ActiveCfg = Debug|Any CPU
		{6A8102C5-238F-4A8F-A704-9DB4205A3CAD}.Debug|Any CPU.Build.0 = Debug|Any CPU
		{6A8102C5-238F-4A8F-A704-9DB4205A3CAD}.Release|Any CPU.ActiveCfg = Release|Any CPU
		{6A8102C5-238F-4A8F-A704-9DB4205A3CAD}.Release|Any CPU.Build.0 = Release|Any CPU
		{85FD99D4-D5E7-4DBB-A252-6C84B86346F2}.Debug|Any CPU.ActiveCfg = Debug|Any CPU
		{85FD99D4-D5E7-4DBB-A252-6C84B86346F2}.Debug|Any CPU.Build.0 = Debug|Any CPU
		{85FD99D4-D5E7-4DBB-A252-6C84B86346F2}.Release|Any CPU.ActiveCfg = Release|Any CPU
		{85FD99D4-D5E7-4DBB-A252-6C84B86346F2}.Release|Any CPU.Build.0 = Release|Any CPU
		{59425742-C071-4EFE-8FFC-88172772EF48}.Debug|Any CPU.ActiveCfg = Debug|Any CPU
		{59425742-C071-4EFE-8FFC-88172772EF48}.Debug|Any CPU.Build.0 = Debug|Any CPU
		{59425742-C071-4EFE-8FFC-88172772EF48}.Release|Any CPU.ActiveCfg = Release|Any CPU
		{59425742-C071-4EFE-8FFC-88172772EF48}.Release|Any CPU.Build.0 = Release|Any CPU
		{BF5E0E82-2994-4D63-ABF5-69BEDA0B3178}.Debug|Any CPU.ActiveCfg = Debug|Any CPU
		{BF5E0E82-2994-4D63-ABF5-69BEDA0B3178}.Debug|Any CPU.Build.0 = Debug|Any CPU
		{BF5E0E82-2994-4D63-ABF5-69BEDA0B3178}.Release|Any CPU.ActiveCfg = Release|Any CPU
		{BF5E0E82-2994-4D63-ABF5-69BEDA0B3178}.Release|Any CPU.Build.0 = Release|Any CPU
		{58FFB1AA-E9DF-4393-B04E-0A366A4A0CE7}.Debug|Any CPU.ActiveCfg = Debug|Any CPU
		{58FFB1AA-E9DF-4393-B04E-0A366A4A0CE7}.Debug|Any CPU.Build.0 = Debug|Any CPU
		{58FFB1AA-E9DF-4393-B04E-0A366A4A0CE7}.Release|Any CPU.ActiveCfg = Release|Any CPU
		{58FFB1AA-E9DF-4393-B04E-0A366A4A0CE7}.Release|Any CPU.Build.0 = Release|Any CPU
		{AA2AFB3B-CB47-41B4-A429-A0084A9435AC}.Debug|Any CPU.ActiveCfg = Debug|Any CPU
		{AA2AFB3B-CB47-41B4-A429-A0084A9435AC}.Debug|Any CPU.Build.0 = Debug|Any CPU
		{AA2AFB3B-CB47-41B4-A429-A0084A9435AC}.Release|Any CPU.ActiveCfg = Release|Any CPU
		{AA2AFB3B-CB47-41B4-A429-A0084A9435AC}.Release|Any CPU.Build.0 = Release|Any CPU
		{DD647BF9-EC04-4B02-85C4-9DA93E92F906}.Debug|Any CPU.ActiveCfg = Debug|Any CPU
		{DD647BF9-EC04-4B02-85C4-9DA93E92F906}.Debug|Any CPU.Build.0 = Debug|Any CPU
		{DD647BF9-EC04-4B02-85C4-9DA93E92F906}.Release|Any CPU.ActiveCfg = Release|Any CPU
		{DD647BF9-EC04-4B02-85C4-9DA93E92F906}.Release|Any CPU.Build.0 = Release|Any CPU
		{068E28F7-FCB4-47E3-AFCA-414F87793F3E}.Debug|Any CPU.ActiveCfg = Debug|Any CPU
		{068E28F7-FCB4-47E3-AFCA-414F87793F3E}.Debug|Any CPU.Build.0 = Debug|Any CPU
		{068E28F7-FCB4-47E3-AFCA-414F87793F3E}.Release|Any CPU.ActiveCfg = Release|Any CPU
		{068E28F7-FCB4-47E3-AFCA-414F87793F3E}.Release|Any CPU.Build.0 = Release|Any CPU
		{F5E347AE-1E05-42BD-B0C6-25EC83D86A90}.Debug|Any CPU.ActiveCfg = Debug|Any CPU
		{F5E347AE-1E05-42BD-B0C6-25EC83D86A90}.Debug|Any CPU.Build.0 = Debug|Any CPU
		{F5E347AE-1E05-42BD-B0C6-25EC83D86A90}.Release|Any CPU.ActiveCfg = Release|Any CPU
		{F5E347AE-1E05-42BD-B0C6-25EC83D86A90}.Release|Any CPU.Build.0 = Release|Any CPU
		{BB453EDE-DD66-4511-977F-31C7157B8D57}.Debug|Any CPU.ActiveCfg = Debug|Any CPU
		{BB453EDE-DD66-4511-977F-31C7157B8D57}.Debug|Any CPU.Build.0 = Debug|Any CPU
		{BB453EDE-DD66-4511-977F-31C7157B8D57}.Release|Any CPU.ActiveCfg = Release|Any CPU
		{BB453EDE-DD66-4511-977F-31C7157B8D57}.Release|Any CPU.Build.0 = Release|Any CPU
		{45E68024-52BB-43CD-BB3B-65009E57EB91}.Debug|Any CPU.ActiveCfg = Debug|Any CPU
		{45E68024-52BB-43CD-BB3B-65009E57EB91}.Debug|Any CPU.Build.0 = Debug|Any CPU
		{45E68024-52BB-43CD-BB3B-65009E57EB91}.Release|Any CPU.ActiveCfg = Release|Any CPU
		{45E68024-52BB-43CD-BB3B-65009E57EB91}.Release|Any CPU.Build.0 = Release|Any CPU
		{59ACD3E9-BE1E-4F2C-8AD1-16F144477E18}.Debug|Any CPU.ActiveCfg = Debug|Any CPU
		{59ACD3E9-BE1E-4F2C-8AD1-16F144477E18}.Debug|Any CPU.Build.0 = Debug|Any CPU
		{59ACD3E9-BE1E-4F2C-8AD1-16F144477E18}.Release|Any CPU.ActiveCfg = Release|Any CPU
		{59ACD3E9-BE1E-4F2C-8AD1-16F144477E18}.Release|Any CPU.Build.0 = Release|Any CPU
		{A2A17944-FDC0-4763-8DFF-3B1890345F8E}.Debug|Any CPU.ActiveCfg = Debug|Any CPU
		{A2A17944-FDC0-4763-8DFF-3B1890345F8E}.Debug|Any CPU.Build.0 = Debug|Any CPU
		{A2A17944-FDC0-4763-8DFF-3B1890345F8E}.Release|Any CPU.ActiveCfg = Release|Any CPU
		{A2A17944-FDC0-4763-8DFF-3B1890345F8E}.Release|Any CPU.Build.0 = Release|Any CPU
		{498EB818-E51A-4875-8020-90D3C9A92D4B}.Debug|Any CPU.ActiveCfg = Debug|Any CPU
		{498EB818-E51A-4875-8020-90D3C9A92D4B}.Debug|Any CPU.Build.0 = Debug|Any CPU
		{498EB818-E51A-4875-8020-90D3C9A92D4B}.Release|Any CPU.ActiveCfg = Release|Any CPU
		{498EB818-E51A-4875-8020-90D3C9A92D4B}.Release|Any CPU.Build.0 = Release|Any CPU
		{7070ED94-0D4A-4A64-A717-A2AF4A680911}.Debug|Any CPU.ActiveCfg = Debug|Any CPU
		{7070ED94-0D4A-4A64-A717-A2AF4A680911}.Debug|Any CPU.Build.0 = Debug|Any CPU
		{7070ED94-0D4A-4A64-A717-A2AF4A680911}.Release|Any CPU.ActiveCfg = Release|Any CPU
		{7070ED94-0D4A-4A64-A717-A2AF4A680911}.Release|Any CPU.Build.0 = Release|Any CPU
		{5D21698A-4A3A-4431-BD0A-72F892F1814E}.Debug|Any CPU.ActiveCfg = Debug|Any CPU
		{5D21698A-4A3A-4431-BD0A-72F892F1814E}.Debug|Any CPU.Build.0 = Debug|Any CPU
		{5D21698A-4A3A-4431-BD0A-72F892F1814E}.Release|Any CPU.ActiveCfg = Release|Any CPU
		{5D21698A-4A3A-4431-BD0A-72F892F1814E}.Release|Any CPU.Build.0 = Release|Any CPU
		{550517A5-C01E-4D11-9983-099898392EF5}.Debug|Any CPU.ActiveCfg = Debug|Any CPU
		{550517A5-C01E-4D11-9983-099898392EF5}.Debug|Any CPU.Build.0 = Debug|Any CPU
		{550517A5-C01E-4D11-9983-099898392EF5}.Release|Any CPU.ActiveCfg = Release|Any CPU
		{550517A5-C01E-4D11-9983-099898392EF5}.Release|Any CPU.Build.0 = Release|Any CPU
		{6067757E-260C-4EAB-9CD0-E53AF2472D00}.Debug|Any CPU.ActiveCfg = Debug|Any CPU
		{6067757E-260C-4EAB-9CD0-E53AF2472D00}.Debug|Any CPU.Build.0 = Debug|Any CPU
		{6067757E-260C-4EAB-9CD0-E53AF2472D00}.Release|Any CPU.ActiveCfg = Release|Any CPU
		{6067757E-260C-4EAB-9CD0-E53AF2472D00}.Release|Any CPU.Build.0 = Release|Any CPU
		{EE550E76-2E5F-415A-8EB9-0CDEB95F937F}.Debug|Any CPU.ActiveCfg = Debug|Any CPU
		{EE550E76-2E5F-415A-8EB9-0CDEB95F937F}.Debug|Any CPU.Build.0 = Debug|Any CPU
		{EE550E76-2E5F-415A-8EB9-0CDEB95F937F}.Release|Any CPU.ActiveCfg = Release|Any CPU
		{EE550E76-2E5F-415A-8EB9-0CDEB95F937F}.Release|Any CPU.Build.0 = Release|Any CPU
		{BD23957B-6369-4818-81F3-6E0E9703ED43}.Debug|Any CPU.ActiveCfg = Debug|Any CPU
		{BD23957B-6369-4818-81F3-6E0E9703ED43}.Debug|Any CPU.Build.0 = Debug|Any CPU
		{BD23957B-6369-4818-81F3-6E0E9703ED43}.Release|Any CPU.ActiveCfg = Release|Any CPU
		{BD23957B-6369-4818-81F3-6E0E9703ED43}.Release|Any CPU.Build.0 = Release|Any CPU
		{E85FC9C0-43AE-4986-B564-721F46D778DC}.Debug|Any CPU.ActiveCfg = Debug|Any CPU
		{E85FC9C0-43AE-4986-B564-721F46D778DC}.Debug|Any CPU.Build.0 = Debug|Any CPU
		{E85FC9C0-43AE-4986-B564-721F46D778DC}.Release|Any CPU.ActiveCfg = Release|Any CPU
		{E85FC9C0-43AE-4986-B564-721F46D778DC}.Release|Any CPU.Build.0 = Release|Any CPU
		{1C1EC1EC-CF5E-4BAB-B031-D83BA27C54C8}.Debug|Any CPU.ActiveCfg = Debug|Any CPU
		{1C1EC1EC-CF5E-4BAB-B031-D83BA27C54C8}.Debug|Any CPU.Build.0 = Debug|Any CPU
		{1C1EC1EC-CF5E-4BAB-B031-D83BA27C54C8}.Release|Any CPU.ActiveCfg = Release|Any CPU
		{1C1EC1EC-CF5E-4BAB-B031-D83BA27C54C8}.Release|Any CPU.Build.0 = Release|Any CPU
		{B5CF677F-275E-451D-B55D-CFA95AD06B3B}.Debug|Any CPU.ActiveCfg = Debug|Any CPU
		{B5CF677F-275E-451D-B55D-CFA95AD06B3B}.Debug|Any CPU.Build.0 = Debug|Any CPU
		{B5CF677F-275E-451D-B55D-CFA95AD06B3B}.Release|Any CPU.ActiveCfg = Release|Any CPU
		{B5CF677F-275E-451D-B55D-CFA95AD06B3B}.Release|Any CPU.Build.0 = Release|Any CPU
		{FE2282E0-DBD7-4BB0-9BE7-065574906534}.Debug|Any CPU.ActiveCfg = Debug|Any CPU
		{FE2282E0-DBD7-4BB0-9BE7-065574906534}.Debug|Any CPU.Build.0 = Debug|Any CPU
		{FE2282E0-DBD7-4BB0-9BE7-065574906534}.Release|Any CPU.ActiveCfg = Release|Any CPU
		{FE2282E0-DBD7-4BB0-9BE7-065574906534}.Release|Any CPU.Build.0 = Release|Any CPU
		{318DB777-77A1-4783-82B7-1DCAB3704759}.Debug|Any CPU.ActiveCfg = Debug|Any CPU
		{318DB777-77A1-4783-82B7-1DCAB3704759}.Debug|Any CPU.Build.0 = Debug|Any CPU
		{318DB777-77A1-4783-82B7-1DCAB3704759}.Release|Any CPU.ActiveCfg = Release|Any CPU
		{318DB777-77A1-4783-82B7-1DCAB3704759}.Release|Any CPU.Build.0 = Release|Any CPU
		{0BC97B34-B5A6-4E3C-98B8-D5A57DEDF8B5}.Debug|Any CPU.ActiveCfg = Debug|Any CPU
		{0BC97B34-B5A6-4E3C-98B8-D5A57DEDF8B5}.Debug|Any CPU.Build.0 = Debug|Any CPU
		{0BC97B34-B5A6-4E3C-98B8-D5A57DEDF8B5}.Release|Any CPU.ActiveCfg = Release|Any CPU
		{0BC97B34-B5A6-4E3C-98B8-D5A57DEDF8B5}.Release|Any CPU.Build.0 = Release|Any CPU
		{81400558-DFD2-4234-9189-CF092BA1BF55}.Debug|Any CPU.ActiveCfg = Debug|Any CPU
		{81400558-DFD2-4234-9189-CF092BA1BF55}.Debug|Any CPU.Build.0 = Debug|Any CPU
		{81400558-DFD2-4234-9189-CF092BA1BF55}.Release|Any CPU.ActiveCfg = Release|Any CPU
		{81400558-DFD2-4234-9189-CF092BA1BF55}.Release|Any CPU.Build.0 = Release|Any CPU
		{9CB26AE4-46E3-4E35-87D7-1884885B5E24}.Debug|Any CPU.ActiveCfg = Debug|Any CPU
		{9CB26AE4-46E3-4E35-87D7-1884885B5E24}.Debug|Any CPU.Build.0 = Debug|Any CPU
		{9CB26AE4-46E3-4E35-87D7-1884885B5E24}.Release|Any CPU.ActiveCfg = Release|Any CPU
		{9CB26AE4-46E3-4E35-87D7-1884885B5E24}.Release|Any CPU.Build.0 = Release|Any CPU
		{EC78CC6F-931C-4ABA-A0A1-21E183119E0B}.Debug|Any CPU.ActiveCfg = Debug|Any CPU
		{EC78CC6F-931C-4ABA-A0A1-21E183119E0B}.Debug|Any CPU.Build.0 = Debug|Any CPU
		{EC78CC6F-931C-4ABA-A0A1-21E183119E0B}.Release|Any CPU.ActiveCfg = Release|Any CPU
		{EC78CC6F-931C-4ABA-A0A1-21E183119E0B}.Release|Any CPU.Build.0 = Release|Any CPU
		{57AC6579-8744-4BCB-8569-3CD0652AFCFF}.Debug|Any CPU.ActiveCfg = Debug|Any CPU
		{57AC6579-8744-4BCB-8569-3CD0652AFCFF}.Debug|Any CPU.Build.0 = Debug|Any CPU
		{57AC6579-8744-4BCB-8569-3CD0652AFCFF}.Release|Any CPU.ActiveCfg = Release|Any CPU
		{57AC6579-8744-4BCB-8569-3CD0652AFCFF}.Release|Any CPU.Build.0 = Release|Any CPU
		{0A3D4B41-FC7D-46F0-9BDF-E576A22D255F}.Debug|Any CPU.ActiveCfg = Debug|Any CPU
		{0A3D4B41-FC7D-46F0-9BDF-E576A22D255F}.Debug|Any CPU.Build.0 = Debug|Any CPU
		{0A3D4B41-FC7D-46F0-9BDF-E576A22D255F}.Release|Any CPU.ActiveCfg = Release|Any CPU
		{0A3D4B41-FC7D-46F0-9BDF-E576A22D255F}.Release|Any CPU.Build.0 = Release|Any CPU
		{1375B431-D094-4B26-B9EA-05B99D6563FA}.Debug|Any CPU.ActiveCfg = Debug|Any CPU
		{1375B431-D094-4B26-B9EA-05B99D6563FA}.Debug|Any CPU.Build.0 = Debug|Any CPU
		{1375B431-D094-4B26-B9EA-05B99D6563FA}.Release|Any CPU.ActiveCfg = Release|Any CPU
		{1375B431-D094-4B26-B9EA-05B99D6563FA}.Release|Any CPU.Build.0 = Release|Any CPU
		{2A07A3DF-DF10-4F37-ABF1-11B55B9EE450}.Debug|Any CPU.ActiveCfg = Debug|Any CPU
		{2A07A3DF-DF10-4F37-ABF1-11B55B9EE450}.Debug|Any CPU.Build.0 = Debug|Any CPU
		{2A07A3DF-DF10-4F37-ABF1-11B55B9EE450}.Release|Any CPU.ActiveCfg = Release|Any CPU
		{2A07A3DF-DF10-4F37-ABF1-11B55B9EE450}.Release|Any CPU.Build.0 = Release|Any CPU
		{E78EBF36-AEBE-480F-9EB2-21761308EA3A}.Debug|Any CPU.ActiveCfg = Debug|Any CPU
		{E78EBF36-AEBE-480F-9EB2-21761308EA3A}.Debug|Any CPU.Build.0 = Debug|Any CPU
		{E78EBF36-AEBE-480F-9EB2-21761308EA3A}.Release|Any CPU.ActiveCfg = Release|Any CPU
		{E78EBF36-AEBE-480F-9EB2-21761308EA3A}.Release|Any CPU.Build.0 = Release|Any CPU
		{CE809086-6874-442F-AA63-446023E72ACC}.Debug|Any CPU.ActiveCfg = Debug|Any CPU
		{CE809086-6874-442F-AA63-446023E72ACC}.Debug|Any CPU.Build.0 = Debug|Any CPU
		{CE809086-6874-442F-AA63-446023E72ACC}.Release|Any CPU.ActiveCfg = Release|Any CPU
		{CE809086-6874-442F-AA63-446023E72ACC}.Release|Any CPU.Build.0 = Release|Any CPU
		{920BE150-22C9-4161-9E09-BCD36DC94317}.Debug|Any CPU.ActiveCfg = Debug|Any CPU
		{920BE150-22C9-4161-9E09-BCD36DC94317}.Debug|Any CPU.Build.0 = Debug|Any CPU
		{920BE150-22C9-4161-9E09-BCD36DC94317}.Release|Any CPU.ActiveCfg = Release|Any CPU
		{920BE150-22C9-4161-9E09-BCD36DC94317}.Release|Any CPU.Build.0 = Release|Any CPU
		{6F97F8E9-8E01-4874-9E05-A377244B018C}.Debug|Any CPU.ActiveCfg = Debug|Any CPU
		{6F97F8E9-8E01-4874-9E05-A377244B018C}.Debug|Any CPU.Build.0 = Debug|Any CPU
		{6F97F8E9-8E01-4874-9E05-A377244B018C}.Release|Any CPU.ActiveCfg = Release|Any CPU
		{6F97F8E9-8E01-4874-9E05-A377244B018C}.Release|Any CPU.Build.0 = Release|Any CPU
		{FF125CE2-1FC2-47A1-B0D4-889F9580896C}.Debug|Any CPU.ActiveCfg = Debug|Any CPU
		{FF125CE2-1FC2-47A1-B0D4-889F9580896C}.Debug|Any CPU.Build.0 = Debug|Any CPU
		{FF125CE2-1FC2-47A1-B0D4-889F9580896C}.Release|Any CPU.ActiveCfg = Release|Any CPU
		{FF125CE2-1FC2-47A1-B0D4-889F9580896C}.Release|Any CPU.Build.0 = Release|Any CPU
		{AAA826AF-DF6D-4827-A2C7-7047F2471E64}.Debug|Any CPU.ActiveCfg = Debug|Any CPU
		{AAA826AF-DF6D-4827-A2C7-7047F2471E64}.Debug|Any CPU.Build.0 = Debug|Any CPU
		{AAA826AF-DF6D-4827-A2C7-7047F2471E64}.Release|Any CPU.ActiveCfg = Release|Any CPU
		{AAA826AF-DF6D-4827-A2C7-7047F2471E64}.Release|Any CPU.Build.0 = Release|Any CPU
		{FE310887-046C-4ACA-8807-F5EB5D947473}.Debug|Any CPU.ActiveCfg = Debug|Any CPU
		{FE310887-046C-4ACA-8807-F5EB5D947473}.Debug|Any CPU.Build.0 = Debug|Any CPU
		{FE310887-046C-4ACA-8807-F5EB5D947473}.Release|Any CPU.ActiveCfg = Release|Any CPU
		{FE310887-046C-4ACA-8807-F5EB5D947473}.Release|Any CPU.Build.0 = Release|Any CPU
		{D59D3F51-87EB-4C7E-BF31-3D2129FA8402}.Debug|Any CPU.ActiveCfg = Debug|Any CPU
		{D59D3F51-87EB-4C7E-BF31-3D2129FA8402}.Debug|Any CPU.Build.0 = Debug|Any CPU
		{D59D3F51-87EB-4C7E-BF31-3D2129FA8402}.Release|Any CPU.ActiveCfg = Release|Any CPU
		{D59D3F51-87EB-4C7E-BF31-3D2129FA8402}.Release|Any CPU.Build.0 = Release|Any CPU
		{55364776-E8B1-4141-BB1D-C239B4127359}.Debug|Any CPU.ActiveCfg = Debug|Any CPU
		{55364776-E8B1-4141-BB1D-C239B4127359}.Debug|Any CPU.Build.0 = Debug|Any CPU
		{55364776-E8B1-4141-BB1D-C239B4127359}.Release|Any CPU.ActiveCfg = Release|Any CPU
		{55364776-E8B1-4141-BB1D-C239B4127359}.Release|Any CPU.Build.0 = Release|Any CPU
		{4E86BB4D-2C0B-4CC3-A832-A187522AF478}.Debug|Any CPU.ActiveCfg = Debug|Any CPU
		{4E86BB4D-2C0B-4CC3-A832-A187522AF478}.Debug|Any CPU.Build.0 = Debug|Any CPU
		{4E86BB4D-2C0B-4CC3-A832-A187522AF478}.Release|Any CPU.ActiveCfg = Release|Any CPU
		{4E86BB4D-2C0B-4CC3-A832-A187522AF478}.Release|Any CPU.Build.0 = Release|Any CPU
		{23582C32-1DAD-43D7-B901-E04917DA4F2E}.Debug|Any CPU.ActiveCfg = Debug|Any CPU
		{23582C32-1DAD-43D7-B901-E04917DA4F2E}.Debug|Any CPU.Build.0 = Debug|Any CPU
		{23582C32-1DAD-43D7-B901-E04917DA4F2E}.Release|Any CPU.ActiveCfg = Release|Any CPU
		{23582C32-1DAD-43D7-B901-E04917DA4F2E}.Release|Any CPU.Build.0 = Release|Any CPU
		{566618E6-27B0-4737-9DEA-F3C305D64C20}.Debug|Any CPU.ActiveCfg = Debug|Any CPU
		{566618E6-27B0-4737-9DEA-F3C305D64C20}.Debug|Any CPU.Build.0 = Debug|Any CPU
		{566618E6-27B0-4737-9DEA-F3C305D64C20}.Release|Any CPU.ActiveCfg = Release|Any CPU
		{566618E6-27B0-4737-9DEA-F3C305D64C20}.Release|Any CPU.Build.0 = Release|Any CPU
		{473EED69-C968-4574-A07F-444B0B80AD88}.Debug|Any CPU.ActiveCfg = Debug|Any CPU
		{473EED69-C968-4574-A07F-444B0B80AD88}.Debug|Any CPU.Build.0 = Debug|Any CPU
		{473EED69-C968-4574-A07F-444B0B80AD88}.Release|Any CPU.ActiveCfg = Release|Any CPU
		{473EED69-C968-4574-A07F-444B0B80AD88}.Release|Any CPU.Build.0 = Release|Any CPU
		{D6358646-1C1D-43C9-846D-65C1C6A4BE9A}.Debug|Any CPU.ActiveCfg = Debug|Any CPU
		{D6358646-1C1D-43C9-846D-65C1C6A4BE9A}.Debug|Any CPU.Build.0 = Debug|Any CPU
		{D6358646-1C1D-43C9-846D-65C1C6A4BE9A}.Release|Any CPU.ActiveCfg = Release|Any CPU
		{D6358646-1C1D-43C9-846D-65C1C6A4BE9A}.Release|Any CPU.Build.0 = Release|Any CPU
		{0D9D39E2-5C4A-416B-AAAE-641E87D0ACD7}.Debug|Any CPU.ActiveCfg = Debug|Any CPU
		{0D9D39E2-5C4A-416B-AAAE-641E87D0ACD7}.Debug|Any CPU.Build.0 = Debug|Any CPU
		{0D9D39E2-5C4A-416B-AAAE-641E87D0ACD7}.Release|Any CPU.ActiveCfg = Release|Any CPU
		{0D9D39E2-5C4A-416B-AAAE-641E87D0ACD7}.Release|Any CPU.Build.0 = Release|Any CPU
	EndGlobalSection
	GlobalSection(NestedProjects) = preSolution
		{B9C199EE-03CD-48C4-9C1B-80A47C502B5A} = {EF85F78D-29F7-49E3-9184-97D0B107026A}
		{09EC17FE-99A2-4F01-A984-FAA92F71EBEE} = {4EC5FF95-47BD-4C28-A305-9DE2BA776081}
		{C55580C0-014E-430F-A478-2137F21F3A93} = {4EC5FF95-47BD-4C28-A305-9DE2BA776081}
		{75006840-D6F0-4EE8-9C93-A95BB3C3283A} = {4EC5FF95-47BD-4C28-A305-9DE2BA776081}
		{47E1CD5F-6654-46EF-B229-767590702C27} = {4EC5FF95-47BD-4C28-A305-9DE2BA776081}
		{A58EDEBC-89E1-43F8-8341-77EF23D4CC0F} = {42248884-24C5-4468-8C35-A72AE8F7385E}
		{9A2AB0B4-C6B2-425E-847A-D0305C90CA86} = {42248884-24C5-4468-8C35-A72AE8F7385E}
		{C3E98D07-AAD8-4268-A450-EAC43B812FF9} = {42248884-24C5-4468-8C35-A72AE8F7385E}
		{4DBE9F51-3773-4135-A304-C838F7BF6C4B} = {42248884-24C5-4468-8C35-A72AE8F7385E}
		{1B82A266-A511-4C7F-A3B8-A46167CDE077} = {42248884-24C5-4468-8C35-A72AE8F7385E}
		{752A0FD3-1814-4B77-BAB4-4B3F33307E0A} = {42248884-24C5-4468-8C35-A72AE8F7385E}
		{DB7FCF3B-F854-4698-91FA-81ED8BA126F2} = {42248884-24C5-4468-8C35-A72AE8F7385E}
		{17768F8A-7972-49E1-800D-FD7EE5F892F0} = {42248884-24C5-4468-8C35-A72AE8F7385E}
		{677D8FA9-96EE-4586-A534-6357C657B2D9} = {42248884-24C5-4468-8C35-A72AE8F7385E}
		{62144B7A-BB81-476F-A2EE-CF4ED30B5F11} = {D49B176F-1C20-4F53-8184-398FF128EDC4}
		{A4E7C0B3-565E-4E54-B675-DE6C48E507C2} = {D49B176F-1C20-4F53-8184-398FF128EDC4}
		{D960EC47-80B9-4BC6-A54F-0C167113410D} = {D49B176F-1C20-4F53-8184-398FF128EDC4}
		{6CFB82ED-FC67-4587-94C7-961B2BBA6B26} = {D49B176F-1C20-4F53-8184-398FF128EDC4}
		{76C11845-329F-495B-BBCA-9BF5A086C024} = {D49B176F-1C20-4F53-8184-398FF128EDC4}
		{255C076E-F4B3-4B6D-8CA8-FC4B276D2D4D} = {D49B176F-1C20-4F53-8184-398FF128EDC4}
		{806CD34F-998C-4929-A4C7-C368B740856B} = {D49B176F-1C20-4F53-8184-398FF128EDC4}
		{9F47F416-612A-40CC-96B3-872DF78D50DC} = {8765504A-134E-4556-BF53-F71A4EA01812}
		{EE690538-E2C2-43B5-AFD8-2F27A845A174} = {8765504A-134E-4556-BF53-F71A4EA01812}
		{E80A55B5-8058-4106-84D7-36235F12220B} = {3E4EA799-561C-4037-BAD4-3A516F3924F8}
		{84385542-EE86-4FA0-A045-06A4366902FD} = {3E4EA799-561C-4037-BAD4-3A516F3924F8}
		{98699B87-7B9F-47B7-A5F9-341E2ECE6A34} = {3E4EA799-561C-4037-BAD4-3A516F3924F8}
		{CAA27A03-DFEA-43B5-A7D2-28C26B38B4A7} = {3E4EA799-561C-4037-BAD4-3A516F3924F8}
		{A3571315-328D-4FDF-9226-43CA4FD99962} = {3E4EA799-561C-4037-BAD4-3A516F3924F8}
		{578330C4-D945-44CF-8805-0F5A2E59A54E} = {3E4EA799-561C-4037-BAD4-3A516F3924F8}
		{6A8102C5-238F-4A8F-A704-9DB4205A3CAD} = {3E4EA799-561C-4037-BAD4-3A516F3924F8}
		{85FD99D4-D5E7-4DBB-A252-6C84B86346F2} = {0F3FB1C3-59A6-4932-A6EB-3B93B4B4A999}
		{59425742-C071-4EFE-8FFC-88172772EF48} = {0F3FB1C3-59A6-4932-A6EB-3B93B4B4A999}
		{BF5E0E82-2994-4D63-ABF5-69BEDA0B3178} = {0F3FB1C3-59A6-4932-A6EB-3B93B4B4A999}
		{58FFB1AA-E9DF-4393-B04E-0A366A4A0CE7} = {0F3FB1C3-59A6-4932-A6EB-3B93B4B4A999}
		{AA2AFB3B-CB47-41B4-A429-A0084A9435AC} = {0F3FB1C3-59A6-4932-A6EB-3B93B4B4A999}
		{DD647BF9-EC04-4B02-85C4-9DA93E92F906} = {0F3FB1C3-59A6-4932-A6EB-3B93B4B4A999}
		{068E28F7-FCB4-47E3-AFCA-414F87793F3E} = {0F3FB1C3-59A6-4932-A6EB-3B93B4B4A999}
		{F5E347AE-1E05-42BD-B0C6-25EC83D86A90} = {F5975EA2-DB88-4DCD-919D-8367439E26B0}
		{BB453EDE-DD66-4511-977F-31C7157B8D57} = {F5975EA2-DB88-4DCD-919D-8367439E26B0}
		{45E68024-52BB-43CD-BB3B-65009E57EB91} = {F5975EA2-DB88-4DCD-919D-8367439E26B0}
		{59ACD3E9-BE1E-4F2C-8AD1-16F144477E18} = {F5975EA2-DB88-4DCD-919D-8367439E26B0}
		{A2A17944-FDC0-4763-8DFF-3B1890345F8E} = {F5975EA2-DB88-4DCD-919D-8367439E26B0}
		{498EB818-E51A-4875-8020-90D3C9A92D4B} = {F5975EA2-DB88-4DCD-919D-8367439E26B0}
		{7070ED94-0D4A-4A64-A717-A2AF4A680911} = {F5975EA2-DB88-4DCD-919D-8367439E26B0}
		{5D21698A-4A3A-4431-BD0A-72F892F1814E} = {F5975EA2-DB88-4DCD-919D-8367439E26B0}
		{550517A5-C01E-4D11-9983-099898392EF5} = {F5975EA2-DB88-4DCD-919D-8367439E26B0}
		{6067757E-260C-4EAB-9CD0-E53AF2472D00} = {F5975EA2-DB88-4DCD-919D-8367439E26B0}
		{EE550E76-2E5F-415A-8EB9-0CDEB95F937F} = {F5975EA2-DB88-4DCD-919D-8367439E26B0}
		{BD23957B-6369-4818-81F3-6E0E9703ED43} = {F5975EA2-DB88-4DCD-919D-8367439E26B0}
		{E85FC9C0-43AE-4986-B564-721F46D778DC} = {F5975EA2-DB88-4DCD-919D-8367439E26B0}
		{1C1EC1EC-CF5E-4BAB-B031-D83BA27C54C8} = {F5975EA2-DB88-4DCD-919D-8367439E26B0}
		{B5CF677F-275E-451D-B55D-CFA95AD06B3B} = {F5975EA2-DB88-4DCD-919D-8367439E26B0}
		{FE2282E0-DBD7-4BB0-9BE7-065574906534} = {F5975EA2-DB88-4DCD-919D-8367439E26B0}
		{318DB777-77A1-4783-82B7-1DCAB3704759} = {F5975EA2-DB88-4DCD-919D-8367439E26B0}
		{0BC97B34-B5A6-4E3C-98B8-D5A57DEDF8B5} = {F5975EA2-DB88-4DCD-919D-8367439E26B0}
		{81400558-DFD2-4234-9189-CF092BA1BF55} = {F5975EA2-DB88-4DCD-919D-8367439E26B0}
		{9CB26AE4-46E3-4E35-87D7-1884885B5E24} = {9228D3DF-5052-4E7D-9D0E-B96FBB15FEB9}
		{EC78CC6F-931C-4ABA-A0A1-21E183119E0B} = {9228D3DF-5052-4E7D-9D0E-B96FBB15FEB9}
		{57AC6579-8744-4BCB-8569-3CD0652AFCFF} = {9228D3DF-5052-4E7D-9D0E-B96FBB15FEB9}
		{0A3D4B41-FC7D-46F0-9BDF-E576A22D255F} = {9228D3DF-5052-4E7D-9D0E-B96FBB15FEB9}
		{1375B431-D094-4B26-B9EA-05B99D6563FA} = {9228D3DF-5052-4E7D-9D0E-B96FBB15FEB9}
		{2A07A3DF-DF10-4F37-ABF1-11B55B9EE450} = {9228D3DF-5052-4E7D-9D0E-B96FBB15FEB9}
		{E78EBF36-AEBE-480F-9EB2-21761308EA3A} = {9228D3DF-5052-4E7D-9D0E-B96FBB15FEB9}
		{CE809086-6874-442F-AA63-446023E72ACC} = {9228D3DF-5052-4E7D-9D0E-B96FBB15FEB9}
		{920BE150-22C9-4161-9E09-BCD36DC94317} = {9228D3DF-5052-4E7D-9D0E-B96FBB15FEB9}
		{6F97F8E9-8E01-4874-9E05-A377244B018C} = {9228D3DF-5052-4E7D-9D0E-B96FBB15FEB9}
		{FF125CE2-1FC2-47A1-B0D4-889F9580896C} = {9228D3DF-5052-4E7D-9D0E-B96FBB15FEB9}
		{AAA826AF-DF6D-4827-A2C7-7047F2471E64} = {9228D3DF-5052-4E7D-9D0E-B96FBB15FEB9}
		{FE310887-046C-4ACA-8807-F5EB5D947473} = {9228D3DF-5052-4E7D-9D0E-B96FBB15FEB9}
		{D59D3F51-87EB-4C7E-BF31-3D2129FA8402} = {43C43765-A3A8-4564-8C18-75CBE6289BCF}
		{55364776-E8B1-4141-BB1D-C239B4127359} = {43C43765-A3A8-4564-8C18-75CBE6289BCF}
		{4E86BB4D-2C0B-4CC3-A832-A187522AF478} = {43C43765-A3A8-4564-8C18-75CBE6289BCF}
		{23582C32-1DAD-43D7-B901-E04917DA4F2E} = {43C43765-A3A8-4564-8C18-75CBE6289BCF}
		{566618E6-27B0-4737-9DEA-F3C305D64C20} = {43C43765-A3A8-4564-8C18-75CBE6289BCF}
		{473EED69-C968-4574-A07F-444B0B80AD88} = {43C43765-A3A8-4564-8C18-75CBE6289BCF}
		{D6358646-1C1D-43C9-846D-65C1C6A4BE9A} = {43C43765-A3A8-4564-8C18-75CBE6289BCF}
		{0D9D39E2-5C4A-416B-AAAE-641E87D0ACD7} = {43C43765-A3A8-4564-8C18-75CBE6289BCF}
	EndGlobalSection
EndGlobal
