
Microsoft Visual Studio Solution File, Format Version 12.00
# Visual Studio Version 17
VisualStudioVersion = 17.0.31903.59
MinimumVisualStudioVersion = 10.0.40219.1
Project("{FAE04EC0-301F-11D3-BF4B-00C04F79EFBC}") = "CatProgram", "CatProgram\CatProgram.csproj", "{3FA1AECA-0ACA-4279-AA97-D04E66089955}"
EndProject
Project("{FAE04EC0-301F-11D3-BF4B-00C04F79EFBC}") = "CatProgramParameter", "CatProgramParameter\CatProgramParameter.csproj", "{3256258E-757B-47E3-8189-F1745DECF26E}"
EndProject
Project("{FAE04EC0-301F-11D3-BF4B-00C04F79EFBC}") = "Calculator", "Calculator\Calculator.csproj", "{C7232D39-82F6-4A0C-814C-F0FF31CADD9F}"
EndProject
Project("{2150E333-8FDC-42A3-9474-1A3956D46DE8}") = "Project_Day_2", "Project_Day_2", "{BFC4D1AD-C85C-4C90-9376-4AFE90F71F04}"
EndProject
Project("{FAE04EC0-301F-11D3-BF4B-00C04F79EFBC}") = "HelloCat", "HelloCat\HelloCat.csproj", "{42FC2D34-0B7A-438D-A98A-12007271CBA6}"
EndProject
Project("{2150E333-8FDC-42A3-9474-1A3956D46DE8}") = "Project_Day_1", "Project_Day_1", "{91DED0E7-13A6-4B6A-B0DB-8B501D13E2C2}"
EndProject
Project("{FAE04EC0-301F-11D3-BF4B-00C04F79EFBC}") = "CarProject", "CarProject\CarProject.csproj", "{89EF72D1-78BA-42B1-89D9-D4753BBE91E6}"
EndProject
Project("{2150E333-8FDC-42A3-9474-1A3956D46DE8}") = "Project_Day_3", "Project_Day_3", "{7326464C-85D7-4FDE-B49A-C1FCFA52E0F3}"
EndProject
Project("{2150E333-8FDC-42A3-9474-1A3956D46DE8}") = "C#_BAB_2", "C#_BAB_2", "{218B6E5E-086D-4FD1-A91F-D8F4B3FBB4D2}"
EndProject
Project("{FAE04EC0-301F-11D3-BF4B-00C04F79EFBC}") = "TestClass", "TestClass\TestClass.csproj", "{995D68C4-57B4-46B3-9533-945A94CC7E4F}"
EndProject
Project("{FAE04EC0-301F-11D3-BF4B-00C04F79EFBC}") = "TestClassAsync", "TestClassAsync\TestClassAsync.csproj", "{1A99CFD2-3A2E-4F40-942B-8249F3A94CB8}"
EndProject
Project("{FAE04EC0-301F-11D3-BF4B-00C04F79EFBC}") = "Inheritance", "Inheritance\Inheritance.csproj", "{BB318461-1F3B-413E-8F51-67BEC630B3DD}"
EndProject
Project("{FAE04EC0-301F-11D3-BF4B-00C04F79EFBC}") = "Inheritance_B", "Inheritance_B\Inheritance_B.csproj", "{0E980F89-FA93-4BC0-BAD0-4A87E519D140}"
EndProject
Project("{FAE04EC0-301F-11D3-BF4B-00C04F79EFBC}") = "Inheritance_C", "Inheritance_C\Inheritance_C.csproj", "{F84B3520-A6FC-4611-AFA0-10943D79671D}"
EndProject
Project("{FAE04EC0-301F-11D3-BF4B-00C04F79EFBC}") = "Inheritance_D", "Inheritance_D\Inheritance_D.csproj", "{55C9B1C2-C719-4941-8219-DF932D805B5B}"
EndProject
Project("{FAE04EC0-301F-11D3-BF4B-00C04F79EFBC}") = "Encapsulation", "Encapsulation\Encapsulation.csproj", "{30614474-DAC9-4B95-9B7F-D5ECBAC81A41}"
EndProject
Project("{FAE04EC0-301F-11D3-BF4B-00C04F79EFBC}") = "Polymorphism_Overloading", "Polymorphism_Overloading\Polymorphism_Overloading.csproj", "{0E00C146-C5F1-4BDB-9E9A-3C8FBB615A1E}"
EndProject
Project("{FAE04EC0-301F-11D3-BF4B-00C04F79EFBC}") = "Polymorphism_Overriding", "Polymorphism_Overriding\Polymorphism_Overriding.csproj", "{3164595A-658F-4EDD-A0B0-35FAF8AC0886}"
EndProject
Project("{FAE04EC0-301F-11D3-BF4B-00C04F79EFBC}") = "Polymorphism_MethodHiding", "Polymorphism_MethodHiding\Polymorphism_MethodHiding.csproj", "{DB520FC0-73FF-4578-B3E2-CCC1BA0A51F2}"
EndProject
Project("{FAE04EC0-301F-11D3-BF4B-00C04F79EFBC}") = "Polymorphism_Final", "Polymorphism_Final\Polymorphism_Final.csproj", "{F409F6EF-9D9C-47C9-8CAF-8F772B3C69EC}"
EndProject
Project("{2150E333-8FDC-42A3-9474-1A3956D46DE8}") = "Project_Day_4", "Project_Day_4", "{04E6152D-1B34-4016-B8F3-47E3D165CAE8}"
EndProject
Project("{FAE04EC0-301F-11D3-BF4B-00C04F79EFBC}") = "Abstraction", "Abstraction\Abstraction.csproj", "{34FC0B61-5AA3-4458-8E5A-EBED325A2685}"
EndProject
Project("{FAE04EC0-301F-11D3-BF4B-00C04F79EFBC}") = "Abstraction_Multi_Level_Inheritance", "Abstraction_Multi_Level_Inheritance\Abstraction_Multi_Level_Inheritance.csproj", "{51179C91-CD0D-4CAA-AB84-F1C0FE60880F}"
EndProject
Project("{FAE04EC0-301F-11D3-BF4B-00C04F79EFBC}") = "Interface", "Interface\Interface.csproj", "{6CD193D5-0C6C-4BA0-8868-E1963C89D622}"
EndProject
Project("{FAE04EC0-301F-11D3-BF4B-00C04F79EFBC}") = "Interface_Seggregation", "Interface_Seggregation\Interface_Seggregation.csproj", "{45FAE0F1-0900-41E1-ABFE-AEFFFF3F625D}"
EndProject
Project("{FAE04EC0-301F-11D3-BF4B-00C04F79EFBC}") = "Tugas_1", "Tugas_1\Tugas_1.csproj", "{4C136C9B-75CF-4F94-AB28-D2EBE0B2C6FD}"
EndProject
Project("{FAE04EC0-301F-11D3-BF4B-00C04F79EFBC}") = "Interface_Seggregation_Implementation", "Interface_Seggregation_Implementation\Interface_Seggregation_Implementation.csproj", "{FE2315A0-F27E-4B3E-917B-E3BC240FC258}"
EndProject
Project("{FAE04EC0-301F-11D3-BF4B-00C04F79EFBC}") = "Class_Base_This", "Class_Base_This\Class_Base_This.csproj", "{8A1D97B0-A5E4-4BD3-8875-47F6D94D6034}"
EndProject
Project("{FAE04EC0-301F-11D3-BF4B-00C04F79EFBC}") = "UsingReservedKeyword", "UsingReservedKeyword\UsingReservedKeyword.csproj", "{145D8B3C-99F6-4214-A29F-A2794B3EF947}"
EndProject
Project("{2150E333-8FDC-42A3-9474-1A3956D46DE8}") = "Project_Day_5", "Project_Day_5", "{7973273A-5B7F-4706-977E-0431FAE2FFB0}"
EndProject
Project("{FAE04EC0-301F-11D3-BF4B-00C04F79EFBC}") = "Value", "Value\Value.csproj", "{C5CA4B16-81FB-42E1-A7EC-C03621CF94A1}"
EndProject
Project("{FAE04EC0-301F-11D3-BF4B-00C04F79EFBC}") = "Reference", "Reference\Reference.csproj", "{F196B77C-D57E-4890-89A2-0582D987B1C4}"
EndProject
Project("{FAE04EC0-301F-11D3-BF4B-00C04F79EFBC}") = "MutableImutable", "MutableImutable\MutableImutable.csproj", "{0FAB74DE-AE94-4875-B9FE-0C74B1D36791}"
EndProject
Project("{FAE04EC0-301F-11D3-BF4B-00C04F79EFBC}") = "ClassCastingImplementation", "ClassCastingImplementation\ClassCastingImplementation.csproj", "{95F5030F-F046-4FBD-B181-6BE84C642B91}"
EndProject
Project("{FAE04EC0-301F-11D3-BF4B-00C04F79EFBC}") = "FirstProgram", "FirstProgram\FirstProgram.csproj", "{4200E266-63D9-43BA-9C29-4B5211C6EEF5}"
EndProject
Project("{FAE04EC0-301F-11D3-BF4B-00C04F79EFBC}") = "CodeReuse", "CodeReuse\CodeReuse.csproj", "{257F1E44-3B4D-4991-9DE0-E157872B4E9B}"
EndProject
Project("{FAE04EC0-301F-11D3-BF4B-00C04F79EFBC}") = "DataType", "DataType\DataType.csproj", "{1025C118-096F-4021-9F58-3FD4E0195E44}"
EndProject
Project("{FAE04EC0-301F-11D3-BF4B-00C04F79EFBC}") = "InstancesAndStaticMember", "InstancesAndStaticMember\InstancesAndStaticMember.csproj", "{C86EC6A2-B082-4A16-8C5B-12DCA77AC419}"
EndProject
Project("{FAE04EC0-301F-11D3-BF4B-00C04F79EFBC}") = "TopLevelStatements", "TopLevelStatements\TopLevelStatements.csproj", "{8A34827C-7711-47C4-85B5-E5F242ECCAE0}"
EndProject
Project("{FAE04EC0-301F-11D3-BF4B-00C04F79EFBC}") = "ChildParent", "ChildParent\ChildParent.csproj", "{34DB53D2-20FF-4257-B5D3-32941D190E43}"
EndProject
Project("{FAE04EC0-301F-11D3-BF4B-00C04F79EFBC}") = "Enum", "Enum\Enum.csproj", "{2A974B9A-F68C-4A6D-8300-C210D1D9B6BB}"
EndProject
Project("{FAE04EC0-301F-11D3-BF4B-00C04F79EFBC}") = "GameControllerImplementation", "GameControllerImplementation\GameControllerImplementation.csproj", "{4644B0AC-EE6C-4FA3-8728-71EF71F95710}"
EndProject
Project("{2150E333-8FDC-42A3-9474-1A3956D46DE8}") = "Project_Day_6", "Project_Day_6", "{C35D9E2B-E52C-43D5-A82E-6DFEA85636F4}"
EndProject
Project("{FAE04EC0-301F-11D3-BF4B-00C04F79EFBC}") = "Object", "Object\Object.csproj", "{BDE8ACF0-E90F-4BF7-9ADD-A5EAA4D938D2}"
EndProject
Project("{FAE04EC0-301F-11D3-BF4B-00C04F79EFBC}") = "Dynamic", "Dynamic\Dynamic.csproj", "{D313F8A7-462D-4EC7-9924-E1FDB00D858A}"
EndProject
Project("{FAE04EC0-301F-11D3-BF4B-00C04F79EFBC}") = "IsAs", "IsAs\IsAs.csproj", "{58D159AB-C022-4FDD-A897-DFF7FB422BD8}"
EndProject
Project("{FAE04EC0-301F-11D3-BF4B-00C04F79EFBC}") = "OverrideToString", "OverrideToString\OverrideToString.csproj", "{20CB0713-CF26-4AE5-BFA9-038806085A06}"
EndProject
Project("{FAE04EC0-301F-11D3-BF4B-00C04F79EFBC}") = "ObjectWeakness", "ObjectWeakness\ObjectWeakness.csproj", "{B69DF094-D7A6-41B5-B04D-F4F037F633DE}"
EndProject
Project("{FAE04EC0-301F-11D3-BF4B-00C04F79EFBC}") = "LocalVariable", "LocalVariable\LocalVariable.csproj", "{D81FE700-9723-4CE3-B03E-A336C4E0CCF7}"
EndProject
Project("{FAE04EC0-301F-11D3-BF4B-00C04F79EFBC}") = "ArrayObjectParams", "ArrayObjectParams\ArrayObjectParams.csproj", "{D3629337-0A84-4990-85B5-16A66D449836}"
EndProject
Project("{FAE04EC0-301F-11D3-BF4B-00C04F79EFBC}") = "Ref", "Ref\Ref.csproj", "{C77A688A-026C-4EAE-9E82-0D6A52AA75DA}"
EndProject
Project("{FAE04EC0-301F-11D3-BF4B-00C04F79EFBC}") = "Out", "Out\Out.csproj", "{104B02C8-8BCF-4CC5-9F25-B83BF263A674}"
EndProject
Project("{FAE04EC0-301F-11D3-BF4B-00C04F79EFBC}") = "StaticNonStatic", "StaticNonStatic\StaticNonStatic.csproj", "{04D8FB3A-FCD1-41B5-A773-A27345F36FA8}"
EndProject
Project("{FAE04EC0-301F-11D3-BF4B-00C04F79EFBC}") = "In", "In\In.csproj", "{DF2A4883-227A-4968-9164-F291CC0CEE50}"
EndProject
Project("{FAE04EC0-301F-11D3-BF4B-00C04F79EFBC}") = "InReference", "InReference\InReference.csproj", "{1B441906-FA26-487B-9B57-D8C62EB2F6DF}"
EndProject
Project("{FAE04EC0-301F-11D3-BF4B-00C04F79EFBC}") = "Const", "Const\Const.csproj", "{4F6B0895-8B95-4ABA-8EDA-7F11135EA076}"
EndProject
Project("{FAE04EC0-301F-11D3-BF4B-00C04F79EFBC}") = "Static", "Static\Static.csproj", "{D8E08387-3849-4BE9-A0B4-6628D948E2E7}"
EndProject
Project("{FAE04EC0-301F-11D3-BF4B-00C04F79EFBC}") = "StaticTrackCreate", "StaticTrackCreate\StaticTrackCreate.csproj", "{646E185B-13F0-449E-A76D-4E21E899451C}"
EndProject
Project("{FAE04EC0-301F-11D3-BF4B-00C04F79EFBC}") = "ExtensionMethod", "ExtensionMethod\ExtensionMethod.csproj", "{BEB5466B-01C5-47CB-86C4-AF20734FA9A3}"
EndProject
Project("{FAE04EC0-301F-11D3-BF4B-00C04F79EFBC}") = "ExtensionMethod2", "ExtensionMethod2\ExtensionMethod2.csproj", "{E7F56DE5-BE3F-454E-8B65-2321A453CEF4}"
EndProject
Project("{FAE04EC0-301F-11D3-BF4B-00C04F79EFBC}") = "Property", "Property\Property.csproj", "{F9AEC46E-8263-4BC4-A47E-56A70F64F647}"
EndProject
Project("{FAE04EC0-301F-11D3-BF4B-00C04F79EFBC}") = "PropertyAndInterface", "PropertyAndInterface\PropertyAndInterface.csproj", "{15C9931D-5822-4AC0-B011-46FD1D5F4AAE}"
EndProject
Project("{2150E333-8FDC-42A3-9474-1A3956D46DE8}") = "Project_Day_7", "Project_Day_7", "{77AE8633-DCDA-4906-B337-AF8D6D3DECEF}"
EndProject
Project("{FAE04EC0-301F-11D3-BF4B-00C04F79EFBC}") = "Generic", "Generic\Generic.csproj", "{99F7EF31-ACD7-4B26-9782-931D4E68267A}"
EndProject
Project("{FAE04EC0-301F-11D3-BF4B-00C04F79EFBC}") = "GenericBasic", "GenericBasic\GenericBasic.csproj", "{6C1631E7-16D6-4DB6-AB1A-6B671C5ADD67}"
EndProject
Project("{FAE04EC0-301F-11D3-BF4B-00C04F79EFBC}") = "OperatorOverloading", "OperatorOverloading\OperatorOverloading.csproj", "{D1ED4321-ADD3-416E-96C6-459A9DD36E1A}"
EndProject
Project("{FAE04EC0-301F-11D3-BF4B-00C04F79EFBC}") = "GenericConstraint", "GenericConstraint\GenericConstraint.csproj", "{4187822E-112A-4EAC-AF5D-4B06B2F40E18}"
EndProject
Project("{FAE04EC0-301F-11D3-BF4B-00C04F79EFBC}") = "Collection", "Collection\Collection.csproj", "{FFDC0C07-9B96-4C16-AF1E-D157EE3AE979}"
EndProject
Project("{FAE04EC0-301F-11D3-BF4B-00C04F79EFBC}") = "Dumper", "Dumper\Dumper.csproj", "{107D8373-7AF0-4BF0-9DC0-CB95C328BFAB}"
EndProject
Project("{FAE04EC0-301F-11D3-BF4B-00C04F79EFBC}") = "SingleDelegate", "SingleDelegate\SingleDelegate.csproj", "{6DC7D6D1-313C-402D-95A0-092B43F2AF99}"
EndProject
Project("{FAE04EC0-301F-11D3-BF4B-00C04F79EFBC}") = "MulticastDelegate", "MulticastDelegate\MulticastDelegate.csproj", "{0AA80E35-461B-42C8-999A-A91E966C388F}"
EndProject
Project("{FAE04EC0-301F-11D3-BF4B-00C04F79EFBC}") = "MulticastDelegate2", "MulticastDelegate2\MulticastDelegate2.csproj", "{E814775A-E3DF-4280-AA61-CD7B86E5080B}"
EndProject
Project("{FAE04EC0-301F-11D3-BF4B-00C04F79EFBC}") = "MulticastDelegate3", "MulticastDelegate3\MulticastDelegate3.csproj", "{E6C4E459-D8F3-43AB-BCF1-AC644FD992E8}"
EndProject
Project("{FAE04EC0-301F-11D3-BF4B-00C04F79EFBC}") = "DelegateWithReturnValue", "DelegateWithReturnValue\DelegateWithReturnValue.csproj", "{C0CADBB3-F032-46D4-A4D6-1B88A913A1AC}"
EndProject
Project("{FAE04EC0-301F-11D3-BF4B-00C04F79EFBC}") = "CatchDelegateWithReturnValue", "CatchDelegateWithReturnValue\CatchDelegateWithReturnValue.csproj", "{CD414F75-FB53-45D6-956D-EF96ACC784D2}"
EndProject
Project("{FAE04EC0-301F-11D3-BF4B-00C04F79EFBC}") = "SimplePubSub", "SimplePubSub\SimplePubSub.csproj", "{453B341B-CAC5-4978-9484-EBA0C06B288E}"
EndProject
Project("{FAE04EC0-301F-11D3-BF4B-00C04F79EFBC}") = "EventTutorial", "EventTutorial\EventTutorial.csproj", "{13A63437-33E4-4A91-ADA6-697796987843}"
EndProject
Project("{FAE04EC0-301F-11D3-BF4B-00C04F79EFBC}") = "Youtuber", "Youtuber\Youtuber.csproj", "{0B437D73-0533-4B53-AAB4-6D6930FF5A40}"
EndProject
Project("{FAE04EC0-301F-11D3-BF4B-00C04F79EFBC}") = "GameController", "GameController\GameController.csproj", "{506EB9ED-ADD0-424A-B753-A77F87705553}"
EndProject
Project("{2150E333-8FDC-42A3-9474-1A3956D46DE8}") = "Project_Day_8", "Project_Day_8", "{B891CD04-5461-4E7F-8B4D-B427FBC0C0F9}"
EndProject
Project("{FAE04EC0-301F-11D3-BF4B-00C04F79EFBC}") = "Tuple", "Tuple\Tuple.csproj", "{15A7F2E7-9BC4-417C-920B-8346D03BAF4E}"
EndProject
Project("{FAE04EC0-301F-11D3-BF4B-00C04F79EFBC}") = "ThrowException", "ThrowException\ThrowException.csproj", "{2AEB7FC8-4FEC-44EE-BBDC-AFA3C66BD562}"
EndProject
Project("{FAE04EC0-301F-11D3-BF4B-00C04F79EFBC}") = "EventHandlerGenericT", "EventHandlerGenericT\EventHandlerGenericT.csproj", "{F06C6F75-7FA5-42AA-BD27-5F03996E1204}"
EndProject
Project("{FAE04EC0-301F-11D3-BF4B-00C04F79EFBC}") = "Func", "Func\Func.csproj", "{62676B81-44EC-4749-858F-6D2704138F09}"
EndProject
Project("{FAE04EC0-301F-11D3-BF4B-00C04F79EFBC}") = "TryCatch", "TryCatch\TryCatch.csproj", "{41D631C4-3AB5-40C3-924E-E06D0EB8484B}"
EndProject
Global
	GlobalSection(SolutionConfigurationPlatforms) = preSolution
		Debug|Any CPU = Debug|Any CPU
		Release|Any CPU = Release|Any CPU
	EndGlobalSection
	GlobalSection(SolutionProperties) = preSolution
		HideSolutionNode = FALSE
	EndGlobalSection
	GlobalSection(ProjectConfigurationPlatforms) = postSolution
		{3FA1AECA-0ACA-4279-AA97-D04E66089955}.Debug|Any CPU.ActiveCfg = Debug|Any CPU
		{3FA1AECA-0ACA-4279-AA97-D04E66089955}.Debug|Any CPU.Build.0 = Debug|Any CPU
		{3FA1AECA-0ACA-4279-AA97-D04E66089955}.Release|Any CPU.ActiveCfg = Release|Any CPU
		{3FA1AECA-0ACA-4279-AA97-D04E66089955}.Release|Any CPU.Build.0 = Release|Any CPU
		{3256258E-757B-47E3-8189-F1745DECF26E}.Debug|Any CPU.ActiveCfg = Debug|Any CPU
		{3256258E-757B-47E3-8189-F1745DECF26E}.Debug|Any CPU.Build.0 = Debug|Any CPU
		{3256258E-757B-47E3-8189-F1745DECF26E}.Release|Any CPU.ActiveCfg = Release|Any CPU
		{3256258E-757B-47E3-8189-F1745DECF26E}.Release|Any CPU.Build.0 = Release|Any CPU
		{C7232D39-82F6-4A0C-814C-F0FF31CADD9F}.Debug|Any CPU.ActiveCfg = Debug|Any CPU
		{C7232D39-82F6-4A0C-814C-F0FF31CADD9F}.Debug|Any CPU.Build.0 = Debug|Any CPU
		{C7232D39-82F6-4A0C-814C-F0FF31CADD9F}.Release|Any CPU.ActiveCfg = Release|Any CPU
		{C7232D39-82F6-4A0C-814C-F0FF31CADD9F}.Release|Any CPU.Build.0 = Release|Any CPU
		{42FC2D34-0B7A-438D-A98A-12007271CBA6}.Debug|Any CPU.ActiveCfg = Debug|Any CPU
		{42FC2D34-0B7A-438D-A98A-12007271CBA6}.Debug|Any CPU.Build.0 = Debug|Any CPU
		{42FC2D34-0B7A-438D-A98A-12007271CBA6}.Release|Any CPU.ActiveCfg = Release|Any CPU
		{42FC2D34-0B7A-438D-A98A-12007271CBA6}.Release|Any CPU.Build.0 = Release|Any CPU
		{6C66701D-84A1-43C1-B5B0-2EB63FBA6E8B}.Debug|Any CPU.ActiveCfg = Debug|Any CPU
		{6C66701D-84A1-43C1-B5B0-2EB63FBA6E8B}.Debug|Any CPU.Build.0 = Debug|Any CPU
		{6C66701D-84A1-43C1-B5B0-2EB63FBA6E8B}.Release|Any CPU.ActiveCfg = Release|Any CPU
		{6C66701D-84A1-43C1-B5B0-2EB63FBA6E8B}.Release|Any CPU.Build.0 = Release|Any CPU
		{89EF72D1-78BA-42B1-89D9-D4753BBE91E6}.Debug|Any CPU.ActiveCfg = Debug|Any CPU
		{89EF72D1-78BA-42B1-89D9-D4753BBE91E6}.Debug|Any CPU.Build.0 = Debug|Any CPU
		{89EF72D1-78BA-42B1-89D9-D4753BBE91E6}.Release|Any CPU.ActiveCfg = Release|Any CPU
		{89EF72D1-78BA-42B1-89D9-D4753BBE91E6}.Release|Any CPU.Build.0 = Release|Any CPU
		{995D68C4-57B4-46B3-9533-945A94CC7E4F}.Debug|Any CPU.ActiveCfg = Debug|Any CPU
		{995D68C4-57B4-46B3-9533-945A94CC7E4F}.Debug|Any CPU.Build.0 = Debug|Any CPU
		{995D68C4-57B4-46B3-9533-945A94CC7E4F}.Release|Any CPU.ActiveCfg = Release|Any CPU
		{995D68C4-57B4-46B3-9533-945A94CC7E4F}.Release|Any CPU.Build.0 = Release|Any CPU
		{1A99CFD2-3A2E-4F40-942B-8249F3A94CB8}.Debug|Any CPU.ActiveCfg = Debug|Any CPU
		{1A99CFD2-3A2E-4F40-942B-8249F3A94CB8}.Debug|Any CPU.Build.0 = Debug|Any CPU
		{1A99CFD2-3A2E-4F40-942B-8249F3A94CB8}.Release|Any CPU.ActiveCfg = Release|Any CPU
		{1A99CFD2-3A2E-4F40-942B-8249F3A94CB8}.Release|Any CPU.Build.0 = Release|Any CPU
		{BB318461-1F3B-413E-8F51-67BEC630B3DD}.Debug|Any CPU.ActiveCfg = Debug|Any CPU
		{BB318461-1F3B-413E-8F51-67BEC630B3DD}.Debug|Any CPU.Build.0 = Debug|Any CPU
		{BB318461-1F3B-413E-8F51-67BEC630B3DD}.Release|Any CPU.ActiveCfg = Release|Any CPU
		{BB318461-1F3B-413E-8F51-67BEC630B3DD}.Release|Any CPU.Build.0 = Release|Any CPU
		{0E980F89-FA93-4BC0-BAD0-4A87E519D140}.Debug|Any CPU.ActiveCfg = Debug|Any CPU
		{0E980F89-FA93-4BC0-BAD0-4A87E519D140}.Debug|Any CPU.Build.0 = Debug|Any CPU
		{0E980F89-FA93-4BC0-BAD0-4A87E519D140}.Release|Any CPU.ActiveCfg = Release|Any CPU
		{0E980F89-FA93-4BC0-BAD0-4A87E519D140}.Release|Any CPU.Build.0 = Release|Any CPU
		{F84B3520-A6FC-4611-AFA0-10943D79671D}.Debug|Any CPU.ActiveCfg = Debug|Any CPU
		{F84B3520-A6FC-4611-AFA0-10943D79671D}.Debug|Any CPU.Build.0 = Debug|Any CPU
		{F84B3520-A6FC-4611-AFA0-10943D79671D}.Release|Any CPU.ActiveCfg = Release|Any CPU
		{F84B3520-A6FC-4611-AFA0-10943D79671D}.Release|Any CPU.Build.0 = Release|Any CPU
		{55C9B1C2-C719-4941-8219-DF932D805B5B}.Debug|Any CPU.ActiveCfg = Debug|Any CPU
		{55C9B1C2-C719-4941-8219-DF932D805B5B}.Debug|Any CPU.Build.0 = Debug|Any CPU
		{55C9B1C2-C719-4941-8219-DF932D805B5B}.Release|Any CPU.ActiveCfg = Release|Any CPU
		{55C9B1C2-C719-4941-8219-DF932D805B5B}.Release|Any CPU.Build.0 = Release|Any CPU
		{30614474-DAC9-4B95-9B7F-D5ECBAC81A41}.Debug|Any CPU.ActiveCfg = Debug|Any CPU
		{30614474-DAC9-4B95-9B7F-D5ECBAC81A41}.Debug|Any CPU.Build.0 = Debug|Any CPU
		{30614474-DAC9-4B95-9B7F-D5ECBAC81A41}.Release|Any CPU.ActiveCfg = Release|Any CPU
		{30614474-DAC9-4B95-9B7F-D5ECBAC81A41}.Release|Any CPU.Build.0 = Release|Any CPU
		{0E00C146-C5F1-4BDB-9E9A-3C8FBB615A1E}.Debug|Any CPU.ActiveCfg = Debug|Any CPU
		{0E00C146-C5F1-4BDB-9E9A-3C8FBB615A1E}.Debug|Any CPU.Build.0 = Debug|Any CPU
		{0E00C146-C5F1-4BDB-9E9A-3C8FBB615A1E}.Release|Any CPU.ActiveCfg = Release|Any CPU
		{0E00C146-C5F1-4BDB-9E9A-3C8FBB615A1E}.Release|Any CPU.Build.0 = Release|Any CPU
		{3164595A-658F-4EDD-A0B0-35FAF8AC0886}.Debug|Any CPU.ActiveCfg = Debug|Any CPU
		{3164595A-658F-4EDD-A0B0-35FAF8AC0886}.Debug|Any CPU.Build.0 = Debug|Any CPU
		{3164595A-658F-4EDD-A0B0-35FAF8AC0886}.Release|Any CPU.ActiveCfg = Release|Any CPU
		{3164595A-658F-4EDD-A0B0-35FAF8AC0886}.Release|Any CPU.Build.0 = Release|Any CPU
		{DB520FC0-73FF-4578-B3E2-CCC1BA0A51F2}.Debug|Any CPU.ActiveCfg = Debug|Any CPU
		{DB520FC0-73FF-4578-B3E2-CCC1BA0A51F2}.Debug|Any CPU.Build.0 = Debug|Any CPU
		{DB520FC0-73FF-4578-B3E2-CCC1BA0A51F2}.Release|Any CPU.ActiveCfg = Release|Any CPU
		{DB520FC0-73FF-4578-B3E2-CCC1BA0A51F2}.Release|Any CPU.Build.0 = Release|Any CPU
		{F409F6EF-9D9C-47C9-8CAF-8F772B3C69EC}.Debug|Any CPU.ActiveCfg = Debug|Any CPU
		{F409F6EF-9D9C-47C9-8CAF-8F772B3C69EC}.Debug|Any CPU.Build.0 = Debug|Any CPU
		{F409F6EF-9D9C-47C9-8CAF-8F772B3C69EC}.Release|Any CPU.ActiveCfg = Release|Any CPU
		{F409F6EF-9D9C-47C9-8CAF-8F772B3C69EC}.Release|Any CPU.Build.0 = Release|Any CPU
		{34FC0B61-5AA3-4458-8E5A-EBED325A2685}.Debug|Any CPU.ActiveCfg = Debug|Any CPU
		{34FC0B61-5AA3-4458-8E5A-EBED325A2685}.Debug|Any CPU.Build.0 = Debug|Any CPU
		{34FC0B61-5AA3-4458-8E5A-EBED325A2685}.Release|Any CPU.ActiveCfg = Release|Any CPU
		{34FC0B61-5AA3-4458-8E5A-EBED325A2685}.Release|Any CPU.Build.0 = Release|Any CPU
		{51179C91-CD0D-4CAA-AB84-F1C0FE60880F}.Debug|Any CPU.ActiveCfg = Debug|Any CPU
		{51179C91-CD0D-4CAA-AB84-F1C0FE60880F}.Debug|Any CPU.Build.0 = Debug|Any CPU
		{51179C91-CD0D-4CAA-AB84-F1C0FE60880F}.Release|Any CPU.ActiveCfg = Release|Any CPU
		{51179C91-CD0D-4CAA-AB84-F1C0FE60880F}.Release|Any CPU.Build.0 = Release|Any CPU
		{6CD193D5-0C6C-4BA0-8868-E1963C89D622}.Debug|Any CPU.ActiveCfg = Debug|Any CPU
		{6CD193D5-0C6C-4BA0-8868-E1963C89D622}.Debug|Any CPU.Build.0 = Debug|Any CPU
		{6CD193D5-0C6C-4BA0-8868-E1963C89D622}.Release|Any CPU.ActiveCfg = Release|Any CPU
		{6CD193D5-0C6C-4BA0-8868-E1963C89D622}.Release|Any CPU.Build.0 = Release|Any CPU
		{45FAE0F1-0900-41E1-ABFE-AEFFFF3F625D}.Debug|Any CPU.ActiveCfg = Debug|Any CPU
		{45FAE0F1-0900-41E1-ABFE-AEFFFF3F625D}.Debug|Any CPU.Build.0 = Debug|Any CPU
		{45FAE0F1-0900-41E1-ABFE-AEFFFF3F625D}.Release|Any CPU.ActiveCfg = Release|Any CPU
		{45FAE0F1-0900-41E1-ABFE-AEFFFF3F625D}.Release|Any CPU.Build.0 = Release|Any CPU
		{4C136C9B-75CF-4F94-AB28-D2EBE0B2C6FD}.Debug|Any CPU.ActiveCfg = Debug|Any CPU
		{4C136C9B-75CF-4F94-AB28-D2EBE0B2C6FD}.Debug|Any CPU.Build.0 = Debug|Any CPU
		{4C136C9B-75CF-4F94-AB28-D2EBE0B2C6FD}.Release|Any CPU.ActiveCfg = Release|Any CPU
		{4C136C9B-75CF-4F94-AB28-D2EBE0B2C6FD}.Release|Any CPU.Build.0 = Release|Any CPU
		{FE2315A0-F27E-4B3E-917B-E3BC240FC258}.Debug|Any CPU.ActiveCfg = Debug|Any CPU
		{FE2315A0-F27E-4B3E-917B-E3BC240FC258}.Debug|Any CPU.Build.0 = Debug|Any CPU
		{FE2315A0-F27E-4B3E-917B-E3BC240FC258}.Release|Any CPU.ActiveCfg = Release|Any CPU
		{FE2315A0-F27E-4B3E-917B-E3BC240FC258}.Release|Any CPU.Build.0 = Release|Any CPU
		{8A1D97B0-A5E4-4BD3-8875-47F6D94D6034}.Debug|Any CPU.ActiveCfg = Debug|Any CPU
		{8A1D97B0-A5E4-4BD3-8875-47F6D94D6034}.Debug|Any CPU.Build.0 = Debug|Any CPU
		{8A1D97B0-A5E4-4BD3-8875-47F6D94D6034}.Release|Any CPU.ActiveCfg = Release|Any CPU
		{8A1D97B0-A5E4-4BD3-8875-47F6D94D6034}.Release|Any CPU.Build.0 = Release|Any CPU
		{145D8B3C-99F6-4214-A29F-A2794B3EF947}.Debug|Any CPU.ActiveCfg = Debug|Any CPU
		{145D8B3C-99F6-4214-A29F-A2794B3EF947}.Debug|Any CPU.Build.0 = Debug|Any CPU
		{145D8B3C-99F6-4214-A29F-A2794B3EF947}.Release|Any CPU.ActiveCfg = Release|Any CPU
		{145D8B3C-99F6-4214-A29F-A2794B3EF947}.Release|Any CPU.Build.0 = Release|Any CPU
		{C5CA4B16-81FB-42E1-A7EC-C03621CF94A1}.Debug|Any CPU.ActiveCfg = Debug|Any CPU
		{C5CA4B16-81FB-42E1-A7EC-C03621CF94A1}.Debug|Any CPU.Build.0 = Debug|Any CPU
		{C5CA4B16-81FB-42E1-A7EC-C03621CF94A1}.Release|Any CPU.ActiveCfg = Release|Any CPU
		{C5CA4B16-81FB-42E1-A7EC-C03621CF94A1}.Release|Any CPU.Build.0 = Release|Any CPU
		{F196B77C-D57E-4890-89A2-0582D987B1C4}.Debug|Any CPU.ActiveCfg = Debug|Any CPU
		{F196B77C-D57E-4890-89A2-0582D987B1C4}.Debug|Any CPU.Build.0 = Debug|Any CPU
		{F196B77C-D57E-4890-89A2-0582D987B1C4}.Release|Any CPU.ActiveCfg = Release|Any CPU
		{F196B77C-D57E-4890-89A2-0582D987B1C4}.Release|Any CPU.Build.0 = Release|Any CPU
		{0FAB74DE-AE94-4875-B9FE-0C74B1D36791}.Debug|Any CPU.ActiveCfg = Debug|Any CPU
		{0FAB74DE-AE94-4875-B9FE-0C74B1D36791}.Debug|Any CPU.Build.0 = Debug|Any CPU
		{0FAB74DE-AE94-4875-B9FE-0C74B1D36791}.Release|Any CPU.ActiveCfg = Release|Any CPU
		{0FAB74DE-AE94-4875-B9FE-0C74B1D36791}.Release|Any CPU.Build.0 = Release|Any CPU
		{95F5030F-F046-4FBD-B181-6BE84C642B91}.Debug|Any CPU.ActiveCfg = Debug|Any CPU
		{95F5030F-F046-4FBD-B181-6BE84C642B91}.Debug|Any CPU.Build.0 = Debug|Any CPU
		{95F5030F-F046-4FBD-B181-6BE84C642B91}.Release|Any CPU.ActiveCfg = Release|Any CPU
		{95F5030F-F046-4FBD-B181-6BE84C642B91}.Release|Any CPU.Build.0 = Release|Any CPU
		{4200E266-63D9-43BA-9C29-4B5211C6EEF5}.Debug|Any CPU.ActiveCfg = Debug|Any CPU
		{4200E266-63D9-43BA-9C29-4B5211C6EEF5}.Debug|Any CPU.Build.0 = Debug|Any CPU
		{4200E266-63D9-43BA-9C29-4B5211C6EEF5}.Release|Any CPU.ActiveCfg = Release|Any CPU
		{4200E266-63D9-43BA-9C29-4B5211C6EEF5}.Release|Any CPU.Build.0 = Release|Any CPU
		{257F1E44-3B4D-4991-9DE0-E157872B4E9B}.Debug|Any CPU.ActiveCfg = Debug|Any CPU
		{257F1E44-3B4D-4991-9DE0-E157872B4E9B}.Debug|Any CPU.Build.0 = Debug|Any CPU
		{257F1E44-3B4D-4991-9DE0-E157872B4E9B}.Release|Any CPU.ActiveCfg = Release|Any CPU
		{257F1E44-3B4D-4991-9DE0-E157872B4E9B}.Release|Any CPU.Build.0 = Release|Any CPU
		{1025C118-096F-4021-9F58-3FD4E0195E44}.Debug|Any CPU.ActiveCfg = Debug|Any CPU
		{1025C118-096F-4021-9F58-3FD4E0195E44}.Debug|Any CPU.Build.0 = Debug|Any CPU
		{1025C118-096F-4021-9F58-3FD4E0195E44}.Release|Any CPU.ActiveCfg = Release|Any CPU
		{1025C118-096F-4021-9F58-3FD4E0195E44}.Release|Any CPU.Build.0 = Release|Any CPU
		{C86EC6A2-B082-4A16-8C5B-12DCA77AC419}.Debug|Any CPU.ActiveCfg = Debug|Any CPU
		{C86EC6A2-B082-4A16-8C5B-12DCA77AC419}.Debug|Any CPU.Build.0 = Debug|Any CPU
		{C86EC6A2-B082-4A16-8C5B-12DCA77AC419}.Release|Any CPU.ActiveCfg = Release|Any CPU
		{C86EC6A2-B082-4A16-8C5B-12DCA77AC419}.Release|Any CPU.Build.0 = Release|Any CPU
		{8A34827C-7711-47C4-85B5-E5F242ECCAE0}.Debug|Any CPU.ActiveCfg = Debug|Any CPU
		{8A34827C-7711-47C4-85B5-E5F242ECCAE0}.Debug|Any CPU.Build.0 = Debug|Any CPU
		{8A34827C-7711-47C4-85B5-E5F242ECCAE0}.Release|Any CPU.ActiveCfg = Release|Any CPU
		{8A34827C-7711-47C4-85B5-E5F242ECCAE0}.Release|Any CPU.Build.0 = Release|Any CPU
		{34DB53D2-20FF-4257-B5D3-32941D190E43}.Debug|Any CPU.ActiveCfg = Debug|Any CPU
		{34DB53D2-20FF-4257-B5D3-32941D190E43}.Debug|Any CPU.Build.0 = Debug|Any CPU
		{34DB53D2-20FF-4257-B5D3-32941D190E43}.Release|Any CPU.ActiveCfg = Release|Any CPU
		{34DB53D2-20FF-4257-B5D3-32941D190E43}.Release|Any CPU.Build.0 = Release|Any CPU
		{2A974B9A-F68C-4A6D-8300-C210D1D9B6BB}.Debug|Any CPU.ActiveCfg = Debug|Any CPU
		{2A974B9A-F68C-4A6D-8300-C210D1D9B6BB}.Debug|Any CPU.Build.0 = Debug|Any CPU
		{2A974B9A-F68C-4A6D-8300-C210D1D9B6BB}.Release|Any CPU.ActiveCfg = Release|Any CPU
		{2A974B9A-F68C-4A6D-8300-C210D1D9B6BB}.Release|Any CPU.Build.0 = Release|Any CPU
		{4644B0AC-EE6C-4FA3-8728-71EF71F95710}.Debug|Any CPU.ActiveCfg = Debug|Any CPU
		{4644B0AC-EE6C-4FA3-8728-71EF71F95710}.Debug|Any CPU.Build.0 = Debug|Any CPU
		{4644B0AC-EE6C-4FA3-8728-71EF71F95710}.Release|Any CPU.ActiveCfg = Release|Any CPU
		{4644B0AC-EE6C-4FA3-8728-71EF71F95710}.Release|Any CPU.Build.0 = Release|Any CPU
		{BDE8ACF0-E90F-4BF7-9ADD-A5EAA4D938D2}.Debug|Any CPU.ActiveCfg = Debug|Any CPU
		{BDE8ACF0-E90F-4BF7-9ADD-A5EAA4D938D2}.Debug|Any CPU.Build.0 = Debug|Any CPU
		{BDE8ACF0-E90F-4BF7-9ADD-A5EAA4D938D2}.Release|Any CPU.ActiveCfg = Release|Any CPU
		{BDE8ACF0-E90F-4BF7-9ADD-A5EAA4D938D2}.Release|Any CPU.Build.0 = Release|Any CPU
		{D313F8A7-462D-4EC7-9924-E1FDB00D858A}.Debug|Any CPU.ActiveCfg = Debug|Any CPU
		{D313F8A7-462D-4EC7-9924-E1FDB00D858A}.Debug|Any CPU.Build.0 = Debug|Any CPU
		{D313F8A7-462D-4EC7-9924-E1FDB00D858A}.Release|Any CPU.ActiveCfg = Release|Any CPU
		{D313F8A7-462D-4EC7-9924-E1FDB00D858A}.Release|Any CPU.Build.0 = Release|Any CPU
		{58D159AB-C022-4FDD-A897-DFF7FB422BD8}.Debug|Any CPU.ActiveCfg = Debug|Any CPU
		{58D159AB-C022-4FDD-A897-DFF7FB422BD8}.Debug|Any CPU.Build.0 = Debug|Any CPU
		{58D159AB-C022-4FDD-A897-DFF7FB422BD8}.Release|Any CPU.ActiveCfg = Release|Any CPU
		{58D159AB-C022-4FDD-A897-DFF7FB422BD8}.Release|Any CPU.Build.0 = Release|Any CPU
		{20CB0713-CF26-4AE5-BFA9-038806085A06}.Debug|Any CPU.ActiveCfg = Debug|Any CPU
		{20CB0713-CF26-4AE5-BFA9-038806085A06}.Debug|Any CPU.Build.0 = Debug|Any CPU
		{20CB0713-CF26-4AE5-BFA9-038806085A06}.Release|Any CPU.ActiveCfg = Release|Any CPU
		{20CB0713-CF26-4AE5-BFA9-038806085A06}.Release|Any CPU.Build.0 = Release|Any CPU
		{B69DF094-D7A6-41B5-B04D-F4F037F633DE}.Debug|Any CPU.ActiveCfg = Debug|Any CPU
		{B69DF094-D7A6-41B5-B04D-F4F037F633DE}.Debug|Any CPU.Build.0 = Debug|Any CPU
		{B69DF094-D7A6-41B5-B04D-F4F037F633DE}.Release|Any CPU.ActiveCfg = Release|Any CPU
		{B69DF094-D7A6-41B5-B04D-F4F037F633DE}.Release|Any CPU.Build.0 = Release|Any CPU
		{D81FE700-9723-4CE3-B03E-A336C4E0CCF7}.Debug|Any CPU.ActiveCfg = Debug|Any CPU
		{D81FE700-9723-4CE3-B03E-A336C4E0CCF7}.Debug|Any CPU.Build.0 = Debug|Any CPU
		{D81FE700-9723-4CE3-B03E-A336C4E0CCF7}.Release|Any CPU.ActiveCfg = Release|Any CPU
		{D81FE700-9723-4CE3-B03E-A336C4E0CCF7}.Release|Any CPU.Build.0 = Release|Any CPU
		{D3629337-0A84-4990-85B5-16A66D449836}.Debug|Any CPU.ActiveCfg = Debug|Any CPU
		{D3629337-0A84-4990-85B5-16A66D449836}.Debug|Any CPU.Build.0 = Debug|Any CPU
		{D3629337-0A84-4990-85B5-16A66D449836}.Release|Any CPU.ActiveCfg = Release|Any CPU
		{D3629337-0A84-4990-85B5-16A66D449836}.Release|Any CPU.Build.0 = Release|Any CPU
		{C77A688A-026C-4EAE-9E82-0D6A52AA75DA}.Debug|Any CPU.ActiveCfg = Debug|Any CPU
		{C77A688A-026C-4EAE-9E82-0D6A52AA75DA}.Debug|Any CPU.Build.0 = Debug|Any CPU
		{C77A688A-026C-4EAE-9E82-0D6A52AA75DA}.Release|Any CPU.ActiveCfg = Release|Any CPU
		{C77A688A-026C-4EAE-9E82-0D6A52AA75DA}.Release|Any CPU.Build.0 = Release|Any CPU
		{104B02C8-8BCF-4CC5-9F25-B83BF263A674}.Debug|Any CPU.ActiveCfg = Debug|Any CPU
		{104B02C8-8BCF-4CC5-9F25-B83BF263A674}.Debug|Any CPU.Build.0 = Debug|Any CPU
		{104B02C8-8BCF-4CC5-9F25-B83BF263A674}.Release|Any CPU.ActiveCfg = Release|Any CPU
		{104B02C8-8BCF-4CC5-9F25-B83BF263A674}.Release|Any CPU.Build.0 = Release|Any CPU
		{04D8FB3A-FCD1-41B5-A773-A27345F36FA8}.Debug|Any CPU.ActiveCfg = Debug|Any CPU
		{04D8FB3A-FCD1-41B5-A773-A27345F36FA8}.Debug|Any CPU.Build.0 = Debug|Any CPU
		{04D8FB3A-FCD1-41B5-A773-A27345F36FA8}.Release|Any CPU.ActiveCfg = Release|Any CPU
		{04D8FB3A-FCD1-41B5-A773-A27345F36FA8}.Release|Any CPU.Build.0 = Release|Any CPU
		{DF2A4883-227A-4968-9164-F291CC0CEE50}.Debug|Any CPU.ActiveCfg = Debug|Any CPU
		{DF2A4883-227A-4968-9164-F291CC0CEE50}.Debug|Any CPU.Build.0 = Debug|Any CPU
		{DF2A4883-227A-4968-9164-F291CC0CEE50}.Release|Any CPU.ActiveCfg = Release|Any CPU
		{DF2A4883-227A-4968-9164-F291CC0CEE50}.Release|Any CPU.Build.0 = Release|Any CPU
		{1B441906-FA26-487B-9B57-D8C62EB2F6DF}.Debug|Any CPU.ActiveCfg = Debug|Any CPU
		{1B441906-FA26-487B-9B57-D8C62EB2F6DF}.Debug|Any CPU.Build.0 = Debug|Any CPU
		{1B441906-FA26-487B-9B57-D8C62EB2F6DF}.Release|Any CPU.ActiveCfg = Release|Any CPU
		{1B441906-FA26-487B-9B57-D8C62EB2F6DF}.Release|Any CPU.Build.0 = Release|Any CPU
		{4F6B0895-8B95-4ABA-8EDA-7F11135EA076}.Debug|Any CPU.ActiveCfg = Debug|Any CPU
		{4F6B0895-8B95-4ABA-8EDA-7F11135EA076}.Debug|Any CPU.Build.0 = Debug|Any CPU
		{4F6B0895-8B95-4ABA-8EDA-7F11135EA076}.Release|Any CPU.ActiveCfg = Release|Any CPU
		{4F6B0895-8B95-4ABA-8EDA-7F11135EA076}.Release|Any CPU.Build.0 = Release|Any CPU
		{D8E08387-3849-4BE9-A0B4-6628D948E2E7}.Debug|Any CPU.ActiveCfg = Debug|Any CPU
		{D8E08387-3849-4BE9-A0B4-6628D948E2E7}.Debug|Any CPU.Build.0 = Debug|Any CPU
		{D8E08387-3849-4BE9-A0B4-6628D948E2E7}.Release|Any CPU.ActiveCfg = Release|Any CPU
		{D8E08387-3849-4BE9-A0B4-6628D948E2E7}.Release|Any CPU.Build.0 = Release|Any CPU
		{646E185B-13F0-449E-A76D-4E21E899451C}.Debug|Any CPU.ActiveCfg = Debug|Any CPU
		{646E185B-13F0-449E-A76D-4E21E899451C}.Debug|Any CPU.Build.0 = Debug|Any CPU
		{646E185B-13F0-449E-A76D-4E21E899451C}.Release|Any CPU.ActiveCfg = Release|Any CPU
		{646E185B-13F0-449E-A76D-4E21E899451C}.Release|Any CPU.Build.0 = Release|Any CPU
		{BEB5466B-01C5-47CB-86C4-AF20734FA9A3}.Debug|Any CPU.ActiveCfg = Debug|Any CPU
		{BEB5466B-01C5-47CB-86C4-AF20734FA9A3}.Debug|Any CPU.Build.0 = Debug|Any CPU
		{BEB5466B-01C5-47CB-86C4-AF20734FA9A3}.Release|Any CPU.ActiveCfg = Release|Any CPU
		{BEB5466B-01C5-47CB-86C4-AF20734FA9A3}.Release|Any CPU.Build.0 = Release|Any CPU
		{E7F56DE5-BE3F-454E-8B65-2321A453CEF4}.Debug|Any CPU.ActiveCfg = Debug|Any CPU
		{E7F56DE5-BE3F-454E-8B65-2321A453CEF4}.Debug|Any CPU.Build.0 = Debug|Any CPU
		{E7F56DE5-BE3F-454E-8B65-2321A453CEF4}.Release|Any CPU.ActiveCfg = Release|Any CPU
		{E7F56DE5-BE3F-454E-8B65-2321A453CEF4}.Release|Any CPU.Build.0 = Release|Any CPU
		{F9AEC46E-8263-4BC4-A47E-56A70F64F647}.Debug|Any CPU.ActiveCfg = Debug|Any CPU
		{F9AEC46E-8263-4BC4-A47E-56A70F64F647}.Debug|Any CPU.Build.0 = Debug|Any CPU
		{F9AEC46E-8263-4BC4-A47E-56A70F64F647}.Release|Any CPU.ActiveCfg = Release|Any CPU
		{F9AEC46E-8263-4BC4-A47E-56A70F64F647}.Release|Any CPU.Build.0 = Release|Any CPU
		{15C9931D-5822-4AC0-B011-46FD1D5F4AAE}.Debug|Any CPU.ActiveCfg = Debug|Any CPU
		{15C9931D-5822-4AC0-B011-46FD1D5F4AAE}.Debug|Any CPU.Build.0 = Debug|Any CPU
		{15C9931D-5822-4AC0-B011-46FD1D5F4AAE}.Release|Any CPU.ActiveCfg = Release|Any CPU
		{15C9931D-5822-4AC0-B011-46FD1D5F4AAE}.Release|Any CPU.Build.0 = Release|Any CPU
		{99F7EF31-ACD7-4B26-9782-931D4E68267A}.Debug|Any CPU.ActiveCfg = Debug|Any CPU
		{99F7EF31-ACD7-4B26-9782-931D4E68267A}.Debug|Any CPU.Build.0 = Debug|Any CPU
		{99F7EF31-ACD7-4B26-9782-931D4E68267A}.Release|Any CPU.ActiveCfg = Release|Any CPU
		{99F7EF31-ACD7-4B26-9782-931D4E68267A}.Release|Any CPU.Build.0 = Release|Any CPU
		{6C1631E7-16D6-4DB6-AB1A-6B671C5ADD67}.Debug|Any CPU.ActiveCfg = Debug|Any CPU
		{6C1631E7-16D6-4DB6-AB1A-6B671C5ADD67}.Debug|Any CPU.Build.0 = Debug|Any CPU
		{6C1631E7-16D6-4DB6-AB1A-6B671C5ADD67}.Release|Any CPU.ActiveCfg = Release|Any CPU
		{6C1631E7-16D6-4DB6-AB1A-6B671C5ADD67}.Release|Any CPU.Build.0 = Release|Any CPU
		{D1ED4321-ADD3-416E-96C6-459A9DD36E1A}.Debug|Any CPU.ActiveCfg = Debug|Any CPU
		{D1ED4321-ADD3-416E-96C6-459A9DD36E1A}.Debug|Any CPU.Build.0 = Debug|Any CPU
		{D1ED4321-ADD3-416E-96C6-459A9DD36E1A}.Release|Any CPU.ActiveCfg = Release|Any CPU
		{D1ED4321-ADD3-416E-96C6-459A9DD36E1A}.Release|Any CPU.Build.0 = Release|Any CPU
		{4187822E-112A-4EAC-AF5D-4B06B2F40E18}.Debug|Any CPU.ActiveCfg = Debug|Any CPU
		{4187822E-112A-4EAC-AF5D-4B06B2F40E18}.Debug|Any CPU.Build.0 = Debug|Any CPU
		{4187822E-112A-4EAC-AF5D-4B06B2F40E18}.Release|Any CPU.ActiveCfg = Release|Any CPU
		{4187822E-112A-4EAC-AF5D-4B06B2F40E18}.Release|Any CPU.Build.0 = Release|Any CPU
		{FFDC0C07-9B96-4C16-AF1E-D157EE3AE979}.Debug|Any CPU.ActiveCfg = Debug|Any CPU
		{FFDC0C07-9B96-4C16-AF1E-D157EE3AE979}.Debug|Any CPU.Build.0 = Debug|Any CPU
		{FFDC0C07-9B96-4C16-AF1E-D157EE3AE979}.Release|Any CPU.ActiveCfg = Release|Any CPU
		{FFDC0C07-9B96-4C16-AF1E-D157EE3AE979}.Release|Any CPU.Build.0 = Release|Any CPU
		{107D8373-7AF0-4BF0-9DC0-CB95C328BFAB}.Debug|Any CPU.ActiveCfg = Debug|Any CPU
		{107D8373-7AF0-4BF0-9DC0-CB95C328BFAB}.Debug|Any CPU.Build.0 = Debug|Any CPU
		{107D8373-7AF0-4BF0-9DC0-CB95C328BFAB}.Release|Any CPU.ActiveCfg = Release|Any CPU
		{107D8373-7AF0-4BF0-9DC0-CB95C328BFAB}.Release|Any CPU.Build.0 = Release|Any CPU
		{6DC7D6D1-313C-402D-95A0-092B43F2AF99}.Debug|Any CPU.ActiveCfg = Debug|Any CPU
		{6DC7D6D1-313C-402D-95A0-092B43F2AF99}.Debug|Any CPU.Build.0 = Debug|Any CPU
		{6DC7D6D1-313C-402D-95A0-092B43F2AF99}.Release|Any CPU.ActiveCfg = Release|Any CPU
		{6DC7D6D1-313C-402D-95A0-092B43F2AF99}.Release|Any CPU.Build.0 = Release|Any CPU
		{0AA80E35-461B-42C8-999A-A91E966C388F}.Debug|Any CPU.ActiveCfg = Debug|Any CPU
		{0AA80E35-461B-42C8-999A-A91E966C388F}.Debug|Any CPU.Build.0 = Debug|Any CPU
		{0AA80E35-461B-42C8-999A-A91E966C388F}.Release|Any CPU.ActiveCfg = Release|Any CPU
		{0AA80E35-461B-42C8-999A-A91E966C388F}.Release|Any CPU.Build.0 = Release|Any CPU
		{E814775A-E3DF-4280-AA61-CD7B86E5080B}.Debug|Any CPU.ActiveCfg = Debug|Any CPU
		{E814775A-E3DF-4280-AA61-CD7B86E5080B}.Debug|Any CPU.Build.0 = Debug|Any CPU
		{E814775A-E3DF-4280-AA61-CD7B86E5080B}.Release|Any CPU.ActiveCfg = Release|Any CPU
		{E814775A-E3DF-4280-AA61-CD7B86E5080B}.Release|Any CPU.Build.0 = Release|Any CPU
		{E6C4E459-D8F3-43AB-BCF1-AC644FD992E8}.Debug|Any CPU.ActiveCfg = Debug|Any CPU
		{E6C4E459-D8F3-43AB-BCF1-AC644FD992E8}.Debug|Any CPU.Build.0 = Debug|Any CPU
		{E6C4E459-D8F3-43AB-BCF1-AC644FD992E8}.Release|Any CPU.ActiveCfg = Release|Any CPU
		{E6C4E459-D8F3-43AB-BCF1-AC644FD992E8}.Release|Any CPU.Build.0 = Release|Any CPU
		{C0CADBB3-F032-46D4-A4D6-1B88A913A1AC}.Debug|Any CPU.ActiveCfg = Debug|Any CPU
		{C0CADBB3-F032-46D4-A4D6-1B88A913A1AC}.Debug|Any CPU.Build.0 = Debug|Any CPU
		{C0CADBB3-F032-46D4-A4D6-1B88A913A1AC}.Release|Any CPU.ActiveCfg = Release|Any CPU
		{C0CADBB3-F032-46D4-A4D6-1B88A913A1AC}.Release|Any CPU.Build.0 = Release|Any CPU
		{CD414F75-FB53-45D6-956D-EF96ACC784D2}.Debug|Any CPU.ActiveCfg = Debug|Any CPU
		{CD414F75-FB53-45D6-956D-EF96ACC784D2}.Debug|Any CPU.Build.0 = Debug|Any CPU
		{CD414F75-FB53-45D6-956D-EF96ACC784D2}.Release|Any CPU.ActiveCfg = Release|Any CPU
		{CD414F75-FB53-45D6-956D-EF96ACC784D2}.Release|Any CPU.Build.0 = Release|Any CPU
		{453B341B-CAC5-4978-9484-EBA0C06B288E}.Debug|Any CPU.ActiveCfg = Debug|Any CPU
		{453B341B-CAC5-4978-9484-EBA0C06B288E}.Debug|Any CPU.Build.0 = Debug|Any CPU
		{453B341B-CAC5-4978-9484-EBA0C06B288E}.Release|Any CPU.ActiveCfg = Release|Any CPU
		{453B341B-CAC5-4978-9484-EBA0C06B288E}.Release|Any CPU.Build.0 = Release|Any CPU
		{13A63437-33E4-4A91-ADA6-697796987843}.Debug|Any CPU.ActiveCfg = Debug|Any CPU
		{13A63437-33E4-4A91-ADA6-697796987843}.Debug|Any CPU.Build.0 = Debug|Any CPU
		{13A63437-33E4-4A91-ADA6-697796987843}.Release|Any CPU.ActiveCfg = Release|Any CPU
		{13A63437-33E4-4A91-ADA6-697796987843}.Release|Any CPU.Build.0 = Release|Any CPU
		{0B437D73-0533-4B53-AAB4-6D6930FF5A40}.Debug|Any CPU.ActiveCfg = Debug|Any CPU
		{0B437D73-0533-4B53-AAB4-6D6930FF5A40}.Debug|Any CPU.Build.0 = Debug|Any CPU
		{0B437D73-0533-4B53-AAB4-6D6930FF5A40}.Release|Any CPU.ActiveCfg = Release|Any CPU
		{0B437D73-0533-4B53-AAB4-6D6930FF5A40}.Release|Any CPU.Build.0 = Release|Any CPU
		{506EB9ED-ADD0-424A-B753-A77F87705553}.Debug|Any CPU.ActiveCfg = Debug|Any CPU
		{506EB9ED-ADD0-424A-B753-A77F87705553}.Debug|Any CPU.Build.0 = Debug|Any CPU
		{506EB9ED-ADD0-424A-B753-A77F87705553}.Release|Any CPU.ActiveCfg = Release|Any CPU
		{506EB9ED-ADD0-424A-B753-A77F87705553}.Release|Any CPU.Build.0 = Release|Any CPU
		{15A7F2E7-9BC4-417C-920B-8346D03BAF4E}.Debug|Any CPU.ActiveCfg = Debug|Any CPU
		{15A7F2E7-9BC4-417C-920B-8346D03BAF4E}.Debug|Any CPU.Build.0 = Debug|Any CPU
		{15A7F2E7-9BC4-417C-920B-8346D03BAF4E}.Release|Any CPU.ActiveCfg = Release|Any CPU
		{15A7F2E7-9BC4-417C-920B-8346D03BAF4E}.Release|Any CPU.Build.0 = Release|Any CPU
		{2AEB7FC8-4FEC-44EE-BBDC-AFA3C66BD562}.Debug|Any CPU.ActiveCfg = Debug|Any CPU
		{2AEB7FC8-4FEC-44EE-BBDC-AFA3C66BD562}.Debug|Any CPU.Build.0 = Debug|Any CPU
		{2AEB7FC8-4FEC-44EE-BBDC-AFA3C66BD562}.Release|Any CPU.ActiveCfg = Release|Any CPU
		{2AEB7FC8-4FEC-44EE-BBDC-AFA3C66BD562}.Release|Any CPU.Build.0 = Release|Any CPU
		{F06C6F75-7FA5-42AA-BD27-5F03996E1204}.Debug|Any CPU.ActiveCfg = Debug|Any CPU
		{F06C6F75-7FA5-42AA-BD27-5F03996E1204}.Debug|Any CPU.Build.0 = Debug|Any CPU
		{F06C6F75-7FA5-42AA-BD27-5F03996E1204}.Release|Any CPU.ActiveCfg = Release|Any CPU
		{F06C6F75-7FA5-42AA-BD27-5F03996E1204}.Release|Any CPU.Build.0 = Release|Any CPU
		{62676B81-44EC-4749-858F-6D2704138F09}.Debug|Any CPU.ActiveCfg = Debug|Any CPU
		{62676B81-44EC-4749-858F-6D2704138F09}.Debug|Any CPU.Build.0 = Debug|Any CPU
		{62676B81-44EC-4749-858F-6D2704138F09}.Release|Any CPU.ActiveCfg = Release|Any CPU
		{62676B81-44EC-4749-858F-6D2704138F09}.Release|Any CPU.Build.0 = Release|Any CPU
		{41D631C4-3AB5-40C3-924E-E06D0EB8484B}.Debug|Any CPU.ActiveCfg = Debug|Any CPU
		{41D631C4-3AB5-40C3-924E-E06D0EB8484B}.Debug|Any CPU.Build.0 = Debug|Any CPU
		{41D631C4-3AB5-40C3-924E-E06D0EB8484B}.Release|Any CPU.ActiveCfg = Release|Any CPU
		{41D631C4-3AB5-40C3-924E-E06D0EB8484B}.Release|Any CPU.Build.0 = Release|Any CPU
	EndGlobalSection
	GlobalSection(NestedProjects) = preSolution
		{41D631C4-3AB5-40C3-924E-E06D0EB8484B} = {B891CD04-5461-4E7F-8B4D-B427FBC0C0F9}
		{62676B81-44EC-4749-858F-6D2704138F09} = {B891CD04-5461-4E7F-8B4D-B427FBC0C0F9}
		{F06C6F75-7FA5-42AA-BD27-5F03996E1204} = {B891CD04-5461-4E7F-8B4D-B427FBC0C0F9}
		{0B437D73-0533-4B53-AAB4-6D6930FF5A40} = {B891CD04-5461-4E7F-8B4D-B427FBC0C0F9}
		{2AEB7FC8-4FEC-44EE-BBDC-AFA3C66BD562} = {B891CD04-5461-4E7F-8B4D-B427FBC0C0F9}
		{15A7F2E7-9BC4-417C-920B-8346D03BAF4E} = {B891CD04-5461-4E7F-8B4D-B427FBC0C0F9}
		{506EB9ED-ADD0-424A-B753-A77F87705553} = {B891CD04-5461-4E7F-8B4D-B427FBC0C0F9}
		{453B341B-CAC5-4978-9484-EBA0C06B288E} = {77AE8633-DCDA-4906-B337-AF8D6D3DECEF}
		{E6C4E459-D8F3-43AB-BCF1-AC644FD992E8} = {77AE8633-DCDA-4906-B337-AF8D6D3DECEF}
		{E814775A-E3DF-4280-AA61-CD7B86E5080B} = {77AE8633-DCDA-4906-B337-AF8D6D3DECEF}
		{0AA80E35-461B-42C8-999A-A91E966C388F} = {77AE8633-DCDA-4906-B337-AF8D6D3DECEF}
		{13A63437-33E4-4A91-ADA6-697796987843} = {B891CD04-5461-4E7F-8B4D-B427FBC0C0F9}
		{C0CADBB3-F032-46D4-A4D6-1B88A913A1AC} = {77AE8633-DCDA-4906-B337-AF8D6D3DECEF}
		{CD414F75-FB53-45D6-956D-EF96ACC784D2} = {77AE8633-DCDA-4906-B337-AF8D6D3DECEF}
		{6DC7D6D1-313C-402D-95A0-092B43F2AF99} = {77AE8633-DCDA-4906-B337-AF8D6D3DECEF}
		{D1ED4321-ADD3-416E-96C6-459A9DD36E1A} = {77AE8633-DCDA-4906-B337-AF8D6D3DECEF}
		{107D8373-7AF0-4BF0-9DC0-CB95C328BFAB} = {77AE8633-DCDA-4906-B337-AF8D6D3DECEF}
		{4187822E-112A-4EAC-AF5D-4B06B2F40E18} = {77AE8633-DCDA-4906-B337-AF8D6D3DECEF}
		{99F7EF31-ACD7-4B26-9782-931D4E68267A} = {77AE8633-DCDA-4906-B337-AF8D6D3DECEF}
		{6C1631E7-16D6-4DB6-AB1A-6B671C5ADD67} = {77AE8633-DCDA-4906-B337-AF8D6D3DECEF}
		{FFDC0C07-9B96-4C16-AF1E-D157EE3AE979} = {77AE8633-DCDA-4906-B337-AF8D6D3DECEF}
		{15C9931D-5822-4AC0-B011-46FD1D5F4AAE} = {C35D9E2B-E52C-43D5-A82E-6DFEA85636F4}
		{F9AEC46E-8263-4BC4-A47E-56A70F64F647} = {C35D9E2B-E52C-43D5-A82E-6DFEA85636F4}
		{E7F56DE5-BE3F-454E-8B65-2321A453CEF4} = {C35D9E2B-E52C-43D5-A82E-6DFEA85636F4}
		{BEB5466B-01C5-47CB-86C4-AF20734FA9A3} = {C35D9E2B-E52C-43D5-A82E-6DFEA85636F4}
		{646E185B-13F0-449E-A76D-4E21E899451C} = {C35D9E2B-E52C-43D5-A82E-6DFEA85636F4}
		{D8E08387-3849-4BE9-A0B4-6628D948E2E7} = {C35D9E2B-E52C-43D5-A82E-6DFEA85636F4}
		{4F6B0895-8B95-4ABA-8EDA-7F11135EA076} = {C35D9E2B-E52C-43D5-A82E-6DFEA85636F4}
		{1B441906-FA26-487B-9B57-D8C62EB2F6DF} = {C35D9E2B-E52C-43D5-A82E-6DFEA85636F4}
		{DF2A4883-227A-4968-9164-F291CC0CEE50} = {C35D9E2B-E52C-43D5-A82E-6DFEA85636F4}
		{04D8FB3A-FCD1-41B5-A773-A27345F36FA8} = {C35D9E2B-E52C-43D5-A82E-6DFEA85636F4}
		{104B02C8-8BCF-4CC5-9F25-B83BF263A674} = {C35D9E2B-E52C-43D5-A82E-6DFEA85636F4}
		{C77A688A-026C-4EAE-9E82-0D6A52AA75DA} = {C35D9E2B-E52C-43D5-A82E-6DFEA85636F4}
		{D3629337-0A84-4990-85B5-16A66D449836} = {C35D9E2B-E52C-43D5-A82E-6DFEA85636F4}
		{D81FE700-9723-4CE3-B03E-A336C4E0CCF7} = {C35D9E2B-E52C-43D5-A82E-6DFEA85636F4}
		{B69DF094-D7A6-41B5-B04D-F4F037F633DE} = {C35D9E2B-E52C-43D5-A82E-6DFEA85636F4}
		{20CB0713-CF26-4AE5-BFA9-038806085A06} = {C35D9E2B-E52C-43D5-A82E-6DFEA85636F4}
		{58D159AB-C022-4FDD-A897-DFF7FB422BD8} = {C35D9E2B-E52C-43D5-A82E-6DFEA85636F4}
		{BDE8ACF0-E90F-4BF7-9ADD-A5EAA4D938D2} = {C35D9E2B-E52C-43D5-A82E-6DFEA85636F4}
		{D313F8A7-462D-4EC7-9924-E1FDB00D858A} = {C35D9E2B-E52C-43D5-A82E-6DFEA85636F4}
		{4644B0AC-EE6C-4FA3-8728-71EF71F95710} = {7973273A-5B7F-4706-977E-0431FAE2FFB0}
		{2A974B9A-F68C-4A6D-8300-C210D1D9B6BB} = {7973273A-5B7F-4706-977E-0431FAE2FFB0}
		{34DB53D2-20FF-4257-B5D3-32941D190E43} = {7973273A-5B7F-4706-977E-0431FAE2FFB0}
		{8A34827C-7711-47C4-85B5-E5F242ECCAE0} = {218B6E5E-086D-4FD1-A91F-D8F4B3FBB4D2}
		{C86EC6A2-B082-4A16-8C5B-12DCA77AC419} = {218B6E5E-086D-4FD1-A91F-D8F4B3FBB4D2}
		{1025C118-096F-4021-9F58-3FD4E0195E44} = {218B6E5E-086D-4FD1-A91F-D8F4B3FBB4D2}
		{257F1E44-3B4D-4991-9DE0-E157872B4E9B} = {218B6E5E-086D-4FD1-A91F-D8F4B3FBB4D2}
		{4200E266-63D9-43BA-9C29-4B5211C6EEF5} = {218B6E5E-086D-4FD1-A91F-D8F4B3FBB4D2}
		{95F5030F-F046-4FBD-B181-6BE84C642B91} = {7973273A-5B7F-4706-977E-0431FAE2FFB0}
		{0FAB74DE-AE94-4875-B9FE-0C74B1D36791} = {7973273A-5B7F-4706-977E-0431FAE2FFB0}
		{F196B77C-D57E-4890-89A2-0582D987B1C4} = {7973273A-5B7F-4706-977E-0431FAE2FFB0}
		{C5CA4B16-81FB-42E1-A7EC-C03621CF94A1} = {7973273A-5B7F-4706-977E-0431FAE2FFB0}
		{145D8B3C-99F6-4214-A29F-A2794B3EF947} = {218B6E5E-086D-4FD1-A91F-D8F4B3FBB4D2}
		{FE2315A0-F27E-4B3E-917B-E3BC240FC258} = {04E6152D-1B34-4016-B8F3-47E3D165CAE8}
		{8A1D97B0-A5E4-4BD3-8875-47F6D94D6034} = {04E6152D-1B34-4016-B8F3-47E3D165CAE8}
		{4C136C9B-75CF-4F94-AB28-D2EBE0B2C6FD} = {04E6152D-1B34-4016-B8F3-47E3D165CAE8}
		{45FAE0F1-0900-41E1-ABFE-AEFFFF3F625D} = {04E6152D-1B34-4016-B8F3-47E3D165CAE8}
		{6CD193D5-0C6C-4BA0-8868-E1963C89D622} = {04E6152D-1B34-4016-B8F3-47E3D165CAE8}
		{51179C91-CD0D-4CAA-AB84-F1C0FE60880F} = {04E6152D-1B34-4016-B8F3-47E3D165CAE8}
		{34FC0B61-5AA3-4458-8E5A-EBED325A2685} = {04E6152D-1B34-4016-B8F3-47E3D165CAE8}
		{F409F6EF-9D9C-47C9-8CAF-8F772B3C69EC} = {7326464C-85D7-4FDE-B49A-C1FCFA52E0F3}
		{3164595A-658F-4EDD-A0B0-35FAF8AC0886} = {7326464C-85D7-4FDE-B49A-C1FCFA52E0F3}
		{0E00C146-C5F1-4BDB-9E9A-3C8FBB615A1E} = {7326464C-85D7-4FDE-B49A-C1FCFA52E0F3}
		{DB520FC0-73FF-4578-B3E2-CCC1BA0A51F2} = {7326464C-85D7-4FDE-B49A-C1FCFA52E0F3}
		{30614474-DAC9-4B95-9B7F-D5ECBAC81A41} = {7326464C-85D7-4FDE-B49A-C1FCFA52E0F3}
		{55C9B1C2-C719-4941-8219-DF932D805B5B} = {7326464C-85D7-4FDE-B49A-C1FCFA52E0F3}
		{F84B3520-A6FC-4611-AFA0-10943D79671D} = {7326464C-85D7-4FDE-B49A-C1FCFA52E0F3}
		{0E980F89-FA93-4BC0-BAD0-4A87E519D140} = {7326464C-85D7-4FDE-B49A-C1FCFA52E0F3}
		{BB318461-1F3B-413E-8F51-67BEC630B3DD} = {7326464C-85D7-4FDE-B49A-C1FCFA52E0F3}
		{1A99CFD2-3A2E-4F40-942B-8249F3A94CB8} = {218B6E5E-086D-4FD1-A91F-D8F4B3FBB4D2}
		{995D68C4-57B4-46B3-9533-945A94CC7E4F} = {218B6E5E-086D-4FD1-A91F-D8F4B3FBB4D2}
		{89EF72D1-78BA-42B1-89D9-D4753BBE91E6} = {BFC4D1AD-C85C-4C90-9376-4AFE90F71F04}
		{42FC2D34-0B7A-438D-A98A-12007271CBA6} = {91DED0E7-13A6-4B6A-B0DB-8B501D13E2C2}
		{3256258E-757B-47E3-8189-F1745DECF26E} = {BFC4D1AD-C85C-4C90-9376-4AFE90F71F04}
		{3FA1AECA-0ACA-4279-AA97-D04E66089955} = {BFC4D1AD-C85C-4C90-9376-4AFE90F71F04}
		{C7232D39-82F6-4A0C-814C-F0FF31CADD9F} = {BFC4D1AD-C85C-4C90-9376-4AFE90F71F04}
	EndGlobalSection
EndGlobal
