
Microsoft Visual Studio Solution File, Format Version 12.00
# Visual Studio Version 17
VisualStudioVersion = 17.0.31903.59
MinimumVisualStudioVersion = 10.0.40219.1
Project("{FAE04EC0-301F-11D3-BF4B-00C04F79EFBC}") = "CatProgram", "CatProgram\CatProgram.csproj", "{3FA1AECA-0ACA-4279-AA97-D04E66089955}"
EndProject
Project("{FAE04EC0-301F-11D3-BF4B-00C04F79EFBC}") = "CatProgramParameter", "CatProgramParameter\CatProgramParameter.csproj", "{3256258E-757B-47E3-8189-F1745DECF26E}"
EndProject
Project("{FAE04EC0-301F-11D3-BF4B-00C04F79EFBC}") = "Calculator", "Calculator\Calculator.csproj", "{C7232D39-82F6-4A0C-814C-F0FF31CADD9F}"
EndProject
Project("{2150E333-8FDC-42A3-9474-1A3956D46DE8}") = "Project_Day_2", "Project_Day_2", "{BFC4D1AD-C85C-4C90-9376-4AFE90F71F04}"
EndProject
Project("{FAE04EC0-301F-11D3-BF4B-00C04F79EFBC}") = "HelloCat", "HelloCat\HelloCat.csproj", "{42FC2D34-0B7A-438D-A98A-12007271CBA6}"
EndProject
Project("{2150E333-8FDC-42A3-9474-1A3956D46DE8}") = "Project_Day_1", "Project_Day_1", "{91DED0E7-13A6-4B6A-B0DB-8B501D13E2C2}"
EndProject
Project("{FAE04EC0-301F-11D3-BF4B-00C04F79EFBC}") = "CarProject", "CarProject\CarProject.csproj", "{89EF72D1-78BA-42B1-89D9-D4753BBE91E6}"
EndProject
Project("{2150E333-8FDC-42A3-9474-1A3956D46DE8}") = "Project_Day_3", "Project_Day_3", "{7326464C-85D7-4FDE-B49A-C1FCFA52E0F3}"
EndProject
Project("{2150E333-8FDC-42A3-9474-1A3956D46DE8}") = "Self_Learn", "Self_Learn", "{218B6E5E-086D-4FD1-A91F-D8F4B3FBB4D2}"
EndProject
Project("{FAE04EC0-301F-11D3-BF4B-00C04F79EFBC}") = "TestClass", "TestClass\TestClass.csproj", "{995D68C4-57B4-46B3-9533-945A94CC7E4F}"
EndProject
Project("{FAE04EC0-301F-11D3-BF4B-00C04F79EFBC}") = "TestClassAsync", "TestClassAsync\TestClassAsync.csproj", "{1A99CFD2-3A2E-4F40-942B-8249F3A94CB8}"
EndProject
Project("{FAE04EC0-301F-11D3-BF4B-00C04F79EFBC}") = "Inheritance", "Inheritance\Inheritance.csproj", "{BB318461-1F3B-413E-8F51-67BEC630B3DD}"
EndProject
Project("{FAE04EC0-301F-11D3-BF4B-00C04F79EFBC}") = "Inheritance_B", "Inheritance_B\Inheritance_B.csproj", "{0E980F89-FA93-4BC0-BAD0-4A87E519D140}"
EndProject
Project("{FAE04EC0-301F-11D3-BF4B-00C04F79EFBC}") = "Inheritance_C", "Inheritance_C\Inheritance_C.csproj", "{F84B3520-A6FC-4611-AFA0-10943D79671D}"
EndProject
Project("{FAE04EC0-301F-11D3-BF4B-00C04F79EFBC}") = "Inheritance_D", "Inheritance_D\Inheritance_D.csproj", "{55C9B1C2-C719-4941-8219-DF932D805B5B}"
EndProject
Project("{FAE04EC0-301F-11D3-BF4B-00C04F79EFBC}") = "Encapsulation", "Encapsulation\Encapsulation.csproj", "{30614474-DAC9-4B95-9B7F-D5ECBAC81A41}"
EndProject
Project("{FAE04EC0-301F-11D3-BF4B-00C04F79EFBC}") = "Polymorphism_Overloading", "Polymorphism_Overloading\Polymorphism_Overloading.csproj", "{0E00C146-C5F1-4BDB-9E9A-3C8FBB615A1E}"
EndProject
Project("{FAE04EC0-301F-11D3-BF4B-00C04F79EFBC}") = "Polymorphism_Overriding", "Polymorphism_Overriding\Polymorphism_Overriding.csproj", "{3164595A-658F-4EDD-A0B0-35FAF8AC0886}"
EndProject
Project("{FAE04EC0-301F-11D3-BF4B-00C04F79EFBC}") = "Polymorphism_MethodHiding", "Polymorphism_MethodHiding\Polymorphism_MethodHiding.csproj", "{DB520FC0-73FF-4578-B3E2-CCC1BA0A51F2}"
EndProject
Global
	GlobalSection(SolutionConfigurationPlatforms) = preSolution
		Debug|Any CPU = Debug|Any CPU
		Release|Any CPU = Release|Any CPU
	EndGlobalSection
	GlobalSection(SolutionProperties) = preSolution
		HideSolutionNode = FALSE
	EndGlobalSection
	GlobalSection(ProjectConfigurationPlatforms) = postSolution
		{3FA1AECA-0ACA-4279-AA97-D04E66089955}.Debug|Any CPU.ActiveCfg = Debug|Any CPU
		{3FA1AECA-0ACA-4279-AA97-D04E66089955}.Debug|Any CPU.Build.0 = Debug|Any CPU
		{3FA1AECA-0ACA-4279-AA97-D04E66089955}.Release|Any CPU.ActiveCfg = Release|Any CPU
		{3FA1AECA-0ACA-4279-AA97-D04E66089955}.Release|Any CPU.Build.0 = Release|Any CPU
		{3256258E-757B-47E3-8189-F1745DECF26E}.Debug|Any CPU.ActiveCfg = Debug|Any CPU
		{3256258E-757B-47E3-8189-F1745DECF26E}.Debug|Any CPU.Build.0 = Debug|Any CPU
		{3256258E-757B-47E3-8189-F1745DECF26E}.Release|Any CPU.ActiveCfg = Release|Any CPU
		{3256258E-757B-47E3-8189-F1745DECF26E}.Release|Any CPU.Build.0 = Release|Any CPU
		{C7232D39-82F6-4A0C-814C-F0FF31CADD9F}.Debug|Any CPU.ActiveCfg = Debug|Any CPU
		{C7232D39-82F6-4A0C-814C-F0FF31CADD9F}.Debug|Any CPU.Build.0 = Debug|Any CPU
		{C7232D39-82F6-4A0C-814C-F0FF31CADD9F}.Release|Any CPU.ActiveCfg = Release|Any CPU
		{C7232D39-82F6-4A0C-814C-F0FF31CADD9F}.Release|Any CPU.Build.0 = Release|Any CPU
		{42FC2D34-0B7A-438D-A98A-12007271CBA6}.Debug|Any CPU.ActiveCfg = Debug|Any CPU
		{42FC2D34-0B7A-438D-A98A-12007271CBA6}.Debug|Any CPU.Build.0 = Debug|Any CPU
		{42FC2D34-0B7A-438D-A98A-12007271CBA6}.Release|Any CPU.ActiveCfg = Release|Any CPU
		{42FC2D34-0B7A-438D-A98A-12007271CBA6}.Release|Any CPU.Build.0 = Release|Any CPU
		{6C66701D-84A1-43C1-B5B0-2EB63FBA6E8B}.Debug|Any CPU.ActiveCfg = Debug|Any CPU
		{6C66701D-84A1-43C1-B5B0-2EB63FBA6E8B}.Debug|Any CPU.Build.0 = Debug|Any CPU
		{6C66701D-84A1-43C1-B5B0-2EB63FBA6E8B}.Release|Any CPU.ActiveCfg = Release|Any CPU
		{6C66701D-84A1-43C1-B5B0-2EB63FBA6E8B}.Release|Any CPU.Build.0 = Release|Any CPU
		{89EF72D1-78BA-42B1-89D9-D4753BBE91E6}.Debug|Any CPU.ActiveCfg = Debug|Any CPU
		{89EF72D1-78BA-42B1-89D9-D4753BBE91E6}.Debug|Any CPU.Build.0 = Debug|Any CPU
		{89EF72D1-78BA-42B1-89D9-D4753BBE91E6}.Release|Any CPU.ActiveCfg = Release|Any CPU
		{89EF72D1-78BA-42B1-89D9-D4753BBE91E6}.Release|Any CPU.Build.0 = Release|Any CPU
		{995D68C4-57B4-46B3-9533-945A94CC7E4F}.Debug|Any CPU.ActiveCfg = Debug|Any CPU
		{995D68C4-57B4-46B3-9533-945A94CC7E4F}.Debug|Any CPU.Build.0 = Debug|Any CPU
		{995D68C4-57B4-46B3-9533-945A94CC7E4F}.Release|Any CPU.ActiveCfg = Release|Any CPU
		{995D68C4-57B4-46B3-9533-945A94CC7E4F}.Release|Any CPU.Build.0 = Release|Any CPU
		{1A99CFD2-3A2E-4F40-942B-8249F3A94CB8}.Debug|Any CPU.ActiveCfg = Debug|Any CPU
		{1A99CFD2-3A2E-4F40-942B-8249F3A94CB8}.Debug|Any CPU.Build.0 = Debug|Any CPU
		{1A99CFD2-3A2E-4F40-942B-8249F3A94CB8}.Release|Any CPU.ActiveCfg = Release|Any CPU
		{1A99CFD2-3A2E-4F40-942B-8249F3A94CB8}.Release|Any CPU.Build.0 = Release|Any CPU
		{BB318461-1F3B-413E-8F51-67BEC630B3DD}.Debug|Any CPU.ActiveCfg = Debug|Any CPU
		{BB318461-1F3B-413E-8F51-67BEC630B3DD}.Debug|Any CPU.Build.0 = Debug|Any CPU
		{BB318461-1F3B-413E-8F51-67BEC630B3DD}.Release|Any CPU.ActiveCfg = Release|Any CPU
		{BB318461-1F3B-413E-8F51-67BEC630B3DD}.Release|Any CPU.Build.0 = Release|Any CPU
		{0E980F89-FA93-4BC0-BAD0-4A87E519D140}.Debug|Any CPU.ActiveCfg = Debug|Any CPU
		{0E980F89-FA93-4BC0-BAD0-4A87E519D140}.Debug|Any CPU.Build.0 = Debug|Any CPU
		{0E980F89-FA93-4BC0-BAD0-4A87E519D140}.Release|Any CPU.ActiveCfg = Release|Any CPU
		{0E980F89-FA93-4BC0-BAD0-4A87E519D140}.Release|Any CPU.Build.0 = Release|Any CPU
		{F84B3520-A6FC-4611-AFA0-10943D79671D}.Debug|Any CPU.ActiveCfg = Debug|Any CPU
		{F84B3520-A6FC-4611-AFA0-10943D79671D}.Debug|Any CPU.Build.0 = Debug|Any CPU
		{F84B3520-A6FC-4611-AFA0-10943D79671D}.Release|Any CPU.ActiveCfg = Release|Any CPU
		{F84B3520-A6FC-4611-AFA0-10943D79671D}.Release|Any CPU.Build.0 = Release|Any CPU
		{55C9B1C2-C719-4941-8219-DF932D805B5B}.Debug|Any CPU.ActiveCfg = Debug|Any CPU
		{55C9B1C2-C719-4941-8219-DF932D805B5B}.Debug|Any CPU.Build.0 = Debug|Any CPU
		{55C9B1C2-C719-4941-8219-DF932D805B5B}.Release|Any CPU.ActiveCfg = Release|Any CPU
		{55C9B1C2-C719-4941-8219-DF932D805B5B}.Release|Any CPU.Build.0 = Release|Any CPU
		{30614474-DAC9-4B95-9B7F-D5ECBAC81A41}.Debug|Any CPU.ActiveCfg = Debug|Any CPU
		{30614474-DAC9-4B95-9B7F-D5ECBAC81A41}.Debug|Any CPU.Build.0 = Debug|Any CPU
		{30614474-DAC9-4B95-9B7F-D5ECBAC81A41}.Release|Any CPU.ActiveCfg = Release|Any CPU
		{30614474-DAC9-4B95-9B7F-D5ECBAC81A41}.Release|Any CPU.Build.0 = Release|Any CPU
		{0E00C146-C5F1-4BDB-9E9A-3C8FBB615A1E}.Debug|Any CPU.ActiveCfg = Debug|Any CPU
		{0E00C146-C5F1-4BDB-9E9A-3C8FBB615A1E}.Debug|Any CPU.Build.0 = Debug|Any CPU
		{0E00C146-C5F1-4BDB-9E9A-3C8FBB615A1E}.Release|Any CPU.ActiveCfg = Release|Any CPU
		{0E00C146-C5F1-4BDB-9E9A-3C8FBB615A1E}.Release|Any CPU.Build.0 = Release|Any CPU
		{3164595A-658F-4EDD-A0B0-35FAF8AC0886}.Debug|Any CPU.ActiveCfg = Debug|Any CPU
		{3164595A-658F-4EDD-A0B0-35FAF8AC0886}.Debug|Any CPU.Build.0 = Debug|Any CPU
		{3164595A-658F-4EDD-A0B0-35FAF8AC0886}.Release|Any CPU.ActiveCfg = Release|Any CPU
		{3164595A-658F-4EDD-A0B0-35FAF8AC0886}.Release|Any CPU.Build.0 = Release|Any CPU
		{DB520FC0-73FF-4578-B3E2-CCC1BA0A51F2}.Debug|Any CPU.ActiveCfg = Debug|Any CPU
		{DB520FC0-73FF-4578-B3E2-CCC1BA0A51F2}.Debug|Any CPU.Build.0 = Debug|Any CPU
		{DB520FC0-73FF-4578-B3E2-CCC1BA0A51F2}.Release|Any CPU.ActiveCfg = Release|Any CPU
		{DB520FC0-73FF-4578-B3E2-CCC1BA0A51F2}.Release|Any CPU.Build.0 = Release|Any CPU
	EndGlobalSection
	GlobalSection(NestedProjects) = preSolution
		{3164595A-658F-4EDD-A0B0-35FAF8AC0886} = {7326464C-85D7-4FDE-B49A-C1FCFA52E0F3}
		{0E00C146-C5F1-4BDB-9E9A-3C8FBB615A1E} = {7326464C-85D7-4FDE-B49A-C1FCFA52E0F3}
		{DB520FC0-73FF-4578-B3E2-CCC1BA0A51F2} = {7326464C-85D7-4FDE-B49A-C1FCFA52E0F3}
		{30614474-DAC9-4B95-9B7F-D5ECBAC81A41} = {7326464C-85D7-4FDE-B49A-C1FCFA52E0F3}
		{55C9B1C2-C719-4941-8219-DF932D805B5B} = {7326464C-85D7-4FDE-B49A-C1FCFA52E0F3}
		{F84B3520-A6FC-4611-AFA0-10943D79671D} = {7326464C-85D7-4FDE-B49A-C1FCFA52E0F3}
		{0E980F89-FA93-4BC0-BAD0-4A87E519D140} = {7326464C-85D7-4FDE-B49A-C1FCFA52E0F3}
		{BB318461-1F3B-413E-8F51-67BEC630B3DD} = {7326464C-85D7-4FDE-B49A-C1FCFA52E0F3}
		{1A99CFD2-3A2E-4F40-942B-8249F3A94CB8} = {218B6E5E-086D-4FD1-A91F-D8F4B3FBB4D2}
		{995D68C4-57B4-46B3-9533-945A94CC7E4F} = {218B6E5E-086D-4FD1-A91F-D8F4B3FBB4D2}
		{89EF72D1-78BA-42B1-89D9-D4753BBE91E6} = {BFC4D1AD-C85C-4C90-9376-4AFE90F71F04}
		{42FC2D34-0B7A-438D-A98A-12007271CBA6} = {91DED0E7-13A6-4B6A-B0DB-8B501D13E2C2}
		{3256258E-757B-47E3-8189-F1745DECF26E} = {BFC4D1AD-C85C-4C90-9376-4AFE90F71F04}
		{3FA1AECA-0ACA-4279-AA97-D04E66089955} = {BFC4D1AD-C85C-4C90-9376-4AFE90F71F04}
		{C7232D39-82F6-4A0C-814C-F0FF31CADD9F} = {BFC4D1AD-C85C-4C90-9376-4AFE90F71F04}
	EndGlobalSection
EndGlobal
